// !$*UTF8*$!
{
	archiveVersion = 1;
	classes = {
	};
	objectVersion = 50;
	objects = {

/* Begin PBXBuildFile section */
		B11B8058239EE29F00F24DA5 /* AppDelegate.swift in Sources */ = {isa = PBXBuildFile; fileRef = B11B8057239EE29F00F24DA5 /* AppDelegate.swift */; };
		B11B805A239EE29F00F24DA5 /* SceneDelegate.swift in Sources */ = {isa = PBXBuildFile; fileRef = B11B8059239EE29F00F24DA5 /* SceneDelegate.swift */; };
		B11B805C239EE29F00F24DA5 /* ContentView.swift in Sources */ = {isa = PBXBuildFile; fileRef = B11B805B239EE29F00F24DA5 /* ContentView.swift */; };
		B11B805E239EE2A200F24DA5 /* Assets.xcassets in Resources */ = {isa = PBXBuildFile; fileRef = B11B805D239EE2A200F24DA5 /* Assets.xcassets */; };
		B11B8061239EE2A200F24DA5 /* Preview Assets.xcassets in Resources */ = {isa = PBXBuildFile; fileRef = B11B8060239EE2A200F24DA5 /* Preview Assets.xcassets */; };
		B11B8064239EE2A200F24DA5 /* LaunchScreen.storyboard in Resources */ = {isa = PBXBuildFile; fileRef = B11B8062239EE2A200F24DA5 /* LaunchScreen.storyboard */; };
		B11B806F239EE2A200F24DA5 /* GazeTesterTests.swift in Sources */ = {isa = PBXBuildFile; fileRef = B11B806E239EE2A200F24DA5 /* GazeTesterTests.swift */; };
		B11B807A239EE2A200F24DA5 /* GazeTesterUITests.swift in Sources */ = {isa = PBXBuildFile; fileRef = B11B8079239EE2A200F24DA5 /* GazeTesterUITests.swift */; };
		B11B8089239EE4DA00F24DA5 /* libdlib.a in Frameworks */ = {isa = PBXBuildFile; fileRef = B11B8088239EE4DA00F24DA5 /* libdlib.a */; };
		B11B808B239EE4F300F24DA5 /* dlib in Resources */ = {isa = PBXBuildFile; fileRef = B11B808A239EE4F300F24DA5 /* dlib */; };
		B11B808E239EE5DA00F24DA5 /* DlibWrapper.mm in Sources */ = {isa = PBXBuildFile; fileRef = B11B808D239EE5DA00F24DA5 /* DlibWrapper.mm */; };
/* End PBXBuildFile section */

/* Begin PBXContainerItemProxy section */
		B11B806B239EE2A200F24DA5 /* PBXContainerItemProxy */ = {
			isa = PBXContainerItemProxy;
			containerPortal = B11B804C239EE29F00F24DA5 /* Project object */;
			proxyType = 1;
			remoteGlobalIDString = B11B8053239EE29F00F24DA5;
			remoteInfo = GazeTester;
		};
		B11B8076239EE2A200F24DA5 /* PBXContainerItemProxy */ = {
			isa = PBXContainerItemProxy;
			containerPortal = B11B804C239EE29F00F24DA5 /* Project object */;
			proxyType = 1;
			remoteGlobalIDString = B11B8053239EE29F00F24DA5;
			remoteInfo = GazeTester;
		};
/* End PBXContainerItemProxy section */

/* Begin PBXFileReference section */
		B11B8054239EE29F00F24DA5 /* GazeTester.app */ = {isa = PBXFileReference; explicitFileType = wrapper.application; includeInIndex = 0; path = GazeTester.app; sourceTree = BUILT_PRODUCTS_DIR; };
		B11B8057239EE29F00F24DA5 /* AppDelegate.swift */ = {isa = PBXFileReference; lastKnownFileType = sourcecode.swift; path = AppDelegate.swift; sourceTree = "<group>"; };
		B11B8059239EE29F00F24DA5 /* SceneDelegate.swift */ = {isa = PBXFileReference; lastKnownFileType = sourcecode.swift; path = SceneDelegate.swift; sourceTree = "<group>"; };
		B11B805B239EE29F00F24DA5 /* ContentView.swift */ = {isa = PBXFileReference; lastKnownFileType = sourcecode.swift; path = ContentView.swift; sourceTree = "<group>"; };
		B11B805D239EE2A200F24DA5 /* Assets.xcassets */ = {isa = PBXFileReference; lastKnownFileType = folder.assetcatalog; path = Assets.xcassets; sourceTree = "<group>"; };
		B11B8060239EE2A200F24DA5 /* Preview Assets.xcassets */ = {isa = PBXFileReference; lastKnownFileType = folder.assetcatalog; path = "Preview Assets.xcassets"; sourceTree = "<group>"; };
		B11B8063239EE2A200F24DA5 /* Base */ = {isa = PBXFileReference; lastKnownFileType = file.storyboard; name = Base; path = Base.lproj/LaunchScreen.storyboard; sourceTree = "<group>"; };
		B11B8065239EE2A200F24DA5 /* Info.plist */ = {isa = PBXFileReference; lastKnownFileType = text.plist.xml; path = Info.plist; sourceTree = "<group>"; };
		B11B806A239EE2A200F24DA5 /* GazeTesterTests.xctest */ = {isa = PBXFileReference; explicitFileType = wrapper.cfbundle; includeInIndex = 0; path = GazeTesterTests.xctest; sourceTree = BUILT_PRODUCTS_DIR; };
		B11B806E239EE2A200F24DA5 /* GazeTesterTests.swift */ = {isa = PBXFileReference; lastKnownFileType = sourcecode.swift; path = GazeTesterTests.swift; sourceTree = "<group>"; };
		B11B8070239EE2A200F24DA5 /* Info.plist */ = {isa = PBXFileReference; lastKnownFileType = text.plist.xml; path = Info.plist; sourceTree = "<group>"; };
		B11B8075239EE2A200F24DA5 /* GazeTesterUITests.xctest */ = {isa = PBXFileReference; explicitFileType = wrapper.cfbundle; includeInIndex = 0; path = GazeTesterUITests.xctest; sourceTree = BUILT_PRODUCTS_DIR; };
		B11B8079239EE2A200F24DA5 /* GazeTesterUITests.swift */ = {isa = PBXFileReference; lastKnownFileType = sourcecode.swift; path = GazeTesterUITests.swift; sourceTree = "<group>"; };
		B11B807B239EE2A300F24DA5 /* Info.plist */ = {isa = PBXFileReference; lastKnownFileType = text.plist.xml; path = Info.plist; sourceTree = "<group>"; };
		B11B8088239EE4DA00F24DA5 /* libdlib.a */ = {isa = PBXFileReference; lastKnownFileType = archive.ar; path = libdlib.a; sourceTree = "<group>"; };
		B11B808A239EE4F300F24DA5 /* dlib */ = {isa = PBXFileReference; lastKnownFileType = folder; path = dlib; sourceTree = "<group>"; };
		B11B808C239EE5D900F24DA5 /* GazeTester-Bridging-Header.h */ = {isa = PBXFileReference; lastKnownFileType = sourcecode.c.h; path = "GazeTester-Bridging-Header.h"; sourceTree = "<group>"; };
		B11B808D239EE5DA00F24DA5 /* DlibWrapper.mm */ = {isa = PBXFileReference; lastKnownFileType = sourcecode.cpp.objcpp; path = DlibWrapper.mm; sourceTree = "<group>"; };
		B11B808F239EE78600F24DA5 /* DlibWrapper.h */ = {isa = PBXFileReference; lastKnownFileType = sourcecode.c.h; path = DlibWrapper.h; sourceTree = "<group>"; };
/* End PBXFileReference section */

/* Begin PBXFrameworksBuildPhase section */
		B11B8051239EE29F00F24DA5 /* Frameworks */ = {
			isa = PBXFrameworksBuildPhase;
			buildActionMask = 2147483647;
			files = (
				B11B8089239EE4DA00F24DA5 /* libdlib.a in Frameworks */,
			);
			runOnlyForDeploymentPostprocessing = 0;
		};
		B11B8067239EE2A200F24DA5 /* Frameworks */ = {
			isa = PBXFrameworksBuildPhase;
			buildActionMask = 2147483647;
			files = (
			);
			runOnlyForDeploymentPostprocessing = 0;
		};
		B11B8072239EE2A200F24DA5 /* Frameworks */ = {
			isa = PBXFrameworksBuildPhase;
			buildActionMask = 2147483647;
			files = (
			);
			runOnlyForDeploymentPostprocessing = 0;
		};
/* End PBXFrameworksBuildPhase section */

/* Begin PBXGroup section */
		B11B804B239EE29F00F24DA5 = {
			isa = PBXGroup;
			children = (
				B11B8087239EE4D000F24DA5 /* lib */,
				B11B8056239EE29F00F24DA5 /* GazeTester */,
				B11B806D239EE2A200F24DA5 /* GazeTesterTests */,
				B11B8078239EE2A200F24DA5 /* GazeTesterUITests */,
				B11B8055239EE29F00F24DA5 /* Products */,
			);
			sourceTree = "<group>";
		};
		B11B8055239EE29F00F24DA5 /* Products */ = {
			isa = PBXGroup;
			children = (
				B11B8054239EE29F00F24DA5 /* GazeTester.app */,
				B11B806A239EE2A200F24DA5 /* GazeTesterTests.xctest */,
				B11B8075239EE2A200F24DA5 /* GazeTesterUITests.xctest */,
			);
			name = Products;
			sourceTree = "<group>";
		};
		B11B8056239EE29F00F24DA5 /* GazeTester */ = {
			isa = PBXGroup;
			children = (
				B11B8057239EE29F00F24DA5 /* AppDelegate.swift */,
				B11B8059239EE29F00F24DA5 /* SceneDelegate.swift */,
				B11B805B239EE29F00F24DA5 /* ContentView.swift */,
				B11B805D239EE2A200F24DA5 /* Assets.xcassets */,
				B11B8062239EE2A200F24DA5 /* LaunchScreen.storyboard */,
				B11B8065239EE2A200F24DA5 /* Info.plist */,
				B11B805F239EE2A200F24DA5 /* Preview Content */,
				B11B808D239EE5DA00F24DA5 /* DlibWrapper.mm */,
				B11B808C239EE5D900F24DA5 /* GazeTester-Bridging-Header.h */,
				B11B808F239EE78600F24DA5 /* DlibWrapper.h */,
			);
			path = GazeTester;
			sourceTree = "<group>";
		};
		B11B805F239EE2A200F24DA5 /* Preview Content */ = {
			isa = PBXGroup;
			children = (
				B11B8060239EE2A200F24DA5 /* Preview Assets.xcassets */,
			);
			path = "Preview Content";
			sourceTree = "<group>";
		};
		B11B806D239EE2A200F24DA5 /* GazeTesterTests */ = {
			isa = PBXGroup;
			children = (
				B11B806E239EE2A200F24DA5 /* GazeTesterTests.swift */,
				B11B8070239EE2A200F24DA5 /* Info.plist */,
			);
			path = GazeTesterTests;
			sourceTree = "<group>";
		};
		B11B8078239EE2A200F24DA5 /* GazeTesterUITests */ = {
			isa = PBXGroup;
			children = (
				B11B8079239EE2A200F24DA5 /* GazeTesterUITests.swift */,
				B11B807B239EE2A300F24DA5 /* Info.plist */,
			);
			path = GazeTesterUITests;
			sourceTree = "<group>";
		};
		B11B8087239EE4D000F24DA5 /* lib */ = {
			isa = PBXGroup;
			children = (
				B11B808A239EE4F300F24DA5 /* dlib */,
				B11B8088239EE4DA00F24DA5 /* libdlib.a */,
			);
			path = lib;
			sourceTree = "<group>";
		};
/* End PBXGroup section */

/* Begin PBXNativeTarget section */
		B11B8053239EE29F00F24DA5 /* GazeTester */ = {
			isa = PBXNativeTarget;
			buildConfigurationList = B11B807E239EE2A300F24DA5 /* Build configuration list for PBXNativeTarget "GazeTester" */;
			buildPhases = (
				B11B8050239EE29F00F24DA5 /* Sources */,
				B11B8051239EE29F00F24DA5 /* Frameworks */,
				B11B8052239EE29F00F24DA5 /* Resources */,
			);
			buildRules = (
			);
			dependencies = (
			);
			name = GazeTester;
			productName = GazeTester;
			productReference = B11B8054239EE29F00F24DA5 /* GazeTester.app */;
			productType = "com.apple.product-type.application";
		};
		B11B8069239EE2A200F24DA5 /* GazeTesterTests */ = {
			isa = PBXNativeTarget;
			buildConfigurationList = B11B8081239EE2A300F24DA5 /* Build configuration list for PBXNativeTarget "GazeTesterTests" */;
			buildPhases = (
				B11B8066239EE2A200F24DA5 /* Sources */,
				B11B8067239EE2A200F24DA5 /* Frameworks */,
				B11B8068239EE2A200F24DA5 /* Resources */,
			);
			buildRules = (
			);
			dependencies = (
				B11B806C239EE2A200F24DA5 /* PBXTargetDependency */,
			);
			name = GazeTesterTests;
			productName = GazeTesterTests;
			productReference = B11B806A239EE2A200F24DA5 /* GazeTesterTests.xctest */;
			productType = "com.apple.product-type.bundle.unit-test";
		};
		B11B8074239EE2A200F24DA5 /* GazeTesterUITests */ = {
			isa = PBXNativeTarget;
			buildConfigurationList = B11B8084239EE2A300F24DA5 /* Build configuration list for PBXNativeTarget "GazeTesterUITests" */;
			buildPhases = (
				B11B8071239EE2A200F24DA5 /* Sources */,
				B11B8072239EE2A200F24DA5 /* Frameworks */,
				B11B8073239EE2A200F24DA5 /* Resources */,
			);
			buildRules = (
			);
			dependencies = (
				B11B8077239EE2A200F24DA5 /* PBXTargetDependency */,
			);
			name = GazeTesterUITests;
			productName = GazeTesterUITests;
			productReference = B11B8075239EE2A200F24DA5 /* GazeTesterUITests.xctest */;
			productType = "com.apple.product-type.bundle.ui-testing";
		};
/* End PBXNativeTarget section */

/* Begin PBXProject section */
		B11B804C239EE29F00F24DA5 /* Project object */ = {
			isa = PBXProject;
			attributes = {
				LastSwiftUpdateCheck = 1110;
				LastUpgradeCheck = 1110;
				ORGANIZATIONNAME = "Sunho Kim";
				TargetAttributes = {
					B11B8053239EE29F00F24DA5 = {
						CreatedOnToolsVersion = 11.1;
						LastSwiftMigration = 1110;
					};
					B11B8069239EE2A200F24DA5 = {
						CreatedOnToolsVersion = 11.1;
						TestTargetID = B11B8053239EE29F00F24DA5;
					};
					B11B8074239EE2A200F24DA5 = {
						CreatedOnToolsVersion = 11.1;
						TestTargetID = B11B8053239EE29F00F24DA5;
					};
				};
			};
			buildConfigurationList = B11B804F239EE29F00F24DA5 /* Build configuration list for PBXProject "GazeTester" */;
			compatibilityVersion = "Xcode 9.3";
			developmentRegion = en;
			hasScannedForEncodings = 0;
			knownRegions = (
				en,
				Base,
			);
			mainGroup = B11B804B239EE29F00F24DA5;
			productRefGroup = B11B8055239EE29F00F24DA5 /* Products */;
			projectDirPath = "";
			projectRoot = "";
			targets = (
				B11B8053239EE29F00F24DA5 /* GazeTester */,
				B11B8069239EE2A200F24DA5 /* GazeTesterTests */,
				B11B8074239EE2A200F24DA5 /* GazeTesterUITests */,
			);
		};
/* End PBXProject section */

/* Begin PBXResourcesBuildPhase section */
		B11B8052239EE29F00F24DA5 /* Resources */ = {
			isa = PBXResourcesBuildPhase;
			buildActionMask = 2147483647;
			files = (
				B11B8064239EE2A200F24DA5 /* LaunchScreen.storyboard in Resources */,
				B11B8061239EE2A200F24DA5 /* Preview Assets.xcassets in Resources */,
				B11B805E239EE2A200F24DA5 /* Assets.xcassets in Resources */,
				B11B808B239EE4F300F24DA5 /* dlib in Resources */,
			);
			runOnlyForDeploymentPostprocessing = 0;
		};
		B11B8068239EE2A200F24DA5 /* Resources */ = {
			isa = PBXResourcesBuildPhase;
			buildActionMask = 2147483647;
			files = (
			);
			runOnlyForDeploymentPostprocessing = 0;
		};
		B11B8073239EE2A200F24DA5 /* Resources */ = {
			isa = PBXResourcesBuildPhase;
			buildActionMask = 2147483647;
			files = (
			);
			runOnlyForDeploymentPostprocessing = 0;
		};
/* End PBXResourcesBuildPhase section */

/* Begin PBXSourcesBuildPhase section */
		B11B8050239EE29F00F24DA5 /* Sources */ = {
			isa = PBXSourcesBuildPhase;
			buildActionMask = 2147483647;
			files = (
				B11B808E239EE5DA00F24DA5 /* DlibWrapper.mm in Sources */,
				B11B8058239EE29F00F24DA5 /* AppDelegate.swift in Sources */,
				B11B805A239EE29F00F24DA5 /* SceneDelegate.swift in Sources */,
				B11B805C239EE29F00F24DA5 /* ContentView.swift in Sources */,
			);
			runOnlyForDeploymentPostprocessing = 0;
		};
		B11B8066239EE2A200F24DA5 /* Sources */ = {
			isa = PBXSourcesBuildPhase;
			buildActionMask = 2147483647;
			files = (
				B11B806F239EE2A200F24DA5 /* GazeTesterTests.swift in Sources */,
			);
			runOnlyForDeploymentPostprocessing = 0;
		};
		B11B8071239EE2A200F24DA5 /* Sources */ = {
			isa = PBXSourcesBuildPhase;
			buildActionMask = 2147483647;
			files = (
				B11B807A239EE2A200F24DA5 /* GazeTesterUITests.swift in Sources */,
			);
			runOnlyForDeploymentPostprocessing = 0;
		};
/* End PBXSourcesBuildPhase section */

/* Begin PBXTargetDependency section */
		B11B806C239EE2A200F24DA5 /* PBXTargetDependency */ = {
			isa = PBXTargetDependency;
			target = B11B8053239EE29F00F24DA5 /* GazeTester */;
			targetProxy = B11B806B239EE2A200F24DA5 /* PBXContainerItemProxy */;
		};
		B11B8077239EE2A200F24DA5 /* PBXTargetDependency */ = {
			isa = PBXTargetDependency;
			target = B11B8053239EE29F00F24DA5 /* GazeTester */;
			targetProxy = B11B8076239EE2A200F24DA5 /* PBXContainerItemProxy */;
		};
/* End PBXTargetDependency section */

/* Begin PBXVariantGroup section */
		B11B8062239EE2A200F24DA5 /* LaunchScreen.storyboard */ = {
			isa = PBXVariantGroup;
			children = (
				B11B8063239EE2A200F24DA5 /* Base */,
			);
			name = LaunchScreen.storyboard;
			sourceTree = "<group>";
		};
/* End PBXVariantGroup section */

/* Begin XCBuildConfiguration section */
		B11B807C239EE2A300F24DA5 /* Debug */ = {
			isa = XCBuildConfiguration;
			buildSettings = {
				ALWAYS_SEARCH_USER_PATHS = NO;
				CLANG_ANALYZER_NONNULL = YES;
				CLANG_ANALYZER_NUMBER_OBJECT_CONVERSION = YES_AGGRESSIVE;
				CLANG_CXX_LANGUAGE_STANDARD = "gnu++14";
				CLANG_CXX_LIBRARY = "libc++";
				CLANG_ENABLE_MODULES = YES;
				CLANG_ENABLE_OBJC_ARC = YES;
				CLANG_ENABLE_OBJC_WEAK = YES;
				CLANG_WARN_BLOCK_CAPTURE_AUTORELEASING = YES;
				CLANG_WARN_BOOL_CONVERSION = YES;
				CLANG_WARN_COMMA = YES;
				CLANG_WARN_CONSTANT_CONVERSION = YES;
				CLANG_WARN_DEPRECATED_OBJC_IMPLEMENTATIONS = YES;
				CLANG_WARN_DIRECT_OBJC_ISA_USAGE = YES_ERROR;
				CLANG_WARN_DOCUMENTATION_COMMENTS = YES;
				CLANG_WARN_EMPTY_BODY = YES;
				CLANG_WARN_ENUM_CONVERSION = YES;
				CLANG_WARN_INFINITE_RECURSION = YES;
				CLANG_WARN_INT_CONVERSION = YES;
				CLANG_WARN_NON_LITERAL_NULL_CONVERSION = YES;
				CLANG_WARN_OBJC_IMPLICIT_RETAIN_SELF = YES;
				CLANG_WARN_OBJC_LITERAL_CONVERSION = YES;
				CLANG_WARN_OBJC_ROOT_CLASS = YES_ERROR;
				CLANG_WARN_RANGE_LOOP_ANALYSIS = YES;
				CLANG_WARN_STRICT_PROTOTYPES = YES;
				CLANG_WARN_SUSPICIOUS_MOVE = YES;
				CLANG_WARN_UNGUARDED_AVAILABILITY = YES_AGGRESSIVE;
				CLANG_WARN_UNREACHABLE_CODE = YES;
				CLANG_WARN__DUPLICATE_METHOD_MATCH = YES;
				COPY_PHASE_STRIP = NO;
				DEBUG_INFORMATION_FORMAT = dwarf;
				ENABLE_STRICT_OBJC_MSGSEND = YES;
				ENABLE_TESTABILITY = YES;
				GCC_C_LANGUAGE_STANDARD = gnu11;
				GCC_DYNAMIC_NO_PIC = NO;
				GCC_NO_COMMON_BLOCKS = YES;
				GCC_OPTIMIZATION_LEVEL = 0;
				GCC_PREPROCESSOR_DEFINITIONS = (
					"DEBUG=1",
					"$(inherited)",
				);
				GCC_WARN_64_TO_32_BIT_CONVERSION = YES;
				GCC_WARN_ABOUT_RETURN_TYPE = YES_ERROR;
				GCC_WARN_UNDECLARED_SELECTOR = YES;
				GCC_WARN_UNINITIALIZED_AUTOS = YES_AGGRESSIVE;
				GCC_WARN_UNUSED_FUNCTION = YES;
				GCC_WARN_UNUSED_VARIABLE = YES;
				IPHONEOS_DEPLOYMENT_TARGET = 13.1;
				MTL_ENABLE_DEBUG_INFO = INCLUDE_SOURCE;
				MTL_FAST_MATH = YES;
				ONLY_ACTIVE_ARCH = YES;
				SDKROOT = iphoneos;
				SWIFT_ACTIVE_COMPILATION_CONDITIONS = DEBUG;
				SWIFT_OPTIMIZATION_LEVEL = "-Onone";
			};
			name = Debug;
		};
		B11B807D239EE2A300F24DA5 /* Release */ = {
			isa = XCBuildConfiguration;
			buildSettings = {
				ALWAYS_SEARCH_USER_PATHS = NO;
				CLANG_ANALYZER_NONNULL = YES;
				CLANG_ANALYZER_NUMBER_OBJECT_CONVERSION = YES_AGGRESSIVE;
				CLANG_CXX_LANGUAGE_STANDARD = "gnu++14";
				CLANG_CXX_LIBRARY = "libc++";
				CLANG_ENABLE_MODULES = YES;
				CLANG_ENABLE_OBJC_ARC = YES;
				CLANG_ENABLE_OBJC_WEAK = YES;
				CLANG_WARN_BLOCK_CAPTURE_AUTORELEASING = YES;
				CLANG_WARN_BOOL_CONVERSION = YES;
				CLANG_WARN_COMMA = YES;
				CLANG_WARN_CONSTANT_CONVERSION = YES;
				CLANG_WARN_DEPRECATED_OBJC_IMPLEMENTATIONS = YES;
				CLANG_WARN_DIRECT_OBJC_ISA_USAGE = YES_ERROR;
				CLANG_WARN_DOCUMENTATION_COMMENTS = YES;
				CLANG_WARN_EMPTY_BODY = YES;
				CLANG_WARN_ENUM_CONVERSION = YES;
				CLANG_WARN_INFINITE_RECURSION = YES;
				CLANG_WARN_INT_CONVERSION = YES;
				CLANG_WARN_NON_LITERAL_NULL_CONVERSION = YES;
				CLANG_WARN_OBJC_IMPLICIT_RETAIN_SELF = YES;
				CLANG_WARN_OBJC_LITERAL_CONVERSION = YES;
				CLANG_WARN_OBJC_ROOT_CLASS = YES_ERROR;
				CLANG_WARN_RANGE_LOOP_ANALYSIS = YES;
				CLANG_WARN_STRICT_PROTOTYPES = YES;
				CLANG_WARN_SUSPICIOUS_MOVE = YES;
				CLANG_WARN_UNGUARDED_AVAILABILITY = YES_AGGRESSIVE;
				CLANG_WARN_UNREACHABLE_CODE = YES;
				CLANG_WARN__DUPLICATE_METHOD_MATCH = YES;
				COPY_PHASE_STRIP = NO;
				DEBUG_INFORMATION_FORMAT = "dwarf-with-dsym";
				ENABLE_NS_ASSERTIONS = NO;
				ENABLE_STRICT_OBJC_MSGSEND = YES;
				GCC_C_LANGUAGE_STANDARD = gnu11;
				GCC_NO_COMMON_BLOCKS = YES;
				GCC_WARN_64_TO_32_BIT_CONVERSION = YES;
				GCC_WARN_ABOUT_RETURN_TYPE = YES_ERROR;
				GCC_WARN_UNDECLARED_SELECTOR = YES;
				GCC_WARN_UNINITIALIZED_AUTOS = YES_AGGRESSIVE;
				GCC_WARN_UNUSED_FUNCTION = YES;
				GCC_WARN_UNUSED_VARIABLE = YES;
				IPHONEOS_DEPLOYMENT_TARGET = 13.1;
				MTL_ENABLE_DEBUG_INFO = NO;
				MTL_FAST_MATH = YES;
				SDKROOT = iphoneos;
				SWIFT_COMPILATION_MODE = wholemodule;
				SWIFT_OPTIMIZATION_LEVEL = "-O";
				VALIDATE_PRODUCT = YES;
			};
			name = Release;
		};
		B11B807F239EE2A300F24DA5 /* Debug */ = {
			isa = XCBuildConfiguration;
			buildSettings = {
				ASSETCATALOG_COMPILER_APPICON_NAME = AppIcon;
				CLANG_CXX_LANGUAGE_STANDARD = "c++0x";
				CLANG_CXX_LIBRARY = "libc++";
				CLANG_ENABLE_MODULES = YES;
				CODE_SIGN_STYLE = Automatic;
				DEVELOPMENT_ASSET_PATHS = "\"GazeTester/Preview Content\"";
				ENABLE_PREVIEWS = YES;
				GCC_INPUT_FILETYPE = sourcecode.cpp.objcpp;
				GCC_PREPROCESSOR_DEFINITIONS = (
					"$(inherited)",
					NDEBUG,
					DLIB_JPEG_SUPPORT,
					"DLIB_NO_GUI_SUPPORT\nDLIB_JPEG_SUPPORT\nNDEBUG\nDLIB_USE_BLAS\nDLIB_USE_LAPACK",
					"DLIB_USE_BLAS\nDLIB_USE_BLAS\nDLIB_USE_BLAS\nDLIB_USE_BLAS\n",
					DLIB_USE_LAPACK,
					"DEBUG=1",
				);
				HEADER_SEARCH_PATHS = "$(PROJECT_DIR)/lib";
				INFOPLIST_FILE = GazeTester/Info.plist;
				LD_RUNPATH_SEARCH_PATHS = (
					"$(inherited)",
					"@executable_path/Frameworks",
				);
				LIBRARY_SEARCH_PATHS = (
					"$(inherited)",
					"$(PROJECT_DIR)/lib",
				);
				PRODUCT_BUNDLE_IDENTIFIER = kim.sunho.GazeTester;
				PRODUCT_NAME = "$(TARGET_NAME)";
				SWIFT_OBJC_BRIDGING_HEADER = "GazeTester/GazeTester-Bridging-Header.h";
				SWIFT_OPTIMIZATION_LEVEL = "-Onone";
				SWIFT_VERSION = 5.0;
				TARGETED_DEVICE_FAMILY = "1,2";
			};
			name = Debug;
		};
		B11B8080239EE2A300F24DA5 /* Release */ = {
			isa = XCBuildConfiguration;
			buildSettings = {
				ASSETCATALOG_COMPILER_APPICON_NAME = AppIcon;
				CLANG_CXX_LANGUAGE_STANDARD = "c++0x";
				CLANG_CXX_LIBRARY = "libc++";
				CLANG_ENABLE_MODULES = YES;
				CODE_SIGN_STYLE = Automatic;
				DEVELOPMENT_ASSET_PATHS = "\"GazeTester/Preview Content\"";
				ENABLE_PREVIEWS = YES;
				GCC_INPUT_FILETYPE = sourcecode.cpp.objcpp;
				GCC_PREPROCESSOR_DEFINITIONS = "";
				HEADER_SEARCH_PATHS = "$(PROJECT_DIR)/lib";
				INFOPLIST_FILE = GazeTester/Info.plist;
				LD_RUNPATH_SEARCH_PATHS = (
					"$(inherited)",
					"@executable_path/Frameworks",
				);
				LIBRARY_SEARCH_PATHS = (
					"$(inherited)",
					"$(PROJECT_DIR)/lib",
				);
				PRODUCT_BUNDLE_IDENTIFIER = kim.sunho.GazeTester;
				PRODUCT_NAME = "$(TARGET_NAME)";
				SWIFT_OBJC_BRIDGING_HEADER = "GazeTester/GazeTester-Bridging-Header.h";
				SWIFT_VERSION = 5.0;
				TARGETED_DEVICE_FAMILY = "1,2";
			};
			name = Release;
		};
		B11B8082239EE2A300F24DA5 /* Debug */ = {
			isa = XCBuildConfiguration;
			buildSettings = {
				ALWAYS_EMBED_SWIFT_STANDARD_LIBRARIES = YES;
				BUNDLE_LOADER = "$(TEST_HOST)";
				CODE_SIGN_STYLE = Automatic;
				INFOPLIST_FILE = GazeTesterTests/Info.plist;
				IPHONEOS_DEPLOYMENT_TARGET = 13.1;
				LD_RUNPATH_SEARCH_PATHS = (
					"$(inherited)",
					"@executable_path/Frameworks",
					"@loader_path/Frameworks",
				);
				PRODUCT_BUNDLE_IDENTIFIER = kim.sunho.GazeTesterTests;
				PRODUCT_NAME = "$(TARGET_NAME)";
				SWIFT_VERSION = 5.0;
				TARGETED_DEVICE_FAMILY = "1,2";
				TEST_HOST = "$(BUILT_PRODUCTS_DIR)/GazeTester.app/GazeTester";
			};
			name = Debug;
		};
		B11B8083239EE2A300F24DA5 /* Release */ = {
			isa = XCBuildConfiguration;
			buildSettings = {
				ALWAYS_EMBED_SWIFT_STANDARD_LIBRARIES = YES;
				BUNDLE_LOADER = "$(TEST_HOST)";
				CODE_SIGN_STYLE = Automatic;
				INFOPLIST_FILE = GazeTesterTests/Info.plist;
				IPHONEOS_DEPLOYMENT_TARGET = 13.1;
				LD_RUNPATH_SEARCH_PATHS = (
					"$(inherited)",
					"@executable_path/Frameworks",
					"@loader_path/Frameworks",
				);
				PRODUCT_BUNDLE_IDENTIFIER = kim.sunho.GazeTesterTests;
				PRODUCT_NAME = "$(TARGET_NAME)";
				SWIFT_VERSION = 5.0;
				TARGETED_DEVICE_FAMILY = "1,2";
				TEST_HOST = "$(BUILT_PRODUCTS_DIR)/GazeTester.app/GazeTester";
			};
			name = Release;
		};
		B11B8085239EE2A300F24DA5 /* Debug */ = {
			isa = XCBuildConfiguration;
			buildSettings = {
				ALWAYS_EMBED_SWIFT_STANDARD_LIBRARIES = YES;
				CODE_SIGN_STYLE = Automatic;
				INFOPLIST_FILE = GazeTesterUITests/Info.plist;
				LD_RUNPATH_SEARCH_PATHS = (
					"$(inherited)",
					"@executable_path/Frameworks",
					"@loader_path/Frameworks",
				);
				PRODUCT_BUNDLE_IDENTIFIER = kim.sunho.GazeTesterUITests;
				PRODUCT_NAME = "$(TARGET_NAME)";
				SWIFT_VERSION = 5.0;
				TARGETED_DEVICE_FAMILY = "1,2";
				TEST_TARGET_NAME = GazeTester;
			};
			name = Debug;
		};
		B11B8086239EE2A300F24DA5 /* Release */ = {
			isa = XCBuildConfiguration;
			buildSettings = {
				ALWAYS_EMBED_SWIFT_STANDARD_LIBRARIES = YES;
				CODE_SIGN_STYLE = Automatic;
				INFOPLIST_FILE = GazeTesterUITests/Info.plist;
				LD_RUNPATH_SEARCH_PATHS = (
					"$(inherited)",
					"@executable_path/Frameworks",
					"@loader_path/Frameworks",
				);
				PRODUCT_BUNDLE_IDENTIFIER = kim.sunho.GazeTesterUITests;
				PRODUCT_NAME = "$(TARGET_NAME)";
				SWIFT_VERSION = 5.0;
				TARGETED_DEVICE_FAMILY = "1,2";
				TEST_TARGET_NAME = GazeTester;
			};
			name = Release;
		};
/* End XCBuildConfiguration section */

/* Begin XCConfigurationList section */
		B11B804F239EE29F00F24DA5 /* Build configuration list for PBXProject "GazeTester" */ = {
			isa = XCConfigurationList;
			buildConfigurations = (
				B11B807C239EE2A300F24DA5 /* Debug */,
				B11B807D239EE2A300F24DA5 /* Release */,
			);
			defaultConfigurationIsVisible = 0;
			defaultConfigurationName = Release;
		};
		B11B807E239EE2A300F24DA5 /* Build configuration list for PBXNativeTarget "GazeTester" */ = {
			isa = XCConfigurationList;
			buildConfigurations = (
				B11B807F239EE2A300F24DA5 /* Debug */,
				B11B8080239EE2A300F24DA5 /* Release */,
			);
			defaultConfigurationIsVisible = 0;
			defaultConfigurationName = Release;
		};
		B11B8081239EE2A300F24DA5 /* Build configuration list for PBXNativeTarget "GazeTesterTests" */ = {
			isa = XCConfigurationList;
			buildConfigurations = (
				B11B8082239EE2A300F24DA5 /* Debug */,
				B11B8083239EE2A300F24DA5 /* Release */,
			);
			defaultConfigurationIsVisible = 0;
			defaultConfigurationName = Release;
		};
		B11B8084239EE2A300F24DA5 /* Build configuration list for PBXNativeTarget "GazeTesterUITests" */ = {
			isa = XCConfigurationList;
			buildConfigurations = (
				B11B8085239EE2A300F24DA5 /* Debug */,
				B11B8086239EE2A300F24DA5 /* Release */,
			);
			defaultConfigurationIsVisible = 0;
			defaultConfigurationName = Release;
		};
/* End XCConfigurationList section */
	};
	rootObject = B11B804C239EE29F00F24DA5 /* Project object */;
}
