// !$*UTF8*$!
{
	archiveVersion = 1;
	classes = {
	};
	objectVersion = 50;
	objects = {

/* Begin PBXBuildFile section */
		B124047520A8CD90005EAE4F /* Cartfile in Resources */ = {isa = PBXBuildFile; fileRef = B124047220A8CD90005EAE4F /* Cartfile */; };
		B13393B320A8F78D00F34525 /* .gitignore in Resources */ = {isa = PBXBuildFile; fileRef = B13393B220A8F78D00F34525 /* .gitignore */; };
		B13393B820AB2AE600F34525 /* TabViewController.swift in Sources */ = {isa = PBXBuildFile; fileRef = B13393B720AB2AE600F34525 /* TabViewController.swift */; };
		B13393BA20AB6CC400F34525 /* SwipeCellKit.framework in Frameworks */ = {isa = PBXBuildFile; fileRef = B13393B920AB6CC400F34525 /* SwipeCellKit.framework */; };
		B13393BC20AB6CCE00F34525 /* SwipeCellKit.framework in CopyFiles */ = {isa = PBXBuildFile; fileRef = B13393B920AB6CC400F34525 /* SwipeCellKit.framework */; settings = {ATTRIBUTES = (CodeSignOnCopy, RemoveHeadersOnCopy, ); }; };
		B13393C020ACB86C00F34525 /* ModalViewController.swift in Sources */ = {isa = PBXBuildFile; fileRef = B13393BF20ACB86C00F34525 /* ModalViewController.swift */; };
		B143B04C20A47613003341A3 /* Sens.swift in Sources */ = {isa = PBXBuildFile; fileRef = B143AF8820A4704F003341A3 /* Sens.swift */; };
		B143B04F20A47613003341A3 /* DictService.swift in Sources */ = {isa = PBXBuildFile; fileRef = B143AF8B20A4704F003341A3 /* DictService.swift */; };
		B143B05220A47613003341A3 /* POS.swift in Sources */ = {isa = PBXBuildFile; fileRef = B143AF8E20A4704F003341A3 /* POS.swift */; };
		B143B05320A47613003341A3 /* DictEntry.swift in Sources */ = {isa = PBXBuildFile; fileRef = B143AF8F20A4704F003341A3 /* DictEntry.swift */; };
		B143B05420A47613003341A3 /* DictExample.swift in Sources */ = {isa = PBXBuildFile; fileRef = B143AF9020A4704F003341A3 /* DictExample.swift */; };
		B143B05520A47613003341A3 /* DictDefinition.swift in Sources */ = {isa = PBXBuildFile; fileRef = B143AF9120A4704F003341A3 /* DictDefinition.swift */; };
		B143B05620A47617003341A3 /* FileUtill.swift in Sources */ = {isa = PBXBuildFile; fileRef = B143AF9320A4704F003341A3 /* FileUtill.swift */; };
		B143B05720A47617003341A3 /* Helper.swift in Sources */ = {isa = PBXBuildFile; fileRef = B143AF9420A4704F003341A3 /* Helper.swift */; };
		B143B05820A47617003341A3 /* IPA.swift in Sources */ = {isa = PBXBuildFile; fileRef = B143AF9520A4704F003341A3 /* IPA.swift */; };
		B143B05920A47617003341A3 /* Ease.swift in Sources */ = {isa = PBXBuildFile; fileRef = B143AF9620A4704F003341A3 /* Ease.swift */; };
		B143B05A20A47617003341A3 /* Verb.swift in Sources */ = {isa = PBXBuildFile; fileRef = B143AF9720A4704F003341A3 /* Verb.swift */; };
		B143B05B20A47617003341A3 /* UIUtill.swift in Sources */ = {isa = PBXBuildFile; fileRef = B143AF9820A4704F003341A3 /* UIUtill.swift */; };
		B143B05C20A47617003341A3 /* Keys.swift in Sources */ = {isa = PBXBuildFile; fileRef = B143AF9920A4704F003341A3 /* Keys.swift */; };
		B19942DD20A1B072004CF61A /* dict.db in Resources */ = {isa = PBXBuildFile; fileRef = B19942DC20A1B072004CF61A /* dict.db */; };
		B19942E820A1BCB5004CF61A /* Regex.framework in CopyFiles */ = {isa = PBXBuildFile; fileRef = B19942E520A1BCA4004CF61A /* Regex.framework */; settings = {ATTRIBUTES = (CodeSignOnCopy, RemoveHeadersOnCopy, ); }; };
		B19942E920A1BCE0004CF61A /* FolioReaderKit.framework in Frameworks */ = {isa = PBXBuildFile; fileRef = C7C63EAF209946A50093CC02 /* FolioReaderKit.framework */; };
		B1A2125320ACDDA90067A6DD /* Localizable.strings in Resources */ = {isa = PBXBuildFile; fileRef = B1A2125120ACDC2F0067A6DD /* Localizable.strings */; };
		C7362F18209BE2060081B012 /* AEXML.framework in CopyFiles */ = {isa = PBXBuildFile; fileRef = C7362F0D209BE1FE0081B012 /* AEXML.framework */; settings = {ATTRIBUTES = (CodeSignOnCopy, RemoveHeadersOnCopy, ); }; };
		C7362F19209BE2060081B012 /* FontBlaster.framework in CopyFiles */ = {isa = PBXBuildFile; fileRef = C7362F0A209BE1FE0081B012 /* FontBlaster.framework */; settings = {ATTRIBUTES = (CodeSignOnCopy, RemoveHeadersOnCopy, ); }; };
		C7362F1A209BE2060081B012 /* JSQWebViewController.framework in CopyFiles */ = {isa = PBXBuildFile; fileRef = C7362F0B209BE1FE0081B012 /* JSQWebViewController.framework */; settings = {ATTRIBUTES = (CodeSignOnCopy, RemoveHeadersOnCopy, ); }; };
		C7362F1B209BE2060081B012 /* MenuItemKit.framework in CopyFiles */ = {isa = PBXBuildFile; fileRef = C7362F0E209BE1FE0081B012 /* MenuItemKit.framework */; settings = {ATTRIBUTES = (CodeSignOnCopy, RemoveHeadersOnCopy, ); }; };
		C7362F1E209BE2060081B012 /* ZFDragableModalTransition.framework in CopyFiles */ = {isa = PBXBuildFile; fileRef = C7362F0C209BE1FE0081B012 /* ZFDragableModalTransition.framework */; settings = {ATTRIBUTES = (CodeSignOnCopy, RemoveHeadersOnCopy, ); }; };
		C7362F1F209BE2060081B012 /* ZipArchive.framework in CopyFiles */ = {isa = PBXBuildFile; fileRef = C7362F08209BE1FE0081B012 /* ZipArchive.framework */; settings = {ATTRIBUTES = (CodeSignOnCopy, RemoveHeadersOnCopy, ); }; };
		C7362F22209BE21B0081B012 /* SQLite.framework in Frameworks */ = {isa = PBXBuildFile; fileRef = C7362F21209BE21B0081B012 /* SQLite.framework */; };
		C7362F23209BE2230081B012 /* SQLite.framework in CopyFiles */ = {isa = PBXBuildFile; fileRef = C7362F21209BE21B0081B012 /* SQLite.framework */; settings = {ATTRIBUTES = (CodeSignOnCopy, RemoveHeadersOnCopy, ); }; };
		C7362F24209BE2340081B012 /* FolioReaderKit.framework in CopyFiles */ = {isa = PBXBuildFile; fileRef = C7C63EAF209946A50093CC02 /* FolioReaderKit.framework */; settings = {ATTRIBUTES = (CodeSignOnCopy, RemoveHeadersOnCopy, ); }; };
		C7403AEB209176D800099119 /* WordMainViewController.swift in Sources */ = {isa = PBXBuildFile; fileRef = C7403AEA209176D800099119 /* WordMainViewController.swift */; };
		C742DD8B2209567A00CD737A /* SearchHomeViewController.swift in Sources */ = {isa = PBXBuildFile; fileRef = C742DD8A2209567A00CD737A /* SearchHomeViewController.swift */; };
		C742DD8F2209568800CD737A /* SearchResultViewController.swift in Sources */ = {isa = PBXBuildFile; fileRef = C742DD8E2209568800CD737A /* SearchResultViewController.swift */; };
		C74CEFD8208C899F002765D6 /* AppDelegate.swift in Sources */ = {isa = PBXBuildFile; fileRef = C74CEFD7208C899F002765D6 /* AppDelegate.swift */; };
		C74CEFDD208C899F002765D6 /* Main.storyboard in Resources */ = {isa = PBXBuildFile; fileRef = C74CEFDB208C899F002765D6 /* Main.storyboard */; };
		C74CEFE0208C899F002765D6 /* app.xcdatamodeld in Sources */ = {isa = PBXBuildFile; fileRef = C74CEFDE208C899F002765D6 /* app.xcdatamodeld */; };
		C74CEFE2208C89A1002765D6 /* Assets.xcassets in Resources */ = {isa = PBXBuildFile; fileRef = C74CEFE1208C89A1002765D6 /* Assets.xcassets */; };
		C74CEFE5208C89A1002765D6 /* LaunchScreen.storyboard in Resources */ = {isa = PBXBuildFile; fileRef = C74CEFE3208C89A1002765D6 /* LaunchScreen.storyboard */; };
		C759AD7F221EEA9400166B2A /* RecommendMainViewController.swift in Sources */ = {isa = PBXBuildFile; fileRef = C759AD7E221EEA9400166B2A /* RecommendMainViewController.swift */; };
		C77043AB223DFFD400B91831 /* BookListTableViewCell.swift in Sources */ = {isa = PBXBuildFile; fileRef = C77043AA223DFFD400B91831 /* BookListTableViewCell.swift */; };
		C77043AF223E0E4A00B91831 /* CircleBarView.swift in Sources */ = {isa = PBXBuildFile; fileRef = C77043AE223E0E4A00B91831 /* CircleBarView.swift */; };
		C77043B3223E214700B91831 /* ContentService.swift in Sources */ = {isa = PBXBuildFile; fileRef = C77043B2223E214700B91831 /* ContentService.swift */; };
		C77043B5223E219E00B91831 /* Content.swift in Sources */ = {isa = PBXBuildFile; fileRef = C77043B4223E219E00B91831 /* Content.swift */; };
		C77043B7223E47EC00B91831 /* Kingfisher.framework in Frameworks */ = {isa = PBXBuildFile; fileRef = C77043B6223E47EC00B91831 /* Kingfisher.framework */; };
		C77043BD223E4B3400B91831 /* Kingfisher.framework in Frameworks */ = {isa = PBXBuildFile; fileRef = C77043B6223E47EC00B91831 /* Kingfisher.framework */; };
		C77043BE223E4B3400B91831 /* Kingfisher.framework in CopyFiles */ = {isa = PBXBuildFile; fileRef = C77043B6223E47EC00B91831 /* Kingfisher.framework */; settings = {ATTRIBUTES = (CodeSignOnCopy, RemoveHeadersOnCopy, ); }; };
		C77043C4223E530300B91831 /* LoginViewController.swift in Sources */ = {isa = PBXBuildFile; fileRef = C77043C3223E530300B91831 /* LoginViewController.swift */; };
		C78ECA912206BCB4001909C3 /* ManagedEpubURL.swift in Sources */ = {isa = PBXBuildFile; fileRef = C7A97416209A8FD700A41D02 /* ManagedEpubURL.swift */; };
		C78ECA932206BCC1001909C3 /* ShareError.swift in Sources */ = {isa = PBXBuildFile; fileRef = C7A97421209AA65900A41D02 /* ShareError.swift */; };
		C78ECA9B2206E57F001909C3 /* StoreMainViewController.swift in Sources */ = {isa = PBXBuildFile; fileRef = C78ECA9A2206E57F001909C3 /* StoreMainViewController.swift */; };
		C7905B4520956F0300CE3D17 /* WordTableCell.swift in Sources */ = {isa = PBXBuildFile; fileRef = C7905B4420956F0300CE3D17 /* WordTableCell.swift */; };
		C79F3362221D8A2E00D52BDF /* DictViewTableCell.swift in Sources */ = {isa = PBXBuildFile; fileRef = C79F3361221D8A2E00D52BDF /* DictViewTableCell.swift */; };
		C7B1C6B62210ECF5007CF0D9 /* Downloader.swift in Sources */ = {isa = PBXBuildFile; fileRef = C7B1C6B52210ECF5007CF0D9 /* Downloader.swift */; };
		C7C63E92209905900093CC02 /* BookMainViewController.swift in Sources */ = {isa = PBXBuildFile; fileRef = C7C63E91209905900093CC02 /* BookMainViewController.swift */; };
		C7D915C02240D5310073E860 /* SensMainViewController.swift in Sources */ = {isa = PBXBuildFile; fileRef = C7D915BF2240D5310073E860 /* SensMainViewController.swift */; };
		C7D915C22240DF8F0073E860 /* SensCollectionViewCell.swift in Sources */ = {isa = PBXBuildFile; fileRef = C7D915C12240DF8F0073E860 /* SensCollectionViewCell.swift */; };
		C7D915C52240E2D50073E860 /* EpubViewControllerExtension.swift in Sources */ = {isa = PBXBuildFile; fileRef = C7D915C42240E2D50073E860 /* EpubViewControllerExtension.swift */; };
		C7D915C92240FAA60073E860 /* HorizontalPageLayout.swift in Sources */ = {isa = PBXBuildFile; fileRef = C7D915C82240FAA60073E860 /* HorizontalPageLayout.swift */; };
		C7FA5428223476BD006F94C7 /* DictViewController.swift in Sources */ = {isa = PBXBuildFile; fileRef = C7FA5427223476BD006F94C7 /* DictViewController.swift */; };
		C7FC186E2239CD65007172ED /* Alamofire.framework in Frameworks */ = {isa = PBXBuildFile; fileRef = C7B1C6AF2210E407007CF0D9 /* Alamofire.framework */; };
		C7FC186F2239CD65007172ED /* Alamofire.framework in CopyFiles */ = {isa = PBXBuildFile; fileRef = C7B1C6AF2210E407007CF0D9 /* Alamofire.framework */; settings = {ATTRIBUTES = (CodeSignOnCopy, RemoveHeadersOnCopy, ); }; };
		C7FC18742239CD89007172ED /* Moya.framework in Frameworks */ = {isa = PBXBuildFile; fileRef = C7FC18722239CD87007172ED /* Moya.framework */; };
		C7FC18752239CD89007172ED /* Moya.framework in CopyFiles */ = {isa = PBXBuildFile; fileRef = C7FC18722239CD87007172ED /* Moya.framework */; settings = {ATTRIBUTES = (CodeSignOnCopy, RemoveHeadersOnCopy, ); }; };
		C7FC18772239CDAD007172ED /* QuickLayout.framework in Frameworks */ = {isa = PBXBuildFile; fileRef = C7FC18762239CDAD007172ED /* QuickLayout.framework */; };
		C7FC18782239CDAF007172ED /* QuickLayout.framework in Frameworks */ = {isa = PBXBuildFile; fileRef = C7FC18762239CDAD007172ED /* QuickLayout.framework */; };
		C7FC18792239CDAF007172ED /* QuickLayout.framework in CopyFiles */ = {isa = PBXBuildFile; fileRef = C7FC18762239CDAD007172ED /* QuickLayout.framework */; settings = {ATTRIBUTES = (CodeSignOnCopy, RemoveHeadersOnCopy, ); }; };
		C7FC187B2239CDBE007172ED /* SnapKit.framework in Frameworks */ = {isa = PBXBuildFile; fileRef = C7FC187A2239CDBD007172ED /* SnapKit.framework */; };
		C7FC187C2239CDBF007172ED /* SnapKit.framework in Frameworks */ = {isa = PBXBuildFile; fileRef = C7FC187A2239CDBD007172ED /* SnapKit.framework */; };
		C7FC187D2239CDBF007172ED /* SnapKit.framework in CopyFiles */ = {isa = PBXBuildFile; fileRef = C7FC187A2239CDBD007172ED /* SnapKit.framework */; settings = {ATTRIBUTES = (CodeSignOnCopy, RemoveHeadersOnCopy, ); }; };
		C7FC187F2239CDCD007172ED /* SwiftEntryKit.framework in Frameworks */ = {isa = PBXBuildFile; fileRef = C7FC187E2239CDCC007172ED /* SwiftEntryKit.framework */; };
		C7FC18802239CDCF007172ED /* SwiftEntryKit.framework in Frameworks */ = {isa = PBXBuildFile; fileRef = C7FC187E2239CDCC007172ED /* SwiftEntryKit.framework */; };
		C7FC18812239CDCF007172ED /* SwiftEntryKit.framework in CopyFiles */ = {isa = PBXBuildFile; fileRef = C7FC187E2239CDCC007172ED /* SwiftEntryKit.framework */; settings = {ATTRIBUTES = (CodeSignOnCopy, RemoveHeadersOnCopy, ); }; };
		C7FC18832239CDD7007172ED /* Result.framework in Frameworks */ = {isa = PBXBuildFile; fileRef = C7FC18822239CDD7007172ED /* Result.framework */; };
		C7FC18842239CDD9007172ED /* Result.framework in Frameworks */ = {isa = PBXBuildFile; fileRef = C7FC18822239CDD7007172ED /* Result.framework */; };
		C7FC18852239CDD9007172ED /* Result.framework in CopyFiles */ = {isa = PBXBuildFile; fileRef = C7FC18822239CDD7007172ED /* Result.framework */; settings = {ATTRIBUTES = (CodeSignOnCopy, RemoveHeadersOnCopy, ); }; };
		C7FC18882239D6B9007172ED /* Realm.framework in Frameworks */ = {isa = PBXBuildFile; fileRef = C7FC18862239D6B9007172ED /* Realm.framework */; };
		C7FC18892239D6B9007172ED /* RealmSwift.framework in Frameworks */ = {isa = PBXBuildFile; fileRef = C7FC18872239D6B9007172ED /* RealmSwift.framework */; };
		C7FC188A2239D6C1007172ED /* Realm.framework in Frameworks */ = {isa = PBXBuildFile; fileRef = C7FC18862239D6B9007172ED /* Realm.framework */; };
		C7FC188B2239D6C1007172ED /* Realm.framework in CopyFiles */ = {isa = PBXBuildFile; fileRef = C7FC18862239D6B9007172ED /* Realm.framework */; settings = {ATTRIBUTES = (CodeSignOnCopy, RemoveHeadersOnCopy, ); }; };
		C7FC188C2239D6C3007172ED /* RealmSwift.framework in Frameworks */ = {isa = PBXBuildFile; fileRef = C7FC18872239D6B9007172ED /* RealmSwift.framework */; };
		C7FC188D2239D6C3007172ED /* RealmSwift.framework in CopyFiles */ = {isa = PBXBuildFile; fileRef = C7FC18872239D6B9007172ED /* RealmSwift.framework */; settings = {ATTRIBUTES = (CodeSignOnCopy, RemoveHeadersOnCopy, ); }; };
		C7FC188F2239D748007172ED /* Book.swift in Sources */ = {isa = PBXBuildFile; fileRef = C7FC188E2239D748007172ED /* Book.swift */; };
		C7FC18952239E4E5007172ED /* API.swift in Sources */ = {isa = PBXBuildFile; fileRef = C7FC18942239E4E5007172ED /* API.swift */; };
		C7FC189A2239EE08007172ED /* ReactiveMoya.framework in Frameworks */ = {isa = PBXBuildFile; fileRef = C7FC18982239EE07007172ED /* ReactiveMoya.framework */; };
		C7FC189B2239EE08007172ED /* ReactiveSwift.framework in Frameworks */ = {isa = PBXBuildFile; fileRef = C7FC18992239EE08007172ED /* ReactiveSwift.framework */; };
		C7FC189C2239EE11007172ED /* ReactiveMoya.framework in Frameworks */ = {isa = PBXBuildFile; fileRef = C7FC18982239EE07007172ED /* ReactiveMoya.framework */; };
		C7FC189D2239EE11007172ED /* ReactiveMoya.framework in CopyFiles */ = {isa = PBXBuildFile; fileRef = C7FC18982239EE07007172ED /* ReactiveMoya.framework */; settings = {ATTRIBUTES = (CodeSignOnCopy, RemoveHeadersOnCopy, ); }; };
		C7FC189E2239EE15007172ED /* ReactiveSwift.framework in Frameworks */ = {isa = PBXBuildFile; fileRef = C7FC18992239EE08007172ED /* ReactiveSwift.framework */; };
		C7FC189F2239EE15007172ED /* ReactiveSwift.framework in CopyFiles */ = {isa = PBXBuildFile; fileRef = C7FC18992239EE08007172ED /* ReactiveSwift.framework */; settings = {ATTRIBUTES = (CodeSignOnCopy, RemoveHeadersOnCopy, ); }; };
		C7FC18A12239EEE9007172ED /* Category.swift in Sources */ = {isa = PBXBuildFile; fileRef = C7FC18A02239EEE9007172ED /* Category.swift */; };
		C7FC18A32239F07F007172ED /* Review.swift in Sources */ = {isa = PBXBuildFile; fileRef = C7FC18A22239F07F007172ED /* Review.swift */; };
		C7FC18A52239F0F9007172ED /* RecommendInfo.swift in Sources */ = {isa = PBXBuildFile; fileRef = C7FC18A42239F0F9007172ED /* RecommendInfo.swift */; };
		C7FC18A72239F1F7007172ED /* Memory.swift in Sources */ = {isa = PBXBuildFile; fileRef = C7FC18A62239F1F7007172ED /* Memory.swift */; };
		C7FC18AB223A0139007172ED /* Progress.swift in Sources */ = {isa = PBXBuildFile; fileRef = C7FC18AA223A0139007172ED /* Progress.swift */; };
		C7FC18AD223A014A007172ED /* Result.swift in Sources */ = {isa = PBXBuildFile; fileRef = C7FC18AC223A014A007172ED /* Result.swift */; };
		C7FC18AF223A12DD007172ED /* APIService.swift in Sources */ = {isa = PBXBuildFile; fileRef = C7FC18AE223A12DD007172ED /* APIService.swift */; };
		C7FC18B1223A2148007172ED /* Reachability.framework in Frameworks */ = {isa = PBXBuildFile; fileRef = C7FC18B0223A2148007172ED /* Reachability.framework */; };
		C7FC18B2223A214E007172ED /* Reachability.framework in Frameworks */ = {isa = PBXBuildFile; fileRef = C7FC18B0223A2148007172ED /* Reachability.framework */; };
		C7FC18B3223A214E007172ED /* Reachability.framework in CopyFiles */ = {isa = PBXBuildFile; fileRef = C7FC18B0223A2148007172ED /* Reachability.framework */; settings = {ATTRIBUTES = (CodeSignOnCopy, RemoveHeadersOnCopy, ); }; };
		C7FC18B5223A346D007172ED /* ReachabilityService.swift in Sources */ = {isa = PBXBuildFile; fileRef = C7FC18B4223A346D007172ED /* ReachabilityService.swift */; };
		C7FC18B7223A360D007172ED /* Config.swift in Sources */ = {isa = PBXBuildFile; fileRef = C7FC18B6223A360D007172ED /* Config.swift */; };
		C7FC18B9223A364E007172ED /* RealmService.swift in Sources */ = {isa = PBXBuildFile; fileRef = C7FC18B8223A364E007172ED /* RealmService.swift */; };
		C7FC18BB223A3C45007172ED /* GoraniError.swift in Sources */ = {isa = PBXBuildFile; fileRef = C7FC18BA223A3C45007172ED /* GoraniError.swift */; };
/* End PBXBuildFile section */

/* Begin PBXContainerItemProxy section */
		C7C63EAE209946A50093CC02 /* PBXContainerItemProxy */ = {
			isa = PBXContainerItemProxy;
			containerPortal = C7C63EA9209946A50093CC02 /* FolioReaderKit.xcodeproj */;
			proxyType = 2;
			remoteGlobalIDString = B0D6990B1D035FA2003B4CCD;
			remoteInfo = FolioReaderKit;
		};
		C7C63EB0209946A50093CC02 /* PBXContainerItemProxy */ = {
			isa = PBXContainerItemProxy;
			containerPortal = C7C63EA9209946A50093CC02 /* FolioReaderKit.xcodeproj */;
			proxyType = 2;
			remoteGlobalIDString = B0D699151D035FA2003B4CCD;
			remoteInfo = FolioReaderKitTests;
		};
/* End PBXContainerItemProxy section */

/* Begin PBXCopyFilesBuildPhase section */
		C7821805209BE09100C19E2F /* CopyFiles */ = {
			isa = PBXCopyFilesBuildPhase;
			buildActionMask = 12;
			dstPath = "";
			dstSubfolderSpec = 10;
			files = (
				C7FC18752239CD89007172ED /* Moya.framework in CopyFiles */,
				C7362F18209BE2060081B012 /* AEXML.framework in CopyFiles */,
				C7FC188D2239D6C3007172ED /* RealmSwift.framework in CopyFiles */,
				C7362F19209BE2060081B012 /* FontBlaster.framework in CopyFiles */,
				C7362F24209BE2340081B012 /* FolioReaderKit.framework in CopyFiles */,
				C7FC18792239CDAF007172ED /* QuickLayout.framework in CopyFiles */,
				B19942E820A1BCB5004CF61A /* Regex.framework in CopyFiles */,
				C7FC189F2239EE15007172ED /* ReactiveSwift.framework in CopyFiles */,
				C7FC18852239CDD9007172ED /* Result.framework in CopyFiles */,
				B13393BC20AB6CCE00F34525 /* SwipeCellKit.framework in CopyFiles */,
				C7362F1A209BE2060081B012 /* JSQWebViewController.framework in CopyFiles */,
				C7FC187D2239CDBF007172ED /* SnapKit.framework in CopyFiles */,
				C7FC18812239CDCF007172ED /* SwiftEntryKit.framework in CopyFiles */,
				C7FC18B3223A214E007172ED /* Reachability.framework in CopyFiles */,
				C7FC189D2239EE11007172ED /* ReactiveMoya.framework in CopyFiles */,
				C7FC186F2239CD65007172ED /* Alamofire.framework in CopyFiles */,
				C7362F23209BE2230081B012 /* SQLite.framework in CopyFiles */,
				C7362F1B209BE2060081B012 /* MenuItemKit.framework in CopyFiles */,
				C7362F1E209BE2060081B012 /* ZFDragableModalTransition.framework in CopyFiles */,
				C7FC188B2239D6C1007172ED /* Realm.framework in CopyFiles */,
				C77043BE223E4B3400B91831 /* Kingfisher.framework in CopyFiles */,
				C7362F1F209BE2060081B012 /* ZipArchive.framework in CopyFiles */,
			);
			runOnlyForDeploymentPostprocessing = 0;
		};
		C7C57B22208E96D300C992CF /* Embed App Extensions */ = {
			isa = PBXCopyFilesBuildPhase;
			buildActionMask = 2147483647;
			dstPath = "";
			dstSubfolderSpec = 13;
			files = (
			);
			name = "Embed App Extensions";
			runOnlyForDeploymentPostprocessing = 0;
		};
/* End PBXCopyFilesBuildPhase section */

/* Begin PBXFileReference section */
		B124047220A8CD90005EAE4F /* Cartfile */ = {isa = PBXFileReference; fileEncoding = 4; lastKnownFileType = text; path = Cartfile; sourceTree = "<group>"; };
		B13393B220A8F78D00F34525 /* .gitignore */ = {isa = PBXFileReference; fileEncoding = 4; lastKnownFileType = text; name = .gitignore; path = ../.gitignore; sourceTree = "<group>"; };
		B13393B720AB2AE600F34525 /* TabViewController.swift */ = {isa = PBXFileReference; lastKnownFileType = sourcecode.swift; path = TabViewController.swift; sourceTree = "<group>"; };
		B13393B920AB6CC400F34525 /* SwipeCellKit.framework */ = {isa = PBXFileReference; lastKnownFileType = wrapper.framework; name = SwipeCellKit.framework; path = Carthage/Build/iOS/SwipeCellKit.framework; sourceTree = "<group>"; };
		B13393BF20ACB86C00F34525 /* ModalViewController.swift */ = {isa = PBXFileReference; lastKnownFileType = sourcecode.swift; path = ModalViewController.swift; sourceTree = "<group>"; };
		B143AF8820A4704F003341A3 /* Sens.swift */ = {isa = PBXFileReference; lastKnownFileType = sourcecode.swift; path = Sens.swift; sourceTree = "<group>"; };
		B143AF8B20A4704F003341A3 /* DictService.swift */ = {isa = PBXFileReference; lastKnownFileType = sourcecode.swift; path = DictService.swift; sourceTree = "<group>"; };
		B143AF8E20A4704F003341A3 /* POS.swift */ = {isa = PBXFileReference; lastKnownFileType = sourcecode.swift; path = POS.swift; sourceTree = "<group>"; };
		B143AF8F20A4704F003341A3 /* DictEntry.swift */ = {isa = PBXFileReference; lastKnownFileType = sourcecode.swift; path = DictEntry.swift; sourceTree = "<group>"; };
		B143AF9020A4704F003341A3 /* DictExample.swift */ = {isa = PBXFileReference; lastKnownFileType = sourcecode.swift; path = DictExample.swift; sourceTree = "<group>"; };
		B143AF9120A4704F003341A3 /* DictDefinition.swift */ = {isa = PBXFileReference; lastKnownFileType = sourcecode.swift; path = DictDefinition.swift; sourceTree = "<group>"; };
		B143AF9320A4704F003341A3 /* FileUtill.swift */ = {isa = PBXFileReference; lastKnownFileType = sourcecode.swift; path = FileUtill.swift; sourceTree = "<group>"; };
		B143AF9420A4704F003341A3 /* Helper.swift */ = {isa = PBXFileReference; lastKnownFileType = sourcecode.swift; path = Helper.swift; sourceTree = "<group>"; };
		B143AF9520A4704F003341A3 /* IPA.swift */ = {isa = PBXFileReference; lastKnownFileType = sourcecode.swift; path = IPA.swift; sourceTree = "<group>"; };
		B143AF9620A4704F003341A3 /* Ease.swift */ = {isa = PBXFileReference; lastKnownFileType = sourcecode.swift; path = Ease.swift; sourceTree = "<group>"; };
		B143AF9720A4704F003341A3 /* Verb.swift */ = {isa = PBXFileReference; lastKnownFileType = sourcecode.swift; path = Verb.swift; sourceTree = "<group>"; };
		B143AF9820A4704F003341A3 /* UIUtill.swift */ = {isa = PBXFileReference; lastKnownFileType = sourcecode.swift; path = UIUtill.swift; sourceTree = "<group>"; };
		B143AF9920A4704F003341A3 /* Keys.swift */ = {isa = PBXFileReference; lastKnownFileType = sourcecode.swift; path = Keys.swift; sourceTree = "<group>"; };
		B19942DC20A1B072004CF61A /* dict.db */ = {isa = PBXFileReference; lastKnownFileType = file; path = dict.db; sourceTree = "<group>"; };
		B19942E520A1BCA4004CF61A /* Regex.framework */ = {isa = PBXFileReference; lastKnownFileType = wrapper.framework; name = Regex.framework; path = Carthage/Build/iOS/Regex.framework; sourceTree = "<group>"; };
		B1A2125220ACDC2F0067A6DD /* Base */ = {isa = PBXFileReference; lastKnownFileType = text.plist.strings; name = Base; path = Base.lproj/Localizable.strings; sourceTree = "<group>"; };
		C7362F08209BE1FE0081B012 /* ZipArchive.framework */ = {isa = PBXFileReference; lastKnownFileType = wrapper.framework; name = ZipArchive.framework; path = FolioReaderKit/Carthage/Build/iOS/ZipArchive.framework; sourceTree = "<group>"; };
		C7362F0A209BE1FE0081B012 /* FontBlaster.framework */ = {isa = PBXFileReference; lastKnownFileType = wrapper.framework; name = FontBlaster.framework; path = FolioReaderKit/Carthage/Build/iOS/FontBlaster.framework; sourceTree = "<group>"; };
		C7362F0B209BE1FE0081B012 /* JSQWebViewController.framework */ = {isa = PBXFileReference; lastKnownFileType = wrapper.framework; name = JSQWebViewController.framework; path = FolioReaderKit/Carthage/Build/iOS/JSQWebViewController.framework; sourceTree = "<group>"; };
		C7362F0C209BE1FE0081B012 /* ZFDragableModalTransition.framework */ = {isa = PBXFileReference; lastKnownFileType = wrapper.framework; name = ZFDragableModalTransition.framework; path = FolioReaderKit/Carthage/Build/iOS/ZFDragableModalTransition.framework; sourceTree = "<group>"; };
		C7362F0D209BE1FE0081B012 /* AEXML.framework */ = {isa = PBXFileReference; lastKnownFileType = wrapper.framework; name = AEXML.framework; path = FolioReaderKit/Carthage/Build/iOS/AEXML.framework; sourceTree = "<group>"; };
		C7362F0E209BE1FE0081B012 /* MenuItemKit.framework */ = {isa = PBXFileReference; lastKnownFileType = wrapper.framework; name = MenuItemKit.framework; path = FolioReaderKit/Carthage/Build/iOS/MenuItemKit.framework; sourceTree = "<group>"; };
		C7362F21209BE21B0081B012 /* SQLite.framework */ = {isa = PBXFileReference; lastKnownFileType = wrapper.framework; name = SQLite.framework; path = Carthage/Build/iOS/SQLite.framework; sourceTree = "<group>"; };
		C7403AEA209176D800099119 /* WordMainViewController.swift */ = {isa = PBXFileReference; lastKnownFileType = sourcecode.swift; path = WordMainViewController.swift; sourceTree = "<group>"; };
		C742DD8A2209567A00CD737A /* SearchHomeViewController.swift */ = {isa = PBXFileReference; lastKnownFileType = sourcecode.swift; path = SearchHomeViewController.swift; sourceTree = "<group>"; };
		C742DD8E2209568800CD737A /* SearchResultViewController.swift */ = {isa = PBXFileReference; lastKnownFileType = sourcecode.swift; path = SearchResultViewController.swift; sourceTree = "<group>"; };
		C74CEFD4208C899F002765D6 /* app.app */ = {isa = PBXFileReference; explicitFileType = wrapper.application; includeInIndex = 0; path = app.app; sourceTree = BUILT_PRODUCTS_DIR; };
		C74CEFD7208C899F002765D6 /* AppDelegate.swift */ = {isa = PBXFileReference; lastKnownFileType = sourcecode.swift; path = AppDelegate.swift; sourceTree = "<group>"; };
		C74CEFDF208C899F002765D6 /* app.xcdatamodel */ = {isa = PBXFileReference; lastKnownFileType = wrapper.xcdatamodel; path = app.xcdatamodel; sourceTree = "<group>"; };
		C74CEFE1208C89A1002765D6 /* Assets.xcassets */ = {isa = PBXFileReference; lastKnownFileType = folder.assetcatalog; path = Assets.xcassets; sourceTree = "<group>"; };
		C74CEFE6208C89A1002765D6 /* Info.plist */ = {isa = PBXFileReference; lastKnownFileType = text.plist.xml; path = Info.plist; sourceTree = "<group>"; };
		C759AD7E221EEA9400166B2A /* RecommendMainViewController.swift */ = {isa = PBXFileReference; lastKnownFileType = sourcecode.swift; path = RecommendMainViewController.swift; sourceTree = "<group>"; };
		C77043AA223DFFD400B91831 /* BookListTableViewCell.swift */ = {isa = PBXFileReference; lastKnownFileType = sourcecode.swift; path = BookListTableViewCell.swift; sourceTree = "<group>"; };
		C77043AE223E0E4A00B91831 /* CircleBarView.swift */ = {isa = PBXFileReference; lastKnownFileType = sourcecode.swift; path = CircleBarView.swift; sourceTree = "<group>"; };
		C77043B2223E214700B91831 /* ContentService.swift */ = {isa = PBXFileReference; lastKnownFileType = sourcecode.swift; path = ContentService.swift; sourceTree = "<group>"; };
		C77043B4223E219E00B91831 /* Content.swift */ = {isa = PBXFileReference; lastKnownFileType = sourcecode.swift; path = Content.swift; sourceTree = "<group>"; };
		C77043B6223E47EC00B91831 /* Kingfisher.framework */ = {isa = PBXFileReference; lastKnownFileType = wrapper.framework; name = Kingfisher.framework; path = Carthage/Build/iOS/Kingfisher.framework; sourceTree = "<group>"; };
		C77043C3223E530300B91831 /* LoginViewController.swift */ = {isa = PBXFileReference; lastKnownFileType = sourcecode.swift; path = LoginViewController.swift; sourceTree = "<group>"; };
		C78217C7209BD32700C19E2F /* Base */ = {isa = PBXFileReference; lastKnownFileType = file.storyboard; name = Base; path = Base.lproj/Main.storyboard; sourceTree = "<group>"; };
		C78217C8209BD32700C19E2F /* Base */ = {isa = PBXFileReference; lastKnownFileType = file.storyboard; name = Base; path = Base.lproj/LaunchScreen.storyboard; sourceTree = "<group>"; };
		C78ECA9A2206E57F001909C3 /* StoreMainViewController.swift */ = {isa = PBXFileReference; lastKnownFileType = sourcecode.swift; path = StoreMainViewController.swift; sourceTree = "<group>"; };
		C7905B4420956F0300CE3D17 /* WordTableCell.swift */ = {isa = PBXFileReference; lastKnownFileType = sourcecode.swift; path = WordTableCell.swift; sourceTree = "<group>"; };
		C79F3361221D8A2E00D52BDF /* DictViewTableCell.swift */ = {isa = PBXFileReference; lastKnownFileType = sourcecode.swift; path = DictViewTableCell.swift; sourceTree = "<group>"; };
		C7A97416209A8FD700A41D02 /* ManagedEpubURL.swift */ = {isa = PBXFileReference; lastKnownFileType = sourcecode.swift; path = ManagedEpubURL.swift; sourceTree = "<group>"; };
		C7A97421209AA65900A41D02 /* ShareError.swift */ = {isa = PBXFileReference; lastKnownFileType = sourcecode.swift; path = ShareError.swift; sourceTree = "<group>"; };
		C7B1C6AF2210E407007CF0D9 /* Alamofire.framework */ = {isa = PBXFileReference; lastKnownFileType = wrapper.framework; name = Alamofire.framework; path = Carthage/Build/iOS/Alamofire.framework; sourceTree = "<group>"; };
		C7B1C6B52210ECF5007CF0D9 /* Downloader.swift */ = {isa = PBXFileReference; lastKnownFileType = sourcecode.swift; path = Downloader.swift; sourceTree = "<group>"; };
		C7C1E3262098058500C909D7 /* app.entitlements */ = {isa = PBXFileReference; lastKnownFileType = text.plist.entitlements; path = app.entitlements; sourceTree = "<group>"; };
		C7C63E91209905900093CC02 /* BookMainViewController.swift */ = {isa = PBXFileReference; lastKnownFileType = sourcecode.swift; path = BookMainViewController.swift; sourceTree = "<group>"; };
		C7C63EA9209946A50093CC02 /* FolioReaderKit.xcodeproj */ = {isa = PBXFileReference; lastKnownFileType = "wrapper.pb-project"; name = FolioReaderKit.xcodeproj; path = FolioReaderKit/FolioReaderKit.xcodeproj; sourceTree = "<group>"; };
		C7D915BF2240D5310073E860 /* SensMainViewController.swift */ = {isa = PBXFileReference; lastKnownFileType = sourcecode.swift; path = SensMainViewController.swift; sourceTree = "<group>"; };
		C7D915C12240DF8F0073E860 /* SensCollectionViewCell.swift */ = {isa = PBXFileReference; lastKnownFileType = sourcecode.swift; path = SensCollectionViewCell.swift; sourceTree = "<group>"; };
		C7D915C42240E2D50073E860 /* EpubViewControllerExtension.swift */ = {isa = PBXFileReference; lastKnownFileType = sourcecode.swift; path = EpubViewControllerExtension.swift; sourceTree = "<group>"; };
		C7D915C82240FAA60073E860 /* HorizontalPageLayout.swift */ = {isa = PBXFileReference; lastKnownFileType = sourcecode.swift; path = HorizontalPageLayout.swift; sourceTree = "<group>"; };
		C7FA5427223476BD006F94C7 /* DictViewController.swift */ = {isa = PBXFileReference; lastKnownFileType = sourcecode.swift; path = DictViewController.swift; sourceTree = "<group>"; };
		C7FC18722239CD87007172ED /* Moya.framework */ = {isa = PBXFileReference; lastKnownFileType = wrapper.framework; name = Moya.framework; path = Carthage/Build/iOS/Moya.framework; sourceTree = "<group>"; };
		C7FC18762239CDAD007172ED /* QuickLayout.framework */ = {isa = PBXFileReference; lastKnownFileType = wrapper.framework; name = QuickLayout.framework; path = Carthage/Build/iOS/QuickLayout.framework; sourceTree = "<group>"; };
		C7FC187A2239CDBD007172ED /* SnapKit.framework */ = {isa = PBXFileReference; lastKnownFileType = wrapper.framework; name = SnapKit.framework; path = Carthage/Build/iOS/SnapKit.framework; sourceTree = "<group>"; };
		C7FC187E2239CDCC007172ED /* SwiftEntryKit.framework */ = {isa = PBXFileReference; lastKnownFileType = wrapper.framework; name = SwiftEntryKit.framework; path = Carthage/Build/iOS/SwiftEntryKit.framework; sourceTree = "<group>"; };
		C7FC18822239CDD7007172ED /* Result.framework */ = {isa = PBXFileReference; lastKnownFileType = wrapper.framework; name = Result.framework; path = Carthage/Build/iOS/Result.framework; sourceTree = "<group>"; };
		C7FC18862239D6B9007172ED /* Realm.framework */ = {isa = PBXFileReference; lastKnownFileType = wrapper.framework; name = Realm.framework; path = Carthage/Build/iOS/Realm.framework; sourceTree = "<group>"; };
		C7FC18872239D6B9007172ED /* RealmSwift.framework */ = {isa = PBXFileReference; lastKnownFileType = wrapper.framework; name = RealmSwift.framework; path = Carthage/Build/iOS/RealmSwift.framework; sourceTree = "<group>"; };
		C7FC188E2239D748007172ED /* Book.swift */ = {isa = PBXFileReference; lastKnownFileType = sourcecode.swift; path = Book.swift; sourceTree = "<group>"; };
		C7FC18942239E4E5007172ED /* API.swift */ = {isa = PBXFileReference; lastKnownFileType = sourcecode.swift; path = API.swift; sourceTree = "<group>"; };
		C7FC18982239EE07007172ED /* ReactiveMoya.framework */ = {isa = PBXFileReference; lastKnownFileType = wrapper.framework; name = ReactiveMoya.framework; path = Carthage/Build/iOS/ReactiveMoya.framework; sourceTree = "<group>"; };
		C7FC18992239EE08007172ED /* ReactiveSwift.framework */ = {isa = PBXFileReference; lastKnownFileType = wrapper.framework; name = ReactiveSwift.framework; path = Carthage/Build/iOS/ReactiveSwift.framework; sourceTree = "<group>"; };
		C7FC18A02239EEE9007172ED /* Category.swift */ = {isa = PBXFileReference; lastKnownFileType = sourcecode.swift; path = Category.swift; sourceTree = "<group>"; };
		C7FC18A22239F07F007172ED /* Review.swift */ = {isa = PBXFileReference; lastKnownFileType = sourcecode.swift; path = Review.swift; sourceTree = "<group>"; };
		C7FC18A42239F0F9007172ED /* RecommendInfo.swift */ = {isa = PBXFileReference; lastKnownFileType = sourcecode.swift; path = RecommendInfo.swift; sourceTree = "<group>"; };
		C7FC18A62239F1F7007172ED /* Memory.swift */ = {isa = PBXFileReference; lastKnownFileType = sourcecode.swift; path = Memory.swift; sourceTree = "<group>"; };
		C7FC18AA223A0139007172ED /* Progress.swift */ = {isa = PBXFileReference; lastKnownFileType = sourcecode.swift; path = Progress.swift; sourceTree = "<group>"; };
		C7FC18AC223A014A007172ED /* Result.swift */ = {isa = PBXFileReference; lastKnownFileType = sourcecode.swift; path = Result.swift; sourceTree = "<group>"; };
		C7FC18AE223A12DD007172ED /* APIService.swift */ = {isa = PBXFileReference; lastKnownFileType = sourcecode.swift; path = APIService.swift; sourceTree = "<group>"; };
		C7FC18B0223A2148007172ED /* Reachability.framework */ = {isa = PBXFileReference; lastKnownFileType = wrapper.framework; name = Reachability.framework; path = Carthage/Build/iOS/Reachability.framework; sourceTree = "<group>"; };
		C7FC18B4223A346D007172ED /* ReachabilityService.swift */ = {isa = PBXFileReference; lastKnownFileType = sourcecode.swift; path = ReachabilityService.swift; sourceTree = "<group>"; };
		C7FC18B6223A360D007172ED /* Config.swift */ = {isa = PBXFileReference; lastKnownFileType = sourcecode.swift; path = Config.swift; sourceTree = "<group>"; };
		C7FC18B8223A364E007172ED /* RealmService.swift */ = {isa = PBXFileReference; lastKnownFileType = sourcecode.swift; path = RealmService.swift; sourceTree = "<group>"; };
		C7FC18BA223A3C45007172ED /* GoraniError.swift */ = {isa = PBXFileReference; lastKnownFileType = sourcecode.swift; path = GoraniError.swift; sourceTree = "<group>"; };
/* End PBXFileReference section */

/* Begin PBXFrameworksBuildPhase section */
		C74CEFD1208C899F002765D6 /* Frameworks */ = {
			isa = PBXFrameworksBuildPhase;
			buildActionMask = 2147483647;
			files = (
				C7FC187B2239CDBE007172ED /* SnapKit.framework in Frameworks */,
				C7FC189B2239EE08007172ED /* ReactiveSwift.framework in Frameworks */,
				C7FC18842239CDD9007172ED /* Result.framework in Frameworks */,
				C7FC188C2239D6C3007172ED /* RealmSwift.framework in Frameworks */,
				C7362F22209BE21B0081B012 /* SQLite.framework in Frameworks */,
				C7FC18802239CDCF007172ED /* SwiftEntryKit.framework in Frameworks */,
				C7FC189A2239EE08007172ED /* ReactiveMoya.framework in Frameworks */,
				C7FC18882239D6B9007172ED /* Realm.framework in Frameworks */,
				C7FC189E2239EE15007172ED /* ReactiveSwift.framework in Frameworks */,
				C7FC18742239CD89007172ED /* Moya.framework in Frameworks */,
				C77043B7223E47EC00B91831 /* Kingfisher.framework in Frameworks */,
				B13393BA20AB6CC400F34525 /* SwipeCellKit.framework in Frameworks */,
				B19942E920A1BCE0004CF61A /* FolioReaderKit.framework in Frameworks */,
				C7FC189C2239EE11007172ED /* ReactiveMoya.framework in Frameworks */,
				C7FC18782239CDAF007172ED /* QuickLayout.framework in Frameworks */,
				C77043BD223E4B3400B91831 /* Kingfisher.framework in Frameworks */,
				C7FC18832239CDD7007172ED /* Result.framework in Frameworks */,
				C7FC18B1223A2148007172ED /* Reachability.framework in Frameworks */,
				C7FC18772239CDAD007172ED /* QuickLayout.framework in Frameworks */,
				C7FC18892239D6B9007172ED /* RealmSwift.framework in Frameworks */,
				C7FC18B2223A214E007172ED /* Reachability.framework in Frameworks */,
				C7FC188A2239D6C1007172ED /* Realm.framework in Frameworks */,
				C7FC186E2239CD65007172ED /* Alamofire.framework in Frameworks */,
				C7FC187F2239CDCD007172ED /* SwiftEntryKit.framework in Frameworks */,
				C7FC187C2239CDBF007172ED /* SnapKit.framework in Frameworks */,
			);
			runOnlyForDeploymentPostprocessing = 0;
		};
/* End PBXFrameworksBuildPhase section */

/* Begin PBXGroup section */
		702F24C22323D91C0487792D /* Frameworks */ = {
			isa = PBXGroup;
			children = (
				C77043B6223E47EC00B91831 /* Kingfisher.framework */,
				C7FC18B0223A2148007172ED /* Reachability.framework */,
				C7FC18982239EE07007172ED /* ReactiveMoya.framework */,
				C7FC18992239EE08007172ED /* ReactiveSwift.framework */,
				C7FC18862239D6B9007172ED /* Realm.framework */,
				C7FC18872239D6B9007172ED /* RealmSwift.framework */,
				C7FC18822239CDD7007172ED /* Result.framework */,
				C7FC187E2239CDCC007172ED /* SwiftEntryKit.framework */,
				C7FC187A2239CDBD007172ED /* SnapKit.framework */,
				C7FC18762239CDAD007172ED /* QuickLayout.framework */,
				C7FC18722239CD87007172ED /* Moya.framework */,
				C7B1C6AF2210E407007CF0D9 /* Alamofire.framework */,
				B13393B920AB6CC400F34525 /* SwipeCellKit.framework */,
				B19942E520A1BCA4004CF61A /* Regex.framework */,
				C7362F21209BE21B0081B012 /* SQLite.framework */,
				C7362F0D209BE1FE0081B012 /* AEXML.framework */,
				C7362F0A209BE1FE0081B012 /* FontBlaster.framework */,
				C7362F0B209BE1FE0081B012 /* JSQWebViewController.framework */,
				C7362F0E209BE1FE0081B012 /* MenuItemKit.framework */,
				C7362F0C209BE1FE0081B012 /* ZFDragableModalTransition.framework */,
				C7362F08209BE1FE0081B012 /* ZipArchive.framework */,
				C7C63EA9209946A50093CC02 /* FolioReaderKit.xcodeproj */,
			);
			name = Frameworks;
			sourceTree = "<group>";
		};
		B13393B620AB2AD500F34525 /* Tab */ = {
			isa = PBXGroup;
			children = (
				B13393B720AB2AE600F34525 /* TabViewController.swift */,
			);
			path = Tab;
			sourceTree = "<group>";
		};
		B143AF8720A4704F003341A3 /* Models */ = {
			isa = PBXGroup;
			children = (
				C7FC18BC223A457F007172ED /* Dict */,
				B143AF8820A4704F003341A3 /* Sens.swift */,
				C7FC188E2239D748007172ED /* Book.swift */,
				C7FC18A02239EEE9007172ED /* Category.swift */,
				C7FC18A22239F07F007172ED /* Review.swift */,
				C7FC18A42239F0F9007172ED /* RecommendInfo.swift */,
				C7FC18A62239F1F7007172ED /* Memory.swift */,
				C7FC18AA223A0139007172ED /* Progress.swift */,
				C7FC18AC223A014A007172ED /* Result.swift */,
				C7FC18B6223A360D007172ED /* Config.swift */,
				C7FC18BA223A3C45007172ED /* GoraniError.swift */,
				C77043B4223E219E00B91831 /* Content.swift */,
			);
			path = Models;
			sourceTree = "<group>";
		};
		B143AF9220A4704F003341A3 /* Utils */ = {
			isa = PBXGroup;
			children = (
				C7A97421209AA65900A41D02 /* ShareError.swift */,
				C7A97416209A8FD700A41D02 /* ManagedEpubURL.swift */,
				B143AF9320A4704F003341A3 /* FileUtill.swift */,
				B143AF9420A4704F003341A3 /* Helper.swift */,
				B143AF9520A4704F003341A3 /* IPA.swift */,
				B143AF9620A4704F003341A3 /* Ease.swift */,
				B143AF9720A4704F003341A3 /* Verb.swift */,
				B143AF9820A4704F003341A3 /* UIUtill.swift */,
				B143AF9920A4704F003341A3 /* Keys.swift */,
				C7B1C6B52210ECF5007CF0D9 /* Downloader.swift */,
			);
			path = Utils;
			sourceTree = "<group>";
		};
		C7403AE72091767D00099119 /* Word */ = {
			isa = PBXGroup;
			children = (
				C7403AEA209176D800099119 /* WordMainViewController.swift */,
				C7905B4420956F0300CE3D17 /* WordTableCell.swift */,
				B13393BF20ACB86C00F34525 /* ModalViewController.swift */,
			);
			path = Word;
			sourceTree = "<group>";
		};
		C74CEFCB208C899F002765D6 = {
			isa = PBXGroup;
			children = (
				B13393B220A8F78D00F34525 /* .gitignore */,
				B124047220A8CD90005EAE4F /* Cartfile */,
				C74CEFD6208C899F002765D6 /* App */,
				C74CEFD5208C899F002765D6 /* Products */,
				702F24C22323D91C0487792D /* Frameworks */,
			);
			sourceTree = "<group>";
		};
		C74CEFD5208C899F002765D6 /* Products */ = {
			isa = PBXGroup;
			children = (
				C74CEFD4208C899F002765D6 /* app.app */,
			);
			name = Products;
			sourceTree = "<group>";
		};
		C74CEFD6208C899F002765D6 /* App */ = {
			isa = PBXGroup;
			children = (
				C77043AC223DFFDC00B91831 /* Views */,
				C7FC18912239E178007172ED /* Services */,
				C759AD7A221EDB1E00166B2A /* ViewControllers */,
				B143AF8720A4704F003341A3 /* Models */,
				B143AF9220A4704F003341A3 /* Utils */,
				C78217BB209BC1CF00C19E2F /* Resources */,
				C7C1E3262098058500C909D7 /* app.entitlements */,
				C74CEFD7208C899F002765D6 /* AppDelegate.swift */,
				C74CEFE1208C89A1002765D6 /* Assets.xcassets */,
				C74CEFDB208C899F002765D6 /* Main.storyboard */,
				B1A2125120ACDC2F0067A6DD /* Localizable.strings */,
				C74CEFE3208C89A1002765D6 /* LaunchScreen.storyboard */,
				C74CEFE6208C89A1002765D6 /* Info.plist */,
				C74CEFDE208C899F002765D6 /* app.xcdatamodeld */,
			);
			path = App;
			sourceTree = "<group>";
		};
		C759AD7A221EDB1E00166B2A /* ViewControllers */ = {
			isa = PBXGroup;
			children = (
				B13393B620AB2AD500F34525 /* Tab */,
				C77043C0223E52EB00B91831 /* Auth */,
				C759AD7D221EEA6300166B2A /* Recommend */,
				C78ECA942206E51E001909C3 /* Store */,
				C7403AE72091767D00099119 /* Word */,
				C7C1E2FF2098016D00C909D7 /* Book */,
			);
			path = ViewControllers;
			sourceTree = "<group>";
		};
		C759AD7D221EEA6300166B2A /* Recommend */ = {
			isa = PBXGroup;
			children = (
				C759AD7E221EEA9400166B2A /* RecommendMainViewController.swift */,
			);
			path = Recommend;
			sourceTree = "<group>";
		};
		C77043A9223DFFB800B91831 /* ViewCells */ = {
			isa = PBXGroup;
			children = (
				C79F3361221D8A2E00D52BDF /* DictViewTableCell.swift */,
				C77043AA223DFFD400B91831 /* BookListTableViewCell.swift */,
				C7D915C12240DF8F0073E860 /* SensCollectionViewCell.swift */,
			);
			path = ViewCells;
			sourceTree = "<group>";
		};
		C77043AC223DFFDC00B91831 /* Views */ = {
			isa = PBXGroup;
			children = (
				C77043AD223E0E3600B91831 /* CircleBar */,
				C77043A9223DFFB800B91831 /* ViewCells */,
				C7D915C82240FAA60073E860 /* HorizontalPageLayout.swift */,
			);
			path = Views;
			sourceTree = "<group>";
		};
		C77043AD223E0E3600B91831 /* CircleBar */ = {
			isa = PBXGroup;
			children = (
				C77043AE223E0E4A00B91831 /* CircleBarView.swift */,
			);
			path = CircleBar;
			sourceTree = "<group>";
		};
		C77043C0223E52EB00B91831 /* Auth */ = {
			isa = PBXGroup;
			children = (
				C77043C3223E530300B91831 /* LoginViewController.swift */,
			);
			path = Auth;
			sourceTree = "<group>";
		};
		C78217BB209BC1CF00C19E2F /* Resources */ = {
			isa = PBXGroup;
			children = (
				B19942DC20A1B072004CF61A /* dict.db */,
			);
			path = Resources;
			sourceTree = "<group>";
		};
		C78ECA942206E51E001909C3 /* Store */ = {
			isa = PBXGroup;
			children = (
				C78ECA9A2206E57F001909C3 /* StoreMainViewController.swift */,
				C742DD8A2209567A00CD737A /* SearchHomeViewController.swift */,
				C742DD8E2209568800CD737A /* SearchResultViewController.swift */,
			);
			path = Store;
			sourceTree = "<group>";
		};
		C7C1E2FF2098016D00C909D7 /* Book */ = {
			isa = PBXGroup;
			children = (
				C7D915BF2240D5310073E860 /* SensMainViewController.swift */,
				C7FA5427223476BD006F94C7 /* DictViewController.swift */,
				C7C63E91209905900093CC02 /* BookMainViewController.swift */,
				C7D915C42240E2D50073E860 /* EpubViewControllerExtension.swift */,
			);
			path = Book;
			sourceTree = "<group>";
		};
		C7C63EAA209946A50093CC02 /* Products */ = {
			isa = PBXGroup;
			children = (
				C7C63EAF209946A50093CC02 /* FolioReaderKit.framework */,
				C7C63EB1209946A50093CC02 /* FolioReaderKitTests.xctest */,
			);
			name = Products;
			sourceTree = "<group>";
		};
		C7FC18912239E178007172ED /* Services */ = {
			isa = PBXGroup;
			children = (
				B143AF8B20A4704F003341A3 /* DictService.swift */,
				C7FC18942239E4E5007172ED /* API.swift */,
				C7FC18AE223A12DD007172ED /* APIService.swift */,
				C7FC18B4223A346D007172ED /* ReachabilityService.swift */,
				C7FC18B8223A364E007172ED /* RealmService.swift */,
				C77043B2223E214700B91831 /* ContentService.swift */,
			);
			path = Services;
			sourceTree = "<group>";
		};
		C7FC18BC223A457F007172ED /* Dict */ = {
			isa = PBXGroup;
			children = (
				B143AF9020A4704F003341A3 /* DictExample.swift */,
				B143AF9120A4704F003341A3 /* DictDefinition.swift */,
				B143AF8F20A4704F003341A3 /* DictEntry.swift */,
				B143AF8E20A4704F003341A3 /* POS.swift */,
			);
			path = Dict;
			sourceTree = "<group>";
		};
/* End PBXGroup section */

/* Begin PBXNativeTarget section */
		C74CEFD3208C899F002765D6 /* app */ = {
			isa = PBXNativeTarget;
			buildConfigurationList = C74CEFE9208C89A1002765D6 /* Build configuration list for PBXNativeTarget "app" */;
			buildPhases = (
				C74CEFD0208C899F002765D6 /* Sources */,
				C74CEFD1208C899F002765D6 /* Frameworks */,
				C74CEFD2208C899F002765D6 /* Resources */,
				C7C57B22208E96D300C992CF /* Embed App Extensions */,
				C7821805209BE09100C19E2F /* CopyFiles */,
			);
			buildRules = (
			);
			dependencies = (
			);
			name = app;
			productName = app;
			productReference = C74CEFD4208C899F002765D6 /* app.app */;
			productType = "com.apple.product-type.application";
		};
/* End PBXNativeTarget section */

/* Begin PBXProject section */
		C74CEFCC208C899F002765D6 /* Project object */ = {
			isa = PBXProject;
			attributes = {
				LastSwiftUpdateCheck = 0930;
				LastUpgradeCheck = 0930;
				ORGANIZATIONNAME = sunho;
				TargetAttributes = {
					C74CEFD3208C899F002765D6 = {
						CreatedOnToolsVersion = 9.3;
						LastSwiftMigration = 1010;
						SystemCapabilities = {
							com.apple.ApplicationGroups.iOS = {
								enabled = 1;
							};
						};
					};
				};
			};
			buildConfigurationList = C74CEFCF208C899F002765D6 /* Build configuration list for PBXProject "app" */;
			compatibilityVersion = "Xcode 9.3";
			developmentRegion = en;
			hasScannedForEncodings = 0;
			knownRegions = (
				Base,
			);
			mainGroup = C74CEFCB208C899F002765D6;
			productRefGroup = C74CEFD5208C899F002765D6 /* Products */;
			projectDirPath = "";
			projectReferences = (
				{
					ProductGroup = C7C63EAA209946A50093CC02 /* Products */;
					ProjectRef = C7C63EA9209946A50093CC02 /* FolioReaderKit.xcodeproj */;
				},
			);
			projectRoot = "";
			targets = (
				C74CEFD3208C899F002765D6 /* app */,
			);
		};
/* End PBXProject section */

/* Begin PBXReferenceProxy section */
		C7C63EAF209946A50093CC02 /* FolioReaderKit.framework */ = {
			isa = PBXReferenceProxy;
			fileType = wrapper.framework;
			path = FolioReaderKit.framework;
			remoteRef = C7C63EAE209946A50093CC02 /* PBXContainerItemProxy */;
			sourceTree = BUILT_PRODUCTS_DIR;
		};
		C7C63EB1209946A50093CC02 /* FolioReaderKitTests.xctest */ = {
			isa = PBXReferenceProxy;
			fileType = wrapper.cfbundle;
			path = FolioReaderKitTests.xctest;
			remoteRef = C7C63EB0209946A50093CC02 /* PBXContainerItemProxy */;
			sourceTree = BUILT_PRODUCTS_DIR;
		};
/* End PBXReferenceProxy section */

/* Begin PBXResourcesBuildPhase section */
		C74CEFD2208C899F002765D6 /* Resources */ = {
			isa = PBXResourcesBuildPhase;
			buildActionMask = 2147483647;
			files = (
				B124047520A8CD90005EAE4F /* Cartfile in Resources */,
				C74CEFE5208C89A1002765D6 /* LaunchScreen.storyboard in Resources */,
				B19942DD20A1B072004CF61A /* dict.db in Resources */,
				C74CEFE2208C89A1002765D6 /* Assets.xcassets in Resources */,
				B1A2125320ACDDA90067A6DD /* Localizable.strings in Resources */,
				B13393B320A8F78D00F34525 /* .gitignore in Resources */,
				C74CEFDD208C899F002765D6 /* Main.storyboard in Resources */,
			);
			runOnlyForDeploymentPostprocessing = 0;
		};
/* End PBXResourcesBuildPhase section */

/* Begin PBXSourcesBuildPhase section */
		C74CEFD0208C899F002765D6 /* Sources */ = {
			isa = PBXSourcesBuildPhase;
			buildActionMask = 2147483647;
			files = (
				C77043B5223E219E00B91831 /* Content.swift in Sources */,
				C77043AF223E0E4A00B91831 /* CircleBarView.swift in Sources */,
				B143B05420A47613003341A3 /* DictExample.swift in Sources */,
				C7905B4520956F0300CE3D17 /* WordTableCell.swift in Sources */,
				C742DD8B2209567A00CD737A /* SearchHomeViewController.swift in Sources */,
				B143B05B20A47617003341A3 /* UIUtill.swift in Sources */,
				C7FC18952239E4E5007172ED /* API.swift in Sources */,
				C7FC18A52239F0F9007172ED /* RecommendInfo.swift in Sources */,
				C7FC18AD223A014A007172ED /* Result.swift in Sources */,
				C7C63E92209905900093CC02 /* BookMainViewController.swift in Sources */,
				C7FC18A12239EEE9007172ED /* Category.swift in Sources */,
				B143B05C20A47617003341A3 /* Keys.swift in Sources */,
				C77043C4223E530300B91831 /* LoginViewController.swift in Sources */,
				B143B05820A47617003341A3 /* IPA.swift in Sources */,
				C7FC18B7223A360D007172ED /* Config.swift in Sources */,
				C7FC18AB223A0139007172ED /* Progress.swift in Sources */,
				C77043AB223DFFD400B91831 /* BookListTableViewCell.swift in Sources */,
				C7B1C6B62210ECF5007CF0D9 /* Downloader.swift in Sources */,
				C78ECA932206BCC1001909C3 /* ShareError.swift in Sources */,
				C7FC18B5223A346D007172ED /* ReachabilityService.swift in Sources */,
				C7D915C52240E2D50073E860 /* EpubViewControllerExtension.swift in Sources */,
				B143B04F20A47613003341A3 /* DictService.swift in Sources */,
				B143B05520A47613003341A3 /* DictDefinition.swift in Sources */,
				C7D915C92240FAA60073E860 /* HorizontalPageLayout.swift in Sources */,
				C7FC18BB223A3C45007172ED /* GoraniError.swift in Sources */,
				B143B05920A47617003341A3 /* Ease.swift in Sources */,
				C7403AEB209176D800099119 /* WordMainViewController.swift in Sources */,
				B143B05720A47617003341A3 /* Helper.swift in Sources */,
				B13393C020ACB86C00F34525 /* ModalViewController.swift in Sources */,
				C7FC18B9223A364E007172ED /* RealmService.swift in Sources */,
				C74CEFD8208C899F002765D6 /* AppDelegate.swift in Sources */,
				C7FC188F2239D748007172ED /* Book.swift in Sources */,
				C78ECA9B2206E57F001909C3 /* StoreMainViewController.swift in Sources */,
				C7D915C22240DF8F0073E860 /* SensCollectionViewCell.swift in Sources */,
				B13393B820AB2AE600F34525 /* TabViewController.swift in Sources */,
				B143B05220A47613003341A3 /* POS.swift in Sources */,
				C7FC18AF223A12DD007172ED /* APIService.swift in Sources */,
				B143B05320A47613003341A3 /* DictEntry.swift in Sources */,
				B143B04C20A47613003341A3 /* Sens.swift in Sources */,
				C7D915C02240D5310073E860 /* SensMainViewController.swift in Sources */,
				B143B05A20A47617003341A3 /* Verb.swift in Sources */,
				B143B05620A47617003341A3 /* FileUtill.swift in Sources */,
				C742DD8F2209568800CD737A /* SearchResultViewController.swift in Sources */,
				C7FC18A32239F07F007172ED /* Review.swift in Sources */,
				C78ECA912206BCB4001909C3 /* ManagedEpubURL.swift in Sources */,
				C77043B3223E214700B91831 /* ContentService.swift in Sources */,
				C7FC18A72239F1F7007172ED /* Memory.swift in Sources */,
				C759AD7F221EEA9400166B2A /* RecommendMainViewController.swift in Sources */,
				C79F3362221D8A2E00D52BDF /* DictViewTableCell.swift in Sources */,
				C74CEFE0208C899F002765D6 /* app.xcdatamodeld in Sources */,
				C7FA5428223476BD006F94C7 /* DictViewController.swift in Sources */,
			);
			runOnlyForDeploymentPostprocessing = 0;
		};
/* End PBXSourcesBuildPhase section */

/* Begin PBXVariantGroup section */
		B1A2125120ACDC2F0067A6DD /* Localizable.strings */ = {
			isa = PBXVariantGroup;
			children = (
				B1A2125220ACDC2F0067A6DD /* Base */,
			);
			name = Localizable.strings;
			sourceTree = "<group>";
		};
		C74CEFDB208C899F002765D6 /* Main.storyboard */ = {
			isa = PBXVariantGroup;
			children = (
				C78217C7209BD32700C19E2F /* Base */,
			);
			name = Main.storyboard;
			sourceTree = "<group>";
		};
		C74CEFE3208C89A1002765D6 /* LaunchScreen.storyboard */ = {
			isa = PBXVariantGroup;
			children = (
				C78217C8209BD32700C19E2F /* Base */,
			);
			name = LaunchScreen.storyboard;
			sourceTree = "<group>";
		};
/* End PBXVariantGroup section */

/* Begin XCBuildConfiguration section */
		C74CEFE7208C89A1002765D6 /* Debug */ = {
			isa = XCBuildConfiguration;
			buildSettings = {
				ALWAYS_SEARCH_USER_PATHS = NO;
				CLANG_ANALYZER_LOCALIZABILITY_NONLOCALIZED = YES;
				CLANG_ANALYZER_NONNULL = YES;
				CLANG_ANALYZER_NUMBER_OBJECT_CONVERSION = YES_AGGRESSIVE;
				CLANG_CXX_LANGUAGE_STANDARD = "gnu++14";
				CLANG_CXX_LIBRARY = "libc++";
				CLANG_ENABLE_MODULES = YES;
				CLANG_ENABLE_OBJC_ARC = YES;
				CLANG_ENABLE_OBJC_WEAK = YES;
				CLANG_WARN_BLOCK_CAPTURE_AUTORELEASING = YES;
				CLANG_WARN_BOOL_CONVERSION = YES;
				CLANG_WARN_COMMA = YES;
				CLANG_WARN_CONSTANT_CONVERSION = YES;
				CLANG_WARN_DEPRECATED_OBJC_IMPLEMENTATIONS = YES;
				CLANG_WARN_DIRECT_OBJC_ISA_USAGE = YES_ERROR;
				CLANG_WARN_DOCUMENTATION_COMMENTS = YES;
				CLANG_WARN_EMPTY_BODY = YES;
				CLANG_WARN_ENUM_CONVERSION = YES;
				CLANG_WARN_INFINITE_RECURSION = YES;
				CLANG_WARN_INT_CONVERSION = YES;
				CLANG_WARN_NON_LITERAL_NULL_CONVERSION = YES;
				CLANG_WARN_OBJC_IMPLICIT_RETAIN_SELF = YES;
				CLANG_WARN_OBJC_LITERAL_CONVERSION = YES;
				CLANG_WARN_OBJC_ROOT_CLASS = YES_ERROR;
				CLANG_WARN_RANGE_LOOP_ANALYSIS = YES;
				CLANG_WARN_STRICT_PROTOTYPES = YES;
				CLANG_WARN_SUSPICIOUS_MOVE = YES;
				CLANG_WARN_UNGUARDED_AVAILABILITY = YES_AGGRESSIVE;
				CLANG_WARN_UNREACHABLE_CODE = YES;
				CLANG_WARN__DUPLICATE_METHOD_MATCH = YES;
				CODE_SIGN_IDENTITY = "iPhone Developer";
				COPY_PHASE_STRIP = NO;
				DEBUG_INFORMATION_FORMAT = dwarf;
				ENABLE_STRICT_OBJC_MSGSEND = YES;
				ENABLE_TESTABILITY = YES;
				GCC_C_LANGUAGE_STANDARD = gnu11;
				GCC_DYNAMIC_NO_PIC = NO;
				GCC_NO_COMMON_BLOCKS = YES;
				GCC_OPTIMIZATION_LEVEL = 0;
				GCC_PREPROCESSOR_DEFINITIONS = (
					"DEBUG=1",
					"$(inherited)",
				);
				GCC_WARN_64_TO_32_BIT_CONVERSION = YES;
				GCC_WARN_ABOUT_RETURN_TYPE = YES_ERROR;
				GCC_WARN_UNDECLARED_SELECTOR = YES;
				GCC_WARN_UNINITIALIZED_AUTOS = YES_AGGRESSIVE;
				GCC_WARN_UNUSED_FUNCTION = YES;
				GCC_WARN_UNUSED_VARIABLE = YES;
				IPHONEOS_DEPLOYMENT_TARGET = 11.3;
				MTL_ENABLE_DEBUG_INFO = YES;
				ONLY_ACTIVE_ARCH = YES;
				SDKROOT = iphoneos;
				SWIFT_ACTIVE_COMPILATION_CONDITIONS = DEBUG;
				SWIFT_OPTIMIZATION_LEVEL = "-Onone";
			};
			name = Debug;
		};
		C74CEFE8208C89A1002765D6 /* Release */ = {
			isa = XCBuildConfiguration;
			buildSettings = {
				ALWAYS_SEARCH_USER_PATHS = NO;
				CLANG_ANALYZER_LOCALIZABILITY_NONLOCALIZED = YES;
				CLANG_ANALYZER_NONNULL = YES;
				CLANG_ANALYZER_NUMBER_OBJECT_CONVERSION = YES_AGGRESSIVE;
				CLANG_CXX_LANGUAGE_STANDARD = "gnu++14";
				CLANG_CXX_LIBRARY = "libc++";
				CLANG_ENABLE_MODULES = YES;
				CLANG_ENABLE_OBJC_ARC = YES;
				CLANG_ENABLE_OBJC_WEAK = YES;
				CLANG_WARN_BLOCK_CAPTURE_AUTORELEASING = YES;
				CLANG_WARN_BOOL_CONVERSION = YES;
				CLANG_WARN_COMMA = YES;
				CLANG_WARN_CONSTANT_CONVERSION = YES;
				CLANG_WARN_DEPRECATED_OBJC_IMPLEMENTATIONS = YES;
				CLANG_WARN_DIRECT_OBJC_ISA_USAGE = YES_ERROR;
				CLANG_WARN_DOCUMENTATION_COMMENTS = YES;
				CLANG_WARN_EMPTY_BODY = YES;
				CLANG_WARN_ENUM_CONVERSION = YES;
				CLANG_WARN_INFINITE_RECURSION = YES;
				CLANG_WARN_INT_CONVERSION = YES;
				CLANG_WARN_NON_LITERAL_NULL_CONVERSION = YES;
				CLANG_WARN_OBJC_IMPLICIT_RETAIN_SELF = YES;
				CLANG_WARN_OBJC_LITERAL_CONVERSION = YES;
				CLANG_WARN_OBJC_ROOT_CLASS = YES_ERROR;
				CLANG_WARN_RANGE_LOOP_ANALYSIS = YES;
				CLANG_WARN_STRICT_PROTOTYPES = YES;
				CLANG_WARN_SUSPICIOUS_MOVE = YES;
				CLANG_WARN_UNGUARDED_AVAILABILITY = YES_AGGRESSIVE;
				CLANG_WARN_UNREACHABLE_CODE = YES;
				CLANG_WARN__DUPLICATE_METHOD_MATCH = YES;
				CODE_SIGN_IDENTITY = "iPhone Developer";
				COPY_PHASE_STRIP = NO;
				DEBUG_INFORMATION_FORMAT = "dwarf-with-dsym";
				ENABLE_NS_ASSERTIONS = NO;
				ENABLE_STRICT_OBJC_MSGSEND = YES;
				GCC_C_LANGUAGE_STANDARD = gnu11;
				GCC_NO_COMMON_BLOCKS = YES;
				GCC_WARN_64_TO_32_BIT_CONVERSION = YES;
				GCC_WARN_ABOUT_RETURN_TYPE = YES_ERROR;
				GCC_WARN_UNDECLARED_SELECTOR = YES;
				GCC_WARN_UNINITIALIZED_AUTOS = YES_AGGRESSIVE;
				GCC_WARN_UNUSED_FUNCTION = YES;
				GCC_WARN_UNUSED_VARIABLE = YES;
				IPHONEOS_DEPLOYMENT_TARGET = 11.3;
				MTL_ENABLE_DEBUG_INFO = NO;
				SDKROOT = iphoneos;
				SWIFT_COMPILATION_MODE = wholemodule;
				SWIFT_OPTIMIZATION_LEVEL = "-O";
				VALIDATE_PRODUCT = YES;
			};
			name = Release;
		};
		C74CEFEA208C89A1002765D6 /* Debug */ = {
			isa = XCBuildConfiguration;
			buildSettings = {
				ALWAYS_EMBED_SWIFT_STANDARD_LIBRARIES = YES;
				CLANG_ENABLE_MODULES = YES;
				CODE_SIGN_ENTITLEMENTS = App/app.entitlements;
				CODE_SIGN_STYLE = Automatic;
				DEVELOPMENT_TEAM = GND7ZFZ8Y8;
				ENABLE_TESTABILITY = YES;
				FRAMEWORK_SEARCH_PATHS = (
					"$(inherited)",
					"$(PROJECT_DIR)/FolioReaderKit/Carthage/Build/iOS",
					"$(PROJECT_DIR)/Carthage/Build/iOS",
					"$(PROJECT_DIR)",
				);
				INFOPLIST_FILE = app/Info.plist;
				IPHONEOS_DEPLOYMENT_TARGET = 10.0;
				LD_RUNPATH_SEARCH_PATHS = (
					"$(inherited)",
					"@executable_path/Frameworks",
				);
				PRODUCT_BUNDLE_IDENTIFIER = kim.sunho.gorani;
				PRODUCT_NAME = "$(TARGET_NAME)";
				SWIFT_OPTIMIZATION_LEVEL = "-Onone";
				SWIFT_VERSION = 4.2;
				TARGETED_DEVICE_FAMILY = 1;
			};
			name = Debug;
		};
		C74CEFEB208C89A1002765D6 /* Release */ = {
			isa = XCBuildConfiguration;
			buildSettings = {
				ALWAYS_EMBED_SWIFT_STANDARD_LIBRARIES = YES;
				CLANG_ENABLE_MODULES = YES;
				CODE_SIGN_ENTITLEMENTS = App/app.entitlements;
				CODE_SIGN_STYLE = Automatic;
				DEVELOPMENT_TEAM = GND7ZFZ8Y8;
				ENABLE_TESTABILITY = NO;
				FRAMEWORK_SEARCH_PATHS = (
					"$(inherited)",
					"$(PROJECT_DIR)/FolioReaderKit/Carthage/Build/iOS",
					"$(PROJECT_DIR)/Carthage/Build/iOS",
					"$(PROJECT_DIR)",
				);
				INFOPLIST_FILE = app/Info.plist;
				IPHONEOS_DEPLOYMENT_TARGET = 10.0;
				LD_RUNPATH_SEARCH_PATHS = (
					"$(inherited)",
					"@executable_path/Frameworks",
				);
				PRODUCT_BUNDLE_IDENTIFIER = kim.sunho.gorani;
				PRODUCT_NAME = "$(TARGET_NAME)";
				SWIFT_VERSION = 4.2;
				TARGETED_DEVICE_FAMILY = 1;
			};
			name = Release;
		};
/* End XCBuildConfiguration section */

/* Begin XCConfigurationList section */
		C74CEFCF208C899F002765D6 /* Build configuration list for PBXProject "app" */ = {
			isa = XCConfigurationList;
			buildConfigurations = (
				C74CEFE7208C89A1002765D6 /* Debug */,
				C74CEFE8208C89A1002765D6 /* Release */,
			);
			defaultConfigurationIsVisible = 0;
			defaultConfigurationName = Release;
		};
		C74CEFE9208C89A1002765D6 /* Build configuration list for PBXNativeTarget "app" */ = {
			isa = XCConfigurationList;
			buildConfigurations = (
				C74CEFEA208C89A1002765D6 /* Debug */,
				C74CEFEB208C89A1002765D6 /* Release */,
			);
			defaultConfigurationIsVisible = 0;
			defaultConfigurationName = Release;
		};
/* End XCConfigurationList section */

/* Begin XCVersionGroup section */
		C74CEFDE208C899F002765D6 /* app.xcdatamodeld */ = {
			isa = XCVersionGroup;
			children = (
				C74CEFDF208C899F002765D6 /* app.xcdatamodel */,
			);
			currentVersion = C74CEFDF208C899F002765D6 /* app.xcdatamodel */;
			path = app.xcdatamodeld;
			sourceTree = "<group>";
			versionGroupType = wrapper.xcdatamodel;
		};
/* End XCVersionGroup section */
	};
	rootObject = C74CEFCC208C899F002765D6 /* Project object */;
}
