// !$*UTF8*$!
{
	archiveVersion = 1;
	classes = {
	};
	objectVersion = 50;
	objects = {

/* Begin PBXBuildFile section */
		B124047520A8CD90005EAE4F /* Cartfile in Resources */ = {isa = PBXBuildFile; fileRef = B124047220A8CD90005EAE4F /* Cartfile */; };
		B13393B320A8F78D00F34525 /* .gitignore in Resources */ = {isa = PBXBuildFile; fileRef = B13393B220A8F78D00F34525 /* .gitignore */; };
		B143B04C20A47613003341A3 /* Sens.swift in Sources */ = {isa = PBXBuildFile; fileRef = B143AF8820A4704F003341A3 /* Sens.swift */; };
		B143B04F20A47613003341A3 /* DictService.swift in Sources */ = {isa = PBXBuildFile; fileRef = B143AF8B20A4704F003341A3 /* DictService.swift */; };
		B143B05220A47613003341A3 /* POS.swift in Sources */ = {isa = PBXBuildFile; fileRef = B143AF8E20A4704F003341A3 /* POS.swift */; };
		B143B05320A47613003341A3 /* DictEntry.swift in Sources */ = {isa = PBXBuildFile; fileRef = B143AF8F20A4704F003341A3 /* DictEntry.swift */; };
		B143B05520A47613003341A3 /* DictDefinition.swift in Sources */ = {isa = PBXBuildFile; fileRef = B143AF9120A4704F003341A3 /* DictDefinition.swift */; };
		B143B05620A47617003341A3 /* FileUtil.swift in Sources */ = {isa = PBXBuildFile; fileRef = B143AF9320A4704F003341A3 /* FileUtil.swift */; };
		B143B05720A47617003341A3 /* Helper.swift in Sources */ = {isa = PBXBuildFile; fileRef = B143AF9420A4704F003341A3 /* Helper.swift */; };
		B143B05820A47617003341A3 /* IPA.swift in Sources */ = {isa = PBXBuildFile; fileRef = B143AF9520A4704F003341A3 /* IPA.swift */; };
		B143B05A20A47617003341A3 /* Verb.swift in Sources */ = {isa = PBXBuildFile; fileRef = B143AF9720A4704F003341A3 /* Verb.swift */; };
		B143B05B20A47617003341A3 /* UIUtil.swift in Sources */ = {isa = PBXBuildFile; fileRef = B143AF9820A4704F003341A3 /* UIUtil.swift */; };
		C70AD3052268F2CF00BAD495 /* OAuthSwift.framework in Frameworks */ = {isa = PBXBuildFile; fileRef = C70AD3032268F2CF00BAD495 /* OAuthSwift.framework */; };
		C70CD181226621BA00D38AB9 /* RecommendedBook.swift in Sources */ = {isa = PBXBuildFile; fileRef = C70CD180226621BA00D38AB9 /* RecommendedBook.swift */; };
		C70F55BD224FCD4D006DBB0E /* TabBarViewController.swift in Sources */ = {isa = PBXBuildFile; fileRef = C70F55BC224FCD4D006DBB0E /* TabBarViewController.swift */; };
		C70F55C5224FE508006DBB0E /* BubbleTabBar.swift in Sources */ = {isa = PBXBuildFile; fileRef = C70F55C2224FE508006DBB0E /* BubbleTabBar.swift */; };
		C70F55C6224FE508006DBB0E /* CBTabBarButton.swift in Sources */ = {isa = PBXBuildFile; fileRef = C70F55C3224FE508006DBB0E /* CBTabBarButton.swift */; };
		C70F55C7224FE508006DBB0E /* BubbleTabBarController.swift in Sources */ = {isa = PBXBuildFile; fileRef = C70F55C4224FE508006DBB0E /* BubbleTabBarController.swift */; };
		C70F55CB22500779006DBB0E /* GuideTargetBookView.swift in Sources */ = {isa = PBXBuildFile; fileRef = C70F55CA22500779006DBB0E /* GuideTargetBookView.swift */; };
		C70F55CD225008D0006DBB0E /* GuideProgressView.swift in Sources */ = {isa = PBXBuildFile; fileRef = C70F55CC225008D0006DBB0E /* GuideProgressView.swift */; };
		C70F55CF2250094A006DBB0E /* GuideWordCardView.swift in Sources */ = {isa = PBXBuildFile; fileRef = C70F55CE2250094A006DBB0E /* GuideWordCardView.swift */; };
		C70F55D122500959006DBB0E /* GuideRecommendedBookView.swift in Sources */ = {isa = PBXBuildFile; fileRef = C70F55D022500959006DBB0E /* GuideRecommendedBookView.swift */; };
		C70F55D322501596006DBB0E /* GuideRecommendedBookCell.swift in Sources */ = {isa = PBXBuildFile; fileRef = C70F55D222501596006DBB0E /* GuideRecommendedBookCell.swift */; };
		C70F55D6225029AE006DBB0E /* SocialMainViewController.swift in Sources */ = {isa = PBXBuildFile; fileRef = C70F55D5225029AE006DBB0E /* SocialMainViewController.swift */; };
		C70F55D8225029C4006DBB0E /* SocialShareDetailViewController.swift in Sources */ = {isa = PBXBuildFile; fileRef = C70F55D7225029C4006DBB0E /* SocialShareDetailViewController.swift */; };
		C70F55DB225029EC006DBB0E /* SocialMainBestMemoryCell.swift in Sources */ = {isa = PBXBuildFile; fileRef = C70F55DA225029EC006DBB0E /* SocialMainBestMemoryCell.swift */; };
		C70F55DD22502A05006DBB0E /* SocialMainShareCell.swift in Sources */ = {isa = PBXBuildFile; fileRef = C70F55DC22502A05006DBB0E /* SocialMainShareCell.swift */; };
		C70F55DF22502A18006DBB0E /* SocialShareCommentCell.swift in Sources */ = {isa = PBXBuildFile; fileRef = C70F55DE22502A18006DBB0E /* SocialShareCommentCell.swift */; };
		C70F55E122502A3B006DBB0E /* Share.swift in Sources */ = {isa = PBXBuildFile; fileRef = C70F55E022502A3B006DBB0E /* Share.swift */; };
		C70F55E322502B2B006DBB0E /* Post.swift in Sources */ = {isa = PBXBuildFile; fileRef = C70F55E222502B2B006DBB0E /* Post.swift */; };
		C71C536F226A0A6D009197F6 /* GoogleSignInDependencies.framework in Frameworks */ = {isa = PBXBuildFile; fileRef = C71C536B226A0A6D009197F6 /* GoogleSignInDependencies.framework */; };
		C71C5370226A0A6D009197F6 /* GoogleSignIn.framework in Frameworks */ = {isa = PBXBuildFile; fileRef = C71C536D226A0A6D009197F6 /* GoogleSignIn.framework */; };
		C71C5371226A0A6D009197F6 /* GoogleSignIn.bundle in Resources */ = {isa = PBXBuildFile; fileRef = C71C536E226A0A6D009197F6 /* GoogleSignIn.bundle */; };
		C71C5373226A0A89009197F6 /* LocalAuthentication.framework in Frameworks */ = {isa = PBXBuildFile; fileRef = C71C5372226A0A89009197F6 /* LocalAuthentication.framework */; };
		C71C5375226A0A93009197F6 /* SafariServices.framework in Frameworks */ = {isa = PBXBuildFile; fileRef = C71C5374226A0A93009197F6 /* SafariServices.framework */; };
		C71C5377226A0A9D009197F6 /* SystemConfiguration.framework in Frameworks */ = {isa = PBXBuildFile; fileRef = C71C5376226A0A9C009197F6 /* SystemConfiguration.framework */; };
		C7403AEB209176D800099119 /* WordMainViewController.swift in Sources */ = {isa = PBXBuildFile; fileRef = C7403AEA209176D800099119 /* WordMainViewController.swift */; };
		C742DD8B2209567A00CD737A /* SearchHomeViewController.swift in Sources */ = {isa = PBXBuildFile; fileRef = C742DD8A2209567A00CD737A /* SearchHomeViewController.swift */; };
		C742DD8F2209568800CD737A /* SearchResultViewController.swift in Sources */ = {isa = PBXBuildFile; fileRef = C742DD8E2209568800CD737A /* SearchResultViewController.swift */; };
		C74CEFD8208C899F002765D6 /* AppDelegate.swift in Sources */ = {isa = PBXBuildFile; fileRef = C74CEFD7208C899F002765D6 /* AppDelegate.swift */; };
		C74CEFDD208C899F002765D6 /* Main.storyboard in Resources */ = {isa = PBXBuildFile; fileRef = C74CEFDB208C899F002765D6 /* Main.storyboard */; };
		C74CEFE0208C899F002765D6 /* app.xcdatamodeld in Sources */ = {isa = PBXBuildFile; fileRef = C74CEFDE208C899F002765D6 /* app.xcdatamodeld */; };
		C74CEFE2208C89A1002765D6 /* Assets.xcassets in Resources */ = {isa = PBXBuildFile; fileRef = C74CEFE1208C89A1002765D6 /* Assets.xcassets */; };
		C74CEFE5208C89A1002765D6 /* LaunchScreen.storyboard in Resources */ = {isa = PBXBuildFile; fileRef = C74CEFE3208C89A1002765D6 /* LaunchScreen.storyboard */; };
		C757D2C22247A1D80050E0A2 /* BookMainTableViewCell.swift in Sources */ = {isa = PBXBuildFile; fileRef = C757D2C12247A1D80050E0A2 /* BookMainTableViewCell.swift */; };
		C757D2C72247A7450050E0A2 /* BookShopTableViewCell.swift in Sources */ = {isa = PBXBuildFile; fileRef = C757D2C62247A7450050E0A2 /* BookShopTableViewCell.swift */; };
		C757D2CF2247C1140050E0A2 /* NavigationController.swift in Sources */ = {isa = PBXBuildFile; fileRef = C757D2CE2247C1140050E0A2 /* NavigationController.swift */; };
		C757D2D12247D5A10050E0A2 /* ContentTypeIconView.swift in Sources */ = {isa = PBXBuildFile; fileRef = C757D2D02247D5A10050E0A2 /* ContentTypeIconView.swift */; };
		C757D2D32247D7690050E0A2 /* Notification.swift in Sources */ = {isa = PBXBuildFile; fileRef = C757D2D22247D7690050E0A2 /* Notification.swift */; };
		C757D2DE2247F9750050E0A2 /* ShadowView.swift in Sources */ = {isa = PBXBuildFile; fileRef = C757D2DD2247F9750050E0A2 /* ShadowView.swift */; };
		C759AD7F221EEA9400166B2A /* GuideMainViewController.swift in Sources */ = {isa = PBXBuildFile; fileRef = C759AD7E221EEA9400166B2A /* GuideMainViewController.swift */; };
		C77043AB223DFFD400B91831 /* BookListTableViewCell.swift in Sources */ = {isa = PBXBuildFile; fileRef = C77043AA223DFFD400B91831 /* BookListTableViewCell.swift */; };
		C77043AF223E0E4A00B91831 /* CircleBarView.swift in Sources */ = {isa = PBXBuildFile; fileRef = C77043AE223E0E4A00B91831 /* CircleBarView.swift */; };
		C77043B3223E214700B91831 /* ContentService.swift in Sources */ = {isa = PBXBuildFile; fileRef = C77043B2223E214700B91831 /* ContentService.swift */; };
		C77043B5223E219E00B91831 /* Content.swift in Sources */ = {isa = PBXBuildFile; fileRef = C77043B4223E219E00B91831 /* Content.swift */; };
		C77043C4223E530300B91831 /* LoginViewController.swift in Sources */ = {isa = PBXBuildFile; fileRef = C77043C3223E530300B91831 /* LoginViewController.swift */; };
		C7742BAB22433B4500925081 /* CardView.swift in Sources */ = {isa = PBXBuildFile; fileRef = C7742BAA22433B4500925081 /* CardView.swift */; };
		C7742BAD22433BEE00925081 /* CardSlider.swift in Sources */ = {isa = PBXBuildFile; fileRef = C7742BAC22433BEE00925081 /* CardSlider.swift */; };
		C7742BAF22436A6D00925081 /* CardOptionIndicator.swift in Sources */ = {isa = PBXBuildFile; fileRef = C7742BAE22436A6D00925081 /* CardOptionIndicator.swift */; };
		C7742BB122437B4900925081 /* WordCardViewController.swift in Sources */ = {isa = PBXBuildFile; fileRef = C7742BB022437B4900925081 /* WordCardViewController.swift */; };
		C7742BB322438D8500925081 /* UnknownWord.swift in Sources */ = {isa = PBXBuildFile; fileRef = C7742BB222438D8500925081 /* UnknownWord.swift */; };
		C7742BB52243953D00925081 /* WordCardTableViewCell.swift in Sources */ = {isa = PBXBuildFile; fileRef = C7742BB42243953D00925081 /* WordCardTableViewCell.swift */; };
		C7742BB72243967A00925081 /* WordCardExampleTableViewCell.swift in Sources */ = {isa = PBXBuildFile; fileRef = C7742BB62243967A00925081 /* WordCardExampleTableViewCell.swift */; };
		C77A4302225565F700B4661D /* dict.db in Resources */ = {isa = PBXBuildFile; fileRef = C77A4301225565F700B4661D /* dict.db */; };
		C783AAB62241E0CB00D0D7BB /* SensMainViewController.swift in Sources */ = {isa = PBXBuildFile; fileRef = C783AAB52241E0CB00D0D7BB /* SensMainViewController.swift */; };
		C783AAB822420C0200D0D7BB /* SelfSizedTableView.swift in Sources */ = {isa = PBXBuildFile; fileRef = C783AAB722420C0200D0D7BB /* SelfSizedTableView.swift */; };
		C783AABA2242332500D0D7BB /* SwipeSubmitScreen.swift in Sources */ = {isa = PBXBuildFile; fileRef = C783AAB92242332500D0D7BB /* SwipeSubmitScreen.swift */; };
		C78ECA9B2206E57F001909C3 /* StoreMainViewController.swift in Sources */ = {isa = PBXBuildFile; fileRef = C78ECA9A2206E57F001909C3 /* StoreMainViewController.swift */; };
		C7B2624C224BF6FC00ED5333 /* GuideCard.swift in Sources */ = {isa = PBXBuildFile; fileRef = C7B2624B224BF6FC00ED5333 /* GuideCard.swift */; };
		C7BF8C5B224546D60037FD68 /* UIConsts.swift in Sources */ = {isa = PBXBuildFile; fileRef = C7BF8C5A224546D60037FD68 /* UIConsts.swift */; };
		C7BF8C5E2245D8BC0037FD68 /* MultilineLabel.swift in Sources */ = {isa = PBXBuildFile; fileRef = C7BF8C5D2245D8BC0037FD68 /* MultilineLabel.swift */; };
		C7BF8C652246102A0037FD68 /* MemoryBulletPage.swift in Sources */ = {isa = PBXBuildFile; fileRef = C7BF8C642246102A0037FD68 /* MemoryBulletPage.swift */; };
		C7BF8C67224613740037FD68 /* MemoryBulletPageManager.swift in Sources */ = {isa = PBXBuildFile; fileRef = C7BF8C66224613740037FD68 /* MemoryBulletPageManager.swift */; };
		C7BF8C692246301A0037FD68 /* MemoryCloudCell.swift in Sources */ = {isa = PBXBuildFile; fileRef = C7BF8C682246301A0037FD68 /* MemoryCloudCell.swift */; };
		C7BF8C6B224632BB0037FD68 /* MemoryCloudViewController.swift in Sources */ = {isa = PBXBuildFile; fileRef = C7BF8C6A224632BB0037FD68 /* MemoryCloudViewController.swift */; };
		C7C11763224489F90084C799 /* LineTextField.swift in Sources */ = {isa = PBXBuildFile; fileRef = C7C11762224489F90084C799 /* LineTextField.swift */; };
		C7C11765224494CB0084C799 /* RoundButton.swift in Sources */ = {isa = PBXBuildFile; fileRef = C7C11764224494CB0084C799 /* RoundButton.swift */; };
		C7C117672244A4920084C799 /* AlertService.swift in Sources */ = {isa = PBXBuildFile; fileRef = C7C117662244A4920084C799 /* AlertService.swift */; };
		C7C117722244D05D0084C799 /* FeedbackBulletPage.swift in Sources */ = {isa = PBXBuildFile; fileRef = C7C117712244D05D0084C799 /* FeedbackBulletPage.swift */; };
		C7C117742244D8930084C799 /* InputFormView.swift in Sources */ = {isa = PBXBuildFile; fileRef = C7C117732244D8930084C799 /* InputFormView.swift */; };
		C7C117762244DC8E0084C799 /* LineInputField.swift in Sources */ = {isa = PBXBuildFile; fileRef = C7C117752244DC8E0084C799 /* LineInputField.swift */; };
		C7C1177822450C310084C799 /* SentenceUtil.swift in Sources */ = {isa = PBXBuildFile; fileRef = C7C1177722450C310084C799 /* SentenceUtil.swift */; };
		C7C1177A224526AA0084C799 /* PaddingMarginView.swift in Sources */ = {isa = PBXBuildFile; fileRef = C7C11779224526AA0084C799 /* PaddingMarginView.swift */; };
		C7C1177C22453CE10084C799 /* MemoryButton.swift in Sources */ = {isa = PBXBuildFile; fileRef = C7C1177B22453CE10084C799 /* MemoryButton.swift */; };
		C7C11780224544E70084C799 /* WordCardView.swift in Sources */ = {isa = PBXBuildFile; fileRef = C7C1177F224544E70084C799 /* WordCardView.swift */; };
		C7C117822245450E0084C799 /* WordCardBackView.swift in Sources */ = {isa = PBXBuildFile; fileRef = C7C117812245450E0084C799 /* WordCardBackView.swift */; };
		C7C63E92209905900093CC02 /* BookMainViewController.swift in Sources */ = {isa = PBXBuildFile; fileRef = C7C63E91209905900093CC02 /* BookMainViewController.swift */; };
		C7CF0053224CF56300524D80 /* EventLog.swift in Sources */ = {isa = PBXBuildFile; fileRef = C7CF0052224CF56200524D80 /* EventLog.swift */; };
		C7CF0058224D191700524D80 /* StoreBookDetailReviewCell.swift in Sources */ = {isa = PBXBuildFile; fileRef = C7CF0057224D191700524D80 /* StoreBookDetailReviewCell.swift */; };
		C7CF005C224D293800524D80 /* EventLogService.swift in Sources */ = {isa = PBXBuildFile; fileRef = C7CF005B224D293800524D80 /* EventLogService.swift */; };
		C7D5F509224CC98F00E7A40A /* RoundOptionCell.swift in Sources */ = {isa = PBXBuildFile; fileRef = C7D5F508224CC98F00E7A40A /* RoundOptionCell.swift */; };
		C7D915C22240DF8F0073E860 /* SensCollectionViewCell.swift in Sources */ = {isa = PBXBuildFile; fileRef = C7D915C12240DF8F0073E860 /* SensCollectionViewCell.swift */; };
		C7D915C52240E2D50073E860 /* EpubViewControllerExtension.swift in Sources */ = {isa = PBXBuildFile; fileRef = C7D915C42240E2D50073E860 /* EpubViewControllerExtension.swift */; };
		C7D915C92240FAA60073E860 /* HorizontalPageLayout.swift in Sources */ = {isa = PBXBuildFile; fileRef = C7D915C82240FAA60073E860 /* HorizontalPageLayout.swift */; };
		C7E242E9224721A5000892D0 /* StoreBookDetailViewController.swift in Sources */ = {isa = PBXBuildFile; fileRef = C7E242E8224721A5000892D0 /* StoreBookDetailViewController.swift */; };
		C7E2431E22474B62000892D0 /* FolioReaderKit.framework in Frameworks */ = {isa = PBXBuildFile; fileRef = C7C63EAF209946A50093CC02 /* FolioReaderKit.framework */; };
		C7E2434C22475591000892D0 /* QuickLayout.framework in Frameworks */ = {isa = PBXBuildFile; fileRef = C7E2434B22475591000892D0 /* QuickLayout.framework */; };
		C7E2434E22475593000892D0 /* Reachability.framework in Frameworks */ = {isa = PBXBuildFile; fileRef = C7E2434D22475593000892D0 /* Reachability.framework */; };
		C7E243502247559C000892D0 /* SQLite.framework in Frameworks */ = {isa = PBXBuildFile; fileRef = C7E2434F2247559C000892D0 /* SQLite.framework */; };
		C7E243522247559D000892D0 /* SwiftEntryKit.framework in Frameworks */ = {isa = PBXBuildFile; fileRef = C7E243512247559D000892D0 /* SwiftEntryKit.framework */; };
		C7E243A422477EEF000892D0 /* Realm.framework in Frameworks */ = {isa = PBXBuildFile; fileRef = C7E243A322477EEF000892D0 /* Realm.framework */; };
		C7F1DA38224921E900E1AF84 /* Alamofire.framework in Frameworks */ = {isa = PBXBuildFile; fileRef = C7F1DA37224921E900E1AF84 /* Alamofire.framework */; };
		C7F1DA3A224921F000E1AF84 /* BLTNBoard.framework in Frameworks */ = {isa = PBXBuildFile; fileRef = C7F1DA39224921F000E1AF84 /* BLTNBoard.framework */; };
		C7F1DA3C224921F700E1AF84 /* CHIPageControl.framework in Frameworks */ = {isa = PBXBuildFile; fileRef = C7F1DA3B224921F700E1AF84 /* CHIPageControl.framework */; };
		C7F1DA3E224921FF00E1AF84 /* Kingfisher.framework in Frameworks */ = {isa = PBXBuildFile; fileRef = C7F1DA3D224921FF00E1AF84 /* Kingfisher.framework */; };
		C7F1DA402249220900E1AF84 /* Moya.framework in Frameworks */ = {isa = PBXBuildFile; fileRef = C7F1DA3F2249220900E1AF84 /* Moya.framework */; };
		C7F1DA422249221200E1AF84 /* ReactiveMoya.framework in Frameworks */ = {isa = PBXBuildFile; fileRef = C7F1DA412249221200E1AF84 /* ReactiveMoya.framework */; };
		C7F1DA442249221800E1AF84 /* ReactiveSwift.framework in Frameworks */ = {isa = PBXBuildFile; fileRef = C7F1DA432249221700E1AF84 /* ReactiveSwift.framework */; };
		C7F1DA462249222400E1AF84 /* RealmSwift.framework in Frameworks */ = {isa = PBXBuildFile; fileRef = C7F1DA452249222300E1AF84 /* RealmSwift.framework */; };
		C7F1DA482249222900E1AF84 /* Regex.framework in Frameworks */ = {isa = PBXBuildFile; fileRef = C7F1DA472249222900E1AF84 /* Regex.framework */; };
		C7F1DA4A2249222E00E1AF84 /* Result.framework in Frameworks */ = {isa = PBXBuildFile; fileRef = C7F1DA492249222E00E1AF84 /* Result.framework */; };
		C7F1DA4C2249223500E1AF84 /* SnapKit.framework in Frameworks */ = {isa = PBXBuildFile; fileRef = C7F1DA4B2249223500E1AF84 /* SnapKit.framework */; };
		C7F1DA4F22492A4600E1AF84 /* IQKeyboardManagerSwift.framework in Frameworks */ = {isa = PBXBuildFile; fileRef = C7F1DA4D22492A4600E1AF84 /* IQKeyboardManagerSwift.framework */; };
		C7F1DA5B22492DC000E1AF84 /* FolioReaderKit.framework in Frameworks */ = {isa = PBXBuildFile; fileRef = C7C63EAF209946A50093CC02 /* FolioReaderKit.framework */; };
		C7F1DA5C22492DC000E1AF84 /* FolioReaderKit.framework in Embed Frameworks */ = {isa = PBXBuildFile; fileRef = C7C63EAF209946A50093CC02 /* FolioReaderKit.framework */; settings = {ATTRIBUTES = (CodeSignOnCopy, RemoveHeadersOnCopy, ); }; };
		C7FA5428223476BD006F94C7 /* DictViewController.swift in Sources */ = {isa = PBXBuildFile; fileRef = C7FA5427223476BD006F94C7 /* DictViewController.swift */; };
		C7FC188F2239D748007172ED /* Book.swift in Sources */ = {isa = PBXBuildFile; fileRef = C7FC188E2239D748007172ED /* Book.swift */; };
		C7FC18952239E4E5007172ED /* API.swift in Sources */ = {isa = PBXBuildFile; fileRef = C7FC18942239E4E5007172ED /* API.swift */; };
		C7FC18A12239EEE9007172ED /* Category.swift in Sources */ = {isa = PBXBuildFile; fileRef = C7FC18A02239EEE9007172ED /* Category.swift */; };
		C7FC18A32239F07F007172ED /* Review.swift in Sources */ = {isa = PBXBuildFile; fileRef = C7FC18A22239F07F007172ED /* Review.swift */; };
		C7FC18A52239F0F9007172ED /* RecommendInfo.swift in Sources */ = {isa = PBXBuildFile; fileRef = C7FC18A42239F0F9007172ED /* RecommendInfo.swift */; };
		C7FC18A72239F1F7007172ED /* Memory.swift in Sources */ = {isa = PBXBuildFile; fileRef = C7FC18A62239F1F7007172ED /* Memory.swift */; };
		C7FC18AB223A0139007172ED /* Progress.swift in Sources */ = {isa = PBXBuildFile; fileRef = C7FC18AA223A0139007172ED /* Progress.swift */; };
		C7FC18AD223A014A007172ED /* Result.swift in Sources */ = {isa = PBXBuildFile; fileRef = C7FC18AC223A014A007172ED /* Result.swift */; };
		C7FC18AF223A12DD007172ED /* APIService.swift in Sources */ = {isa = PBXBuildFile; fileRef = C7FC18AE223A12DD007172ED /* APIService.swift */; };
		C7FC18B5223A346D007172ED /* ReachabilityService.swift in Sources */ = {isa = PBXBuildFile; fileRef = C7FC18B4223A346D007172ED /* ReachabilityService.swift */; };
		C7FC18B7223A360D007172ED /* Config.swift in Sources */ = {isa = PBXBuildFile; fileRef = C7FC18B6223A360D007172ED /* Config.swift */; };
		C7FC18B9223A364E007172ED /* RealmService.swift in Sources */ = {isa = PBXBuildFile; fileRef = C7FC18B8223A364E007172ED /* RealmService.swift */; };
		C7FC18BB223A3C45007172ED /* GoraniError.swift in Sources */ = {isa = PBXBuildFile; fileRef = C7FC18BA223A3C45007172ED /* GoraniError.swift */; };
/* End PBXBuildFile section */

/* Begin PBXContainerItemProxy section */
		C7C63EAE209946A50093CC02 /* PBXContainerItemProxy */ = {
			isa = PBXContainerItemProxy;
			containerPortal = C7C63EA9209946A50093CC02 /* FolioReaderKit.xcodeproj */;
			proxyType = 2;
			remoteGlobalIDString = B0D6990B1D035FA2003B4CCD;
			remoteInfo = FolioReaderKit;
		};
		C7C63EB0209946A50093CC02 /* PBXContainerItemProxy */ = {
			isa = PBXContainerItemProxy;
			containerPortal = C7C63EA9209946A50093CC02 /* FolioReaderKit.xcodeproj */;
			proxyType = 2;
			remoteGlobalIDString = B0D699151D035FA2003B4CCD;
			remoteInfo = FolioReaderKitTests;
		};
		C7F1DA5D22492DC000E1AF84 /* PBXContainerItemProxy */ = {
			isa = PBXContainerItemProxy;
			containerPortal = C7C63EA9209946A50093CC02 /* FolioReaderKit.xcodeproj */;
			proxyType = 1;
			remoteGlobalIDString = B0D6990A1D035FA2003B4CCD;
			remoteInfo = FolioReaderKit;
		};
/* End PBXContainerItemProxy section */

/* Begin PBXCopyFilesBuildPhase section */
		C7C57B22208E96D300C992CF /* Embed App Extensions */ = {
			isa = PBXCopyFilesBuildPhase;
			buildActionMask = 2147483647;
			dstPath = "";
			dstSubfolderSpec = 13;
			files = (
			);
			name = "Embed App Extensions";
			runOnlyForDeploymentPostprocessing = 0;
		};
		C7F1DA5F22492DC100E1AF84 /* Embed Frameworks */ = {
			isa = PBXCopyFilesBuildPhase;
			buildActionMask = 2147483647;
			dstPath = "";
			dstSubfolderSpec = 10;
			files = (
				C7F1DA5C22492DC000E1AF84 /* FolioReaderKit.framework in Embed Frameworks */,
			);
			name = "Embed Frameworks";
			runOnlyForDeploymentPostprocessing = 0;
		};
/* End PBXCopyFilesBuildPhase section */

/* Begin PBXFileReference section */
		B124047220A8CD90005EAE4F /* Cartfile */ = {isa = PBXFileReference; fileEncoding = 4; lastKnownFileType = text; path = Cartfile; sourceTree = "<group>"; };
		B13393B220A8F78D00F34525 /* .gitignore */ = {isa = PBXFileReference; fileEncoding = 4; lastKnownFileType = text; name = .gitignore; path = ../.gitignore; sourceTree = "<group>"; };
		B143AF8820A4704F003341A3 /* Sens.swift */ = {isa = PBXFileReference; lastKnownFileType = sourcecode.swift; path = Sens.swift; sourceTree = "<group>"; };
		B143AF8B20A4704F003341A3 /* DictService.swift */ = {isa = PBXFileReference; lastKnownFileType = sourcecode.swift; path = DictService.swift; sourceTree = "<group>"; };
		B143AF8E20A4704F003341A3 /* POS.swift */ = {isa = PBXFileReference; lastKnownFileType = sourcecode.swift; path = POS.swift; sourceTree = "<group>"; };
		B143AF8F20A4704F003341A3 /* DictEntry.swift */ = {isa = PBXFileReference; lastKnownFileType = sourcecode.swift; path = DictEntry.swift; sourceTree = "<group>"; };
		B143AF9120A4704F003341A3 /* DictDefinition.swift */ = {isa = PBXFileReference; lastKnownFileType = sourcecode.swift; path = DictDefinition.swift; sourceTree = "<group>"; };
		B143AF9320A4704F003341A3 /* FileUtil.swift */ = {isa = PBXFileReference; lastKnownFileType = sourcecode.swift; path = FileUtil.swift; sourceTree = "<group>"; };
		B143AF9420A4704F003341A3 /* Helper.swift */ = {isa = PBXFileReference; lastKnownFileType = sourcecode.swift; path = Helper.swift; sourceTree = "<group>"; };
		B143AF9520A4704F003341A3 /* IPA.swift */ = {isa = PBXFileReference; lastKnownFileType = sourcecode.swift; path = IPA.swift; sourceTree = "<group>"; };
		B143AF9720A4704F003341A3 /* Verb.swift */ = {isa = PBXFileReference; lastKnownFileType = sourcecode.swift; path = Verb.swift; sourceTree = "<group>"; };
		B143AF9820A4704F003341A3 /* UIUtil.swift */ = {isa = PBXFileReference; lastKnownFileType = sourcecode.swift; path = UIUtil.swift; sourceTree = "<group>"; };
		C70AD3032268F2CF00BAD495 /* OAuthSwift.framework */ = {isa = PBXFileReference; lastKnownFileType = wrapper.framework; name = OAuthSwift.framework; path = Carthage/Build/iOS/OAuthSwift.framework; sourceTree = "<group>"; };
		C70CD180226621BA00D38AB9 /* RecommendedBook.swift */ = {isa = PBXFileReference; lastKnownFileType = sourcecode.swift; path = RecommendedBook.swift; sourceTree = "<group>"; };
		C70F55BC224FCD4D006DBB0E /* TabBarViewController.swift */ = {isa = PBXFileReference; lastKnownFileType = sourcecode.swift; path = TabBarViewController.swift; sourceTree = "<group>"; };
		C70F55C2224FE508006DBB0E /* BubbleTabBar.swift */ = {isa = PBXFileReference; fileEncoding = 4; lastKnownFileType = sourcecode.swift; path = BubbleTabBar.swift; sourceTree = "<group>"; };
		C70F55C3224FE508006DBB0E /* CBTabBarButton.swift */ = {isa = PBXFileReference; fileEncoding = 4; lastKnownFileType = sourcecode.swift; path = CBTabBarButton.swift; sourceTree = "<group>"; };
		C70F55C4224FE508006DBB0E /* BubbleTabBarController.swift */ = {isa = PBXFileReference; fileEncoding = 4; lastKnownFileType = sourcecode.swift; path = BubbleTabBarController.swift; sourceTree = "<group>"; };
		C70F55CA22500779006DBB0E /* GuideTargetBookView.swift */ = {isa = PBXFileReference; lastKnownFileType = sourcecode.swift; path = GuideTargetBookView.swift; sourceTree = "<group>"; };
		C70F55CC225008D0006DBB0E /* GuideProgressView.swift */ = {isa = PBXFileReference; lastKnownFileType = sourcecode.swift; path = GuideProgressView.swift; sourceTree = "<group>"; };
		C70F55CE2250094A006DBB0E /* GuideWordCardView.swift */ = {isa = PBXFileReference; lastKnownFileType = sourcecode.swift; path = GuideWordCardView.swift; sourceTree = "<group>"; };
		C70F55D022500959006DBB0E /* GuideRecommendedBookView.swift */ = {isa = PBXFileReference; lastKnownFileType = sourcecode.swift; path = GuideRecommendedBookView.swift; sourceTree = "<group>"; };
		C70F55D222501596006DBB0E /* GuideRecommendedBookCell.swift */ = {isa = PBXFileReference; lastKnownFileType = sourcecode.swift; path = GuideRecommendedBookCell.swift; sourceTree = "<group>"; };
		C70F55D5225029AE006DBB0E /* SocialMainViewController.swift */ = {isa = PBXFileReference; lastKnownFileType = sourcecode.swift; path = SocialMainViewController.swift; sourceTree = "<group>"; };
		C70F55D7225029C4006DBB0E /* SocialShareDetailViewController.swift */ = {isa = PBXFileReference; lastKnownFileType = sourcecode.swift; path = SocialShareDetailViewController.swift; sourceTree = "<group>"; };
		C70F55DA225029EC006DBB0E /* SocialMainBestMemoryCell.swift */ = {isa = PBXFileReference; lastKnownFileType = sourcecode.swift; path = SocialMainBestMemoryCell.swift; sourceTree = "<group>"; };
		C70F55DC22502A05006DBB0E /* SocialMainShareCell.swift */ = {isa = PBXFileReference; lastKnownFileType = sourcecode.swift; path = SocialMainShareCell.swift; sourceTree = "<group>"; };
		C70F55DE22502A18006DBB0E /* SocialShareCommentCell.swift */ = {isa = PBXFileReference; lastKnownFileType = sourcecode.swift; path = SocialShareCommentCell.swift; sourceTree = "<group>"; };
		C70F55E022502A3B006DBB0E /* Share.swift */ = {isa = PBXFileReference; lastKnownFileType = sourcecode.swift; path = Share.swift; sourceTree = "<group>"; };
		C70F55E222502B2B006DBB0E /* Post.swift */ = {isa = PBXFileReference; lastKnownFileType = sourcecode.swift; path = Post.swift; sourceTree = "<group>"; };
		C71C536B226A0A6D009197F6 /* GoogleSignInDependencies.framework */ = {isa = PBXFileReference; lastKnownFileType = wrapper.framework; name = GoogleSignInDependencies.framework; path = Frameworks/GoogleSignInDependencies.framework; sourceTree = "<group>"; };
		C71C536D226A0A6D009197F6 /* GoogleSignIn.framework */ = {isa = PBXFileReference; lastKnownFileType = wrapper.framework; name = GoogleSignIn.framework; path = Frameworks/GoogleSignIn.framework; sourceTree = "<group>"; };
		C71C536E226A0A6D009197F6 /* GoogleSignIn.bundle */ = {isa = PBXFileReference; lastKnownFileType = "wrapper.plug-in"; name = GoogleSignIn.bundle; path = Frameworks/GoogleSignIn.bundle; sourceTree = "<group>"; };
		C71C5372226A0A89009197F6 /* LocalAuthentication.framework */ = {isa = PBXFileReference; lastKnownFileType = wrapper.framework; name = LocalAuthentication.framework; path = System/Library/Frameworks/LocalAuthentication.framework; sourceTree = SDKROOT; };
		C71C5374226A0A93009197F6 /* SafariServices.framework */ = {isa = PBXFileReference; lastKnownFileType = wrapper.framework; name = SafariServices.framework; path = System/Library/Frameworks/SafariServices.framework; sourceTree = SDKROOT; };
		C71C5376226A0A9C009197F6 /* SystemConfiguration.framework */ = {isa = PBXFileReference; lastKnownFileType = wrapper.framework; name = SystemConfiguration.framework; path = System/Library/Frameworks/SystemConfiguration.framework; sourceTree = SDKROOT; };
		C7403AEA209176D800099119 /* WordMainViewController.swift */ = {isa = PBXFileReference; lastKnownFileType = sourcecode.swift; path = WordMainViewController.swift; sourceTree = "<group>"; };
		C742DD8A2209567A00CD737A /* SearchHomeViewController.swift */ = {isa = PBXFileReference; lastKnownFileType = sourcecode.swift; path = SearchHomeViewController.swift; sourceTree = "<group>"; };
		C742DD8E2209568800CD737A /* SearchResultViewController.swift */ = {isa = PBXFileReference; lastKnownFileType = sourcecode.swift; path = SearchResultViewController.swift; sourceTree = "<group>"; };
		C74CEFD4208C899F002765D6 /* app.app */ = {isa = PBXFileReference; explicitFileType = wrapper.application; includeInIndex = 0; path = app.app; sourceTree = BUILT_PRODUCTS_DIR; };
		C74CEFD7208C899F002765D6 /* AppDelegate.swift */ = {isa = PBXFileReference; lastKnownFileType = sourcecode.swift; path = AppDelegate.swift; sourceTree = "<group>"; };
		C74CEFDF208C899F002765D6 /* app.xcdatamodel */ = {isa = PBXFileReference; lastKnownFileType = wrapper.xcdatamodel; path = app.xcdatamodel; sourceTree = "<group>"; };
		C74CEFE1208C89A1002765D6 /* Assets.xcassets */ = {isa = PBXFileReference; lastKnownFileType = folder.assetcatalog; path = Assets.xcassets; sourceTree = "<group>"; };
		C74CEFE6208C89A1002765D6 /* Info.plist */ = {isa = PBXFileReference; lastKnownFileType = text.plist.xml; path = Info.plist; sourceTree = "<group>"; };
		C757D2C12247A1D80050E0A2 /* BookMainTableViewCell.swift */ = {isa = PBXFileReference; lastKnownFileType = sourcecode.swift; path = BookMainTableViewCell.swift; sourceTree = "<group>"; };
		C757D2C62247A7450050E0A2 /* BookShopTableViewCell.swift */ = {isa = PBXFileReference; lastKnownFileType = sourcecode.swift; path = BookShopTableViewCell.swift; sourceTree = "<group>"; };
		C757D2CE2247C1140050E0A2 /* NavigationController.swift */ = {isa = PBXFileReference; lastKnownFileType = sourcecode.swift; path = NavigationController.swift; sourceTree = "<group>"; };
		C757D2D02247D5A10050E0A2 /* ContentTypeIconView.swift */ = {isa = PBXFileReference; lastKnownFileType = sourcecode.swift; path = ContentTypeIconView.swift; sourceTree = "<group>"; };
		C757D2D22247D7690050E0A2 /* Notification.swift */ = {isa = PBXFileReference; lastKnownFileType = sourcecode.swift; path = Notification.swift; sourceTree = "<group>"; };
		C757D2DD2247F9750050E0A2 /* ShadowView.swift */ = {isa = PBXFileReference; lastKnownFileType = sourcecode.swift; path = ShadowView.swift; sourceTree = "<group>"; };
		C759AD7E221EEA9400166B2A /* GuideMainViewController.swift */ = {isa = PBXFileReference; lastKnownFileType = sourcecode.swift; path = GuideMainViewController.swift; sourceTree = "<group>"; };
		C77043AA223DFFD400B91831 /* BookListTableViewCell.swift */ = {isa = PBXFileReference; lastKnownFileType = sourcecode.swift; path = BookListTableViewCell.swift; sourceTree = "<group>"; };
		C77043AE223E0E4A00B91831 /* CircleBarView.swift */ = {isa = PBXFileReference; lastKnownFileType = sourcecode.swift; path = CircleBarView.swift; sourceTree = "<group>"; };
		C77043B2223E214700B91831 /* ContentService.swift */ = {isa = PBXFileReference; lastKnownFileType = sourcecode.swift; path = ContentService.swift; sourceTree = "<group>"; };
		C77043B4223E219E00B91831 /* Content.swift */ = {isa = PBXFileReference; lastKnownFileType = sourcecode.swift; path = Content.swift; sourceTree = "<group>"; };
		C77043C3223E530300B91831 /* LoginViewController.swift */ = {isa = PBXFileReference; lastKnownFileType = sourcecode.swift; path = LoginViewController.swift; sourceTree = "<group>"; };
		C7742BAA22433B4500925081 /* CardView.swift */ = {isa = PBXFileReference; lastKnownFileType = sourcecode.swift; path = CardView.swift; sourceTree = "<group>"; };
		C7742BAC22433BEE00925081 /* CardSlider.swift */ = {isa = PBXFileReference; lastKnownFileType = sourcecode.swift; path = CardSlider.swift; sourceTree = "<group>"; };
		C7742BAE22436A6D00925081 /* CardOptionIndicator.swift */ = {isa = PBXFileReference; lastKnownFileType = sourcecode.swift; path = CardOptionIndicator.swift; sourceTree = "<group>"; };
		C7742BB022437B4900925081 /* WordCardViewController.swift */ = {isa = PBXFileReference; lastKnownFileType = sourcecode.swift; path = WordCardViewController.swift; sourceTree = "<group>"; };
		C7742BB222438D8500925081 /* UnknownWord.swift */ = {isa = PBXFileReference; lastKnownFileType = sourcecode.swift; path = UnknownWord.swift; sourceTree = "<group>"; };
		C7742BB42243953D00925081 /* WordCardTableViewCell.swift */ = {isa = PBXFileReference; lastKnownFileType = sourcecode.swift; path = WordCardTableViewCell.swift; sourceTree = "<group>"; };
		C7742BB62243967A00925081 /* WordCardExampleTableViewCell.swift */ = {isa = PBXFileReference; lastKnownFileType = sourcecode.swift; path = WordCardExampleTableViewCell.swift; sourceTree = "<group>"; };
		C77A4301225565F700B4661D /* dict.db */ = {isa = PBXFileReference; lastKnownFileType = file; name = dict.db; path = ../../../backend/dataserver/old/dictmake/removesup/dict.db; sourceTree = "<group>"; };
		C78217C7209BD32700C19E2F /* Base */ = {isa = PBXFileReference; lastKnownFileType = file.storyboard; name = Base; path = Base.lproj/Main.storyboard; sourceTree = "<group>"; };
		C78217C8209BD32700C19E2F /* Base */ = {isa = PBXFileReference; lastKnownFileType = file.storyboard; name = Base; path = Base.lproj/LaunchScreen.storyboard; sourceTree = "<group>"; };
		C783AAB52241E0CB00D0D7BB /* SensMainViewController.swift */ = {isa = PBXFileReference; fileEncoding = 4; lastKnownFileType = sourcecode.swift; path = SensMainViewController.swift; sourceTree = "<group>"; };
		C783AAB722420C0200D0D7BB /* SelfSizedTableView.swift */ = {isa = PBXFileReference; lastKnownFileType = sourcecode.swift; path = SelfSizedTableView.swift; sourceTree = "<group>"; };
		C783AAB92242332500D0D7BB /* SwipeSubmitScreen.swift */ = {isa = PBXFileReference; lastKnownFileType = sourcecode.swift; path = SwipeSubmitScreen.swift; sourceTree = "<group>"; };
		C78ECA9A2206E57F001909C3 /* StoreMainViewController.swift */ = {isa = PBXFileReference; lastKnownFileType = sourcecode.swift; path = StoreMainViewController.swift; sourceTree = "<group>"; };
		C7B2624B224BF6FC00ED5333 /* GuideCard.swift */ = {isa = PBXFileReference; lastKnownFileType = sourcecode.swift; path = GuideCard.swift; sourceTree = "<group>"; };
		C7BF8C5A224546D60037FD68 /* UIConsts.swift */ = {isa = PBXFileReference; lastKnownFileType = sourcecode.swift; path = UIConsts.swift; sourceTree = "<group>"; };
		C7BF8C5D2245D8BC0037FD68 /* MultilineLabel.swift */ = {isa = PBXFileReference; lastKnownFileType = sourcecode.swift; path = MultilineLabel.swift; sourceTree = "<group>"; };
		C7BF8C642246102A0037FD68 /* MemoryBulletPage.swift */ = {isa = PBXFileReference; lastKnownFileType = sourcecode.swift; path = MemoryBulletPage.swift; sourceTree = "<group>"; };
		C7BF8C66224613740037FD68 /* MemoryBulletPageManager.swift */ = {isa = PBXFileReference; lastKnownFileType = sourcecode.swift; path = MemoryBulletPageManager.swift; sourceTree = "<group>"; };
		C7BF8C682246301A0037FD68 /* MemoryCloudCell.swift */ = {isa = PBXFileReference; lastKnownFileType = sourcecode.swift; path = MemoryCloudCell.swift; sourceTree = "<group>"; };
		C7BF8C6A224632BB0037FD68 /* MemoryCloudViewController.swift */ = {isa = PBXFileReference; lastKnownFileType = sourcecode.swift; path = MemoryCloudViewController.swift; sourceTree = "<group>"; };
		C7C11762224489F90084C799 /* LineTextField.swift */ = {isa = PBXFileReference; lastKnownFileType = sourcecode.swift; path = LineTextField.swift; sourceTree = "<group>"; };
		C7C11764224494CB0084C799 /* RoundButton.swift */ = {isa = PBXFileReference; lastKnownFileType = sourcecode.swift; path = RoundButton.swift; sourceTree = "<group>"; };
		C7C117662244A4920084C799 /* AlertService.swift */ = {isa = PBXFileReference; lastKnownFileType = sourcecode.swift; path = AlertService.swift; sourceTree = "<group>"; };
		C7C117712244D05D0084C799 /* FeedbackBulletPage.swift */ = {isa = PBXFileReference; lastKnownFileType = sourcecode.swift; path = FeedbackBulletPage.swift; sourceTree = "<group>"; };
		C7C117732244D8930084C799 /* InputFormView.swift */ = {isa = PBXFileReference; lastKnownFileType = sourcecode.swift; path = InputFormView.swift; sourceTree = "<group>"; };
		C7C117752244DC8E0084C799 /* LineInputField.swift */ = {isa = PBXFileReference; lastKnownFileType = sourcecode.swift; path = LineInputField.swift; sourceTree = "<group>"; };
		C7C1177722450C310084C799 /* SentenceUtil.swift */ = {isa = PBXFileReference; lastKnownFileType = sourcecode.swift; path = SentenceUtil.swift; sourceTree = "<group>"; };
		C7C11779224526AA0084C799 /* PaddingMarginView.swift */ = {isa = PBXFileReference; lastKnownFileType = sourcecode.swift; path = PaddingMarginView.swift; sourceTree = "<group>"; };
		C7C1177B22453CE10084C799 /* MemoryButton.swift */ = {isa = PBXFileReference; lastKnownFileType = sourcecode.swift; path = MemoryButton.swift; sourceTree = "<group>"; };
		C7C1177F224544E70084C799 /* WordCardView.swift */ = {isa = PBXFileReference; lastKnownFileType = sourcecode.swift; path = WordCardView.swift; sourceTree = "<group>"; };
		C7C117812245450E0084C799 /* WordCardBackView.swift */ = {isa = PBXFileReference; lastKnownFileType = sourcecode.swift; path = WordCardBackView.swift; sourceTree = "<group>"; };
		C7C1E3262098058500C909D7 /* app.entitlements */ = {isa = PBXFileReference; lastKnownFileType = text.plist.entitlements; path = app.entitlements; sourceTree = "<group>"; };
		C7C63E91209905900093CC02 /* BookMainViewController.swift */ = {isa = PBXFileReference; lastKnownFileType = sourcecode.swift; path = BookMainViewController.swift; sourceTree = "<group>"; };
		C7C63EA9209946A50093CC02 /* FolioReaderKit.xcodeproj */ = {isa = PBXFileReference; lastKnownFileType = "wrapper.pb-project"; name = FolioReaderKit.xcodeproj; path = FolioReaderKit/FolioReaderKit.xcodeproj; sourceTree = "<group>"; };
		C7CF0052224CF56200524D80 /* EventLog.swift */ = {isa = PBXFileReference; lastKnownFileType = sourcecode.swift; path = EventLog.swift; sourceTree = "<group>"; };
		C7CF0057224D191700524D80 /* StoreBookDetailReviewCell.swift */ = {isa = PBXFileReference; lastKnownFileType = sourcecode.swift; path = StoreBookDetailReviewCell.swift; sourceTree = "<group>"; };
		C7CF005B224D293800524D80 /* EventLogService.swift */ = {isa = PBXFileReference; lastKnownFileType = sourcecode.swift; path = EventLogService.swift; sourceTree = "<group>"; };
		C7D5F508224CC98F00E7A40A /* RoundOptionCell.swift */ = {isa = PBXFileReference; lastKnownFileType = sourcecode.swift; path = RoundOptionCell.swift; sourceTree = "<group>"; };
		C7D915C12240DF8F0073E860 /* SensCollectionViewCell.swift */ = {isa = PBXFileReference; lastKnownFileType = sourcecode.swift; path = SensCollectionViewCell.swift; sourceTree = "<group>"; };
		C7D915C42240E2D50073E860 /* EpubViewControllerExtension.swift */ = {isa = PBXFileReference; lastKnownFileType = sourcecode.swift; path = EpubViewControllerExtension.swift; sourceTree = "<group>"; };
		C7D915C82240FAA60073E860 /* HorizontalPageLayout.swift */ = {isa = PBXFileReference; lastKnownFileType = sourcecode.swift; path = HorizontalPageLayout.swift; sourceTree = "<group>"; };
		C7E242E8224721A5000892D0 /* StoreBookDetailViewController.swift */ = {isa = PBXFileReference; lastKnownFileType = sourcecode.swift; path = StoreBookDetailViewController.swift; sourceTree = "<group>"; };
		C7E2434B22475591000892D0 /* QuickLayout.framework */ = {isa = PBXFileReference; lastKnownFileType = wrapper.framework; name = QuickLayout.framework; path = Carthage/Build/iOS/QuickLayout.framework; sourceTree = "<group>"; };
		C7E2434D22475593000892D0 /* Reachability.framework */ = {isa = PBXFileReference; lastKnownFileType = wrapper.framework; name = Reachability.framework; path = Carthage/Build/iOS/Reachability.framework; sourceTree = "<group>"; };
		C7E2434F2247559C000892D0 /* SQLite.framework */ = {isa = PBXFileReference; lastKnownFileType = wrapper.framework; name = SQLite.framework; path = Carthage/Build/iOS/SQLite.framework; sourceTree = "<group>"; };
		C7E243512247559D000892D0 /* SwiftEntryKit.framework */ = {isa = PBXFileReference; lastKnownFileType = wrapper.framework; name = SwiftEntryKit.framework; path = Carthage/Build/iOS/SwiftEntryKit.framework; sourceTree = "<group>"; };
		C7E243A322477EEF000892D0 /* Realm.framework */ = {isa = PBXFileReference; lastKnownFileType = wrapper.framework; name = Realm.framework; path = Carthage/Build/iOS/Realm.framework; sourceTree = "<group>"; };
		C7E243AB2247880E000892D0 /* Cosmos.framework */ = {isa = PBXFileReference; lastKnownFileType = wrapper.framework; name = Cosmos.framework; path = Carthage/Build/iOS/Cosmos.framework; sourceTree = "<group>"; };
		C7F1DA37224921E900E1AF84 /* Alamofire.framework */ = {isa = PBXFileReference; lastKnownFileType = wrapper.framework; name = Alamofire.framework; path = Carthage/Build/iOS/Alamofire.framework; sourceTree = "<group>"; };
		C7F1DA39224921F000E1AF84 /* BLTNBoard.framework */ = {isa = PBXFileReference; lastKnownFileType = wrapper.framework; name = BLTNBoard.framework; path = Carthage/Build/iOS/BLTNBoard.framework; sourceTree = "<group>"; };
		C7F1DA3B224921F700E1AF84 /* CHIPageControl.framework */ = {isa = PBXFileReference; lastKnownFileType = wrapper.framework; name = CHIPageControl.framework; path = Carthage/Build/iOS/CHIPageControl.framework; sourceTree = "<group>"; };
		C7F1DA3D224921FF00E1AF84 /* Kingfisher.framework */ = {isa = PBXFileReference; lastKnownFileType = wrapper.framework; name = Kingfisher.framework; path = Carthage/Build/iOS/Kingfisher.framework; sourceTree = "<group>"; };
		C7F1DA3F2249220900E1AF84 /* Moya.framework */ = {isa = PBXFileReference; lastKnownFileType = wrapper.framework; name = Moya.framework; path = Carthage/Build/iOS/Moya.framework; sourceTree = "<group>"; };
		C7F1DA412249221200E1AF84 /* ReactiveMoya.framework */ = {isa = PBXFileReference; lastKnownFileType = wrapper.framework; name = ReactiveMoya.framework; path = Carthage/Build/iOS/ReactiveMoya.framework; sourceTree = "<group>"; };
		C7F1DA432249221700E1AF84 /* ReactiveSwift.framework */ = {isa = PBXFileReference; lastKnownFileType = wrapper.framework; name = ReactiveSwift.framework; path = Carthage/Build/iOS/ReactiveSwift.framework; sourceTree = "<group>"; };
		C7F1DA452249222300E1AF84 /* RealmSwift.framework */ = {isa = PBXFileReference; lastKnownFileType = wrapper.framework; name = RealmSwift.framework; path = Carthage/Build/iOS/RealmSwift.framework; sourceTree = "<group>"; };
		C7F1DA472249222900E1AF84 /* Regex.framework */ = {isa = PBXFileReference; lastKnownFileType = wrapper.framework; name = Regex.framework; path = Carthage/Build/iOS/Regex.framework; sourceTree = "<group>"; };
		C7F1DA492249222E00E1AF84 /* Result.framework */ = {isa = PBXFileReference; lastKnownFileType = wrapper.framework; name = Result.framework; path = Carthage/Build/iOS/Result.framework; sourceTree = "<group>"; };
		C7F1DA4B2249223500E1AF84 /* SnapKit.framework */ = {isa = PBXFileReference; lastKnownFileType = wrapper.framework; name = SnapKit.framework; path = Carthage/Build/iOS/SnapKit.framework; sourceTree = "<group>"; };
		C7F1DA4D22492A4600E1AF84 /* IQKeyboardManagerSwift.framework */ = {isa = PBXFileReference; lastKnownFileType = wrapper.framework; name = IQKeyboardManagerSwift.framework; path = Carthage/Build/iOS/IQKeyboardManagerSwift.framework; sourceTree = "<group>"; };
		C7F1DA4E22492A4600E1AF84 /* IQKeyboardManager.framework */ = {isa = PBXFileReference; lastKnownFileType = wrapper.framework; name = IQKeyboardManager.framework; path = Carthage/Build/iOS/IQKeyboardManager.framework; sourceTree = "<group>"; };
		C7FA5427223476BD006F94C7 /* DictViewController.swift */ = {isa = PBXFileReference; lastKnownFileType = sourcecode.swift; path = DictViewController.swift; sourceTree = "<group>"; };
		C7FC188E2239D748007172ED /* Book.swift */ = {isa = PBXFileReference; lastKnownFileType = sourcecode.swift; path = Book.swift; sourceTree = "<group>"; };
		C7FC18942239E4E5007172ED /* API.swift */ = {isa = PBXFileReference; lastKnownFileType = sourcecode.swift; path = API.swift; sourceTree = "<group>"; };
		C7FC18A02239EEE9007172ED /* Category.swift */ = {isa = PBXFileReference; lastKnownFileType = sourcecode.swift; path = Category.swift; sourceTree = "<group>"; };
		C7FC18A22239F07F007172ED /* Review.swift */ = {isa = PBXFileReference; lastKnownFileType = sourcecode.swift; path = Review.swift; sourceTree = "<group>"; };
		C7FC18A42239F0F9007172ED /* RecommendInfo.swift */ = {isa = PBXFileReference; lastKnownFileType = sourcecode.swift; path = RecommendInfo.swift; sourceTree = "<group>"; };
		C7FC18A62239F1F7007172ED /* Memory.swift */ = {isa = PBXFileReference; lastKnownFileType = sourcecode.swift; path = Memory.swift; sourceTree = "<group>"; };
		C7FC18AA223A0139007172ED /* Progress.swift */ = {isa = PBXFileReference; lastKnownFileType = sourcecode.swift; path = Progress.swift; sourceTree = "<group>"; };
		C7FC18AC223A014A007172ED /* Result.swift */ = {isa = PBXFileReference; lastKnownFileType = sourcecode.swift; path = Result.swift; sourceTree = "<group>"; };
		C7FC18AE223A12DD007172ED /* APIService.swift */ = {isa = PBXFileReference; lastKnownFileType = sourcecode.swift; path = APIService.swift; sourceTree = "<group>"; };
		C7FC18B4223A346D007172ED /* ReachabilityService.swift */ = {isa = PBXFileReference; lastKnownFileType = sourcecode.swift; path = ReachabilityService.swift; sourceTree = "<group>"; };
		C7FC18B6223A360D007172ED /* Config.swift */ = {isa = PBXFileReference; lastKnownFileType = sourcecode.swift; path = Config.swift; sourceTree = "<group>"; };
		C7FC18B8223A364E007172ED /* RealmService.swift */ = {isa = PBXFileReference; lastKnownFileType = sourcecode.swift; path = RealmService.swift; sourceTree = "<group>"; };
		C7FC18BA223A3C45007172ED /* GoraniError.swift */ = {isa = PBXFileReference; lastKnownFileType = sourcecode.swift; path = GoraniError.swift; sourceTree = "<group>"; };
/* End PBXFileReference section */

/* Begin PBXFrameworksBuildPhase section */
		C74CEFD1208C899F002765D6 /* Frameworks */ = {
			isa = PBXFrameworksBuildPhase;
			buildActionMask = 2147483647;
			files = (
				C71C5377226A0A9D009197F6 /* SystemConfiguration.framework in Frameworks */,
				C71C5375226A0A93009197F6 /* SafariServices.framework in Frameworks */,
				C71C5373226A0A89009197F6 /* LocalAuthentication.framework in Frameworks */,
				C7F1DA5B22492DC000E1AF84 /* FolioReaderKit.framework in Frameworks */,
				C7F1DA3E224921FF00E1AF84 /* Kingfisher.framework in Frameworks */,
				C7E2431E22474B62000892D0 /* FolioReaderKit.framework in Frameworks */,
				C7F1DA462249222400E1AF84 /* RealmSwift.framework in Frameworks */,
				C7E243A422477EEF000892D0 /* Realm.framework in Frameworks */,
				C7F1DA402249220900E1AF84 /* Moya.framework in Frameworks */,
				C7E2434E22475593000892D0 /* Reachability.framework in Frameworks */,
				C7F1DA442249221800E1AF84 /* ReactiveSwift.framework in Frameworks */,
				C7E243522247559D000892D0 /* SwiftEntryKit.framework in Frameworks */,
				C7F1DA4C2249223500E1AF84 /* SnapKit.framework in Frameworks */,
				C7F1DA3C224921F700E1AF84 /* CHIPageControl.framework in Frameworks */,
				C7F1DA38224921E900E1AF84 /* Alamofire.framework in Frameworks */,
				C7F1DA482249222900E1AF84 /* Regex.framework in Frameworks */,
				C71C5370226A0A6D009197F6 /* GoogleSignIn.framework in Frameworks */,
				C7F1DA4A2249222E00E1AF84 /* Result.framework in Frameworks */,
				C70AD3052268F2CF00BAD495 /* OAuthSwift.framework in Frameworks */,
				C71C536F226A0A6D009197F6 /* GoogleSignInDependencies.framework in Frameworks */,
				C7E243502247559C000892D0 /* SQLite.framework in Frameworks */,
				C7E2434C22475591000892D0 /* QuickLayout.framework in Frameworks */,
				C7F1DA3A224921F000E1AF84 /* BLTNBoard.framework in Frameworks */,
				C7F1DA4F22492A4600E1AF84 /* IQKeyboardManagerSwift.framework in Frameworks */,
				C7F1DA422249221200E1AF84 /* ReactiveMoya.framework in Frameworks */,
			);
			runOnlyForDeploymentPostprocessing = 0;
		};
/* End PBXFrameworksBuildPhase section */

/* Begin PBXGroup section */
		702F24C22323D91C0487792D /* Frameworks */ = {
			isa = PBXGroup;
			children = (
				C71C5376226A0A9C009197F6 /* SystemConfiguration.framework */,
				C71C5374226A0A93009197F6 /* SafariServices.framework */,
				C71C5372226A0A89009197F6 /* LocalAuthentication.framework */,
				C71C536E226A0A6D009197F6 /* GoogleSignIn.bundle */,
				C71C536D226A0A6D009197F6 /* GoogleSignIn.framework */,
				C71C536B226A0A6D009197F6 /* GoogleSignInDependencies.framework */,
				C70AD3032268F2CF00BAD495 /* OAuthSwift.framework */,
				C7F1DA4E22492A4600E1AF84 /* IQKeyboardManager.framework */,
				C7F1DA4D22492A4600E1AF84 /* IQKeyboardManagerSwift.framework */,
				C7F1DA4B2249223500E1AF84 /* SnapKit.framework */,
				C7F1DA492249222E00E1AF84 /* Result.framework */,
				C7F1DA472249222900E1AF84 /* Regex.framework */,
				C7F1DA452249222300E1AF84 /* RealmSwift.framework */,
				C7F1DA432249221700E1AF84 /* ReactiveSwift.framework */,
				C7F1DA412249221200E1AF84 /* ReactiveMoya.framework */,
				C7F1DA3F2249220900E1AF84 /* Moya.framework */,
				C7F1DA3D224921FF00E1AF84 /* Kingfisher.framework */,
				C7F1DA3B224921F700E1AF84 /* CHIPageControl.framework */,
				C7F1DA39224921F000E1AF84 /* BLTNBoard.framework */,
				C7F1DA37224921E900E1AF84 /* Alamofire.framework */,
				C7E243AB2247880E000892D0 /* Cosmos.framework */,
				C7E243A322477EEF000892D0 /* Realm.framework */,
				C7E243512247559D000892D0 /* SwiftEntryKit.framework */,
				C7E2434F2247559C000892D0 /* SQLite.framework */,
				C7E2434D22475593000892D0 /* Reachability.framework */,
				C7E2434B22475591000892D0 /* QuickLayout.framework */,
				C7C63EA9209946A50093CC02 /* FolioReaderKit.xcodeproj */,
			);
			name = Frameworks;
			sourceTree = "<group>";
		};
		B143AF8720A4704F003341A3 /* Models */ = {
			isa = PBXGroup;
			children = (
				C7FC18BC223A457F007172ED /* Dict */,
				B143AF8820A4704F003341A3 /* Sens.swift */,
				B143AF9720A4704F003341A3 /* Verb.swift */,
				C7FC188E2239D748007172ED /* Book.swift */,
				C7FC18A02239EEE9007172ED /* Category.swift */,
				C7FC18A22239F07F007172ED /* Review.swift */,
				C7FC18A42239F0F9007172ED /* RecommendInfo.swift */,
				C7FC18A62239F1F7007172ED /* Memory.swift */,
				C7FC18AA223A0139007172ED /* Progress.swift */,
				C7FC18B6223A360D007172ED /* Config.swift */,
				C7FC18AC223A014A007172ED /* Result.swift */,
				C7FC18BA223A3C45007172ED /* GoraniError.swift */,
				C77043B4223E219E00B91831 /* Content.swift */,
				C7742BB222438D8500925081 /* UnknownWord.swift */,
				C757D2D22247D7690050E0A2 /* Notification.swift */,
				C7CF0052224CF56200524D80 /* EventLog.swift */,
				C70F55E022502A3B006DBB0E /* Share.swift */,
				C70F55E222502B2B006DBB0E /* Post.swift */,
				C70CD180226621BA00D38AB9 /* RecommendedBook.swift */,
			);
			path = Models;
			sourceTree = "<group>";
		};
		B143AF9220A4704F003341A3 /* Utils */ = {
			isa = PBXGroup;
			children = (
				B143AF9820A4704F003341A3 /* UIUtil.swift */,
				B143AF9320A4704F003341A3 /* FileUtil.swift */,
				B143AF9420A4704F003341A3 /* Helper.swift */,
				B143AF9520A4704F003341A3 /* IPA.swift */,
				C7C1177722450C310084C799 /* SentenceUtil.swift */,
			);
			path = Utils;
			sourceTree = "<group>";
		};
		C70F55C1224FE4F0006DBB0E /* TabBar */ = {
			isa = PBXGroup;
			children = (
				C70F55C2224FE508006DBB0E /* BubbleTabBar.swift */,
				C70F55C4224FE508006DBB0E /* BubbleTabBarController.swift */,
				C70F55C3224FE508006DBB0E /* CBTabBarButton.swift */,
			);
			path = TabBar;
			sourceTree = "<group>";
		};
		C70F55D422502978006DBB0E /* Social */ = {
			isa = PBXGroup;
			children = (
				C70F55D9225029CC006DBB0E /* Cells */,
				C70F55D5225029AE006DBB0E /* SocialMainViewController.swift */,
				C70F55D7225029C4006DBB0E /* SocialShareDetailViewController.swift */,
			);
			path = Social;
			sourceTree = "<group>";
		};
		C70F55D9225029CC006DBB0E /* Cells */ = {
			isa = PBXGroup;
			children = (
				C70F55DA225029EC006DBB0E /* SocialMainBestMemoryCell.swift */,
				C70F55DC22502A05006DBB0E /* SocialMainShareCell.swift */,
				C70F55DE22502A18006DBB0E /* SocialShareCommentCell.swift */,
			);
			path = Cells;
			sourceTree = "<group>";
		};
		C7403AE72091767D00099119 /* Word */ = {
			isa = PBXGroup;
			children = (
				C7403AEA209176D800099119 /* WordMainViewController.swift */,
				C7742BA722433B3500925081 /* Card */,
				C7C117832245455A0084C799 /* WordCard */,
				C7BF8C632246100D0037FD68 /* Memory */,
			);
			path = Word;
			sourceTree = "<group>";
		};
		C74CEFCB208C899F002765D6 = {
			isa = PBXGroup;
			children = (
				B13393B220A8F78D00F34525 /* .gitignore */,
				B124047220A8CD90005EAE4F /* Cartfile */,
				C74CEFD6208C899F002765D6 /* App */,
				C74CEFD5208C899F002765D6 /* Products */,
				702F24C22323D91C0487792D /* Frameworks */,
			);
			sourceTree = "<group>";
		};
		C74CEFD5208C899F002765D6 /* Products */ = {
			isa = PBXGroup;
			children = (
				C74CEFD4208C899F002765D6 /* app.app */,
			);
			name = Products;
			sourceTree = "<group>";
		};
		C74CEFD6208C899F002765D6 /* App */ = {
			isa = PBXGroup;
			children = (
				C77043AC223DFFDC00B91831 /* Views */,
				C7FC18912239E178007172ED /* Services */,
				C759AD7A221EDB1E00166B2A /* Pages */,
				B143AF8720A4704F003341A3 /* Models */,
				B143AF9220A4704F003341A3 /* Utils */,
				C78217BB209BC1CF00C19E2F /* Resources */,
				C7C1E3262098058500C909D7 /* app.entitlements */,
				C7BF8C5A224546D60037FD68 /* UIConsts.swift */,
				C74CEFD7208C899F002765D6 /* AppDelegate.swift */,
				C74CEFE1208C89A1002765D6 /* Assets.xcassets */,
				C74CEFDB208C899F002765D6 /* Main.storyboard */,
				C74CEFE3208C89A1002765D6 /* LaunchScreen.storyboard */,
				C74CEFE6208C89A1002765D6 /* Info.plist */,
				C74CEFDE208C899F002765D6 /* app.xcdatamodeld */,
			);
			path = App;
			sourceTree = "<group>";
		};
		C759AD7A221EDB1E00166B2A /* Pages */ = {
			isa = PBXGroup;
			children = (
				C70F55D422502978006DBB0E /* Social */,
				C70F55C1224FE4F0006DBB0E /* TabBar */,
				C77043C0223E52EB00B91831 /* Auth */,
				C759AD7D221EEA6300166B2A /* Guide */,
				C78ECA942206E51E001909C3 /* Store */,
				C7403AE72091767D00099119 /* Word */,
				C7C1E2FF2098016D00C909D7 /* Book */,
				C757D2CE2247C1140050E0A2 /* NavigationController.swift */,
				C70F55BC224FCD4D006DBB0E /* TabBarViewController.swift */,
			);
			path = Pages;
			sourceTree = "<group>";
		};
		C759AD7D221EEA6300166B2A /* Guide */ = {
			isa = PBXGroup;
			children = (
				C7B2624F224BFC0600ED5333 /* Cards */,
				C759AD7E221EEA9400166B2A /* GuideMainViewController.swift */,
				C7B2624B224BF6FC00ED5333 /* GuideCard.swift */,
			);
			path = Guide;
			sourceTree = "<group>";
		};
		C77043AC223DFFDC00B91831 /* Views */ = {
			isa = PBXGroup;
			children = (
				C7D5F508224CC98F00E7A40A /* RoundOptionCell.swift */,
				C7C117732244D8930084C799 /* InputFormView.swift */,
				C7C117712244D05D0084C799 /* FeedbackBulletPage.swift */,
				C7D915C82240FAA60073E860 /* HorizontalPageLayout.swift */,
				C783AAB722420C0200D0D7BB /* SelfSizedTableView.swift */,
				C7C11762224489F90084C799 /* LineTextField.swift */,
				C7C11764224494CB0084C799 /* RoundButton.swift */,
				C77043AE223E0E4A00B91831 /* CircleBarView.swift */,
				C7C117752244DC8E0084C799 /* LineInputField.swift */,
				C7C11779224526AA0084C799 /* PaddingMarginView.swift */,
				C7BF8C5D2245D8BC0037FD68 /* MultilineLabel.swift */,
				C77043AA223DFFD400B91831 /* BookListTableViewCell.swift */,
				C757D2D02247D5A10050E0A2 /* ContentTypeIconView.swift */,
				C757D2DD2247F9750050E0A2 /* ShadowView.swift */,
			);
			path = Views;
			sourceTree = "<group>";
		};
		C77043C0223E52EB00B91831 /* Auth */ = {
			isa = PBXGroup;
			children = (
				C77043C3223E530300B91831 /* LoginViewController.swift */,
			);
			path = Auth;
			sourceTree = "<group>";
		};
		C7742BA722433B3500925081 /* Card */ = {
			isa = PBXGroup;
			children = (
				C7742BAA22433B4500925081 /* CardView.swift */,
				C7742BAC22433BEE00925081 /* CardSlider.swift */,
				C7742BAE22436A6D00925081 /* CardOptionIndicator.swift */,
			);
			path = Card;
			sourceTree = "<group>";
		};
		C78217BB209BC1CF00C19E2F /* Resources */ = {
			isa = PBXGroup;
			children = (
				C77A4301225565F700B4661D /* dict.db */,
			);
			path = Resources;
			sourceTree = "<group>";
		};
		C78ECA942206E51E001909C3 /* Store */ = {
			isa = PBXGroup;
			children = (
				C7E242EA224721CB000892D0 /* Tabs */,
				C7E242E522472185000892D0 /* Detail */,
				C78ECA9A2206E57F001909C3 /* StoreMainViewController.swift */,
				C757D2C62247A7450050E0A2 /* BookShopTableViewCell.swift */,
			);
			path = Store;
			sourceTree = "<group>";
		};
		C7B2624F224BFC0600ED5333 /* Cards */ = {
			isa = PBXGroup;
			children = (
				C70F55CA22500779006DBB0E /* GuideTargetBookView.swift */,
				C70F55CC225008D0006DBB0E /* GuideProgressView.swift */,
				C70F55CE2250094A006DBB0E /* GuideWordCardView.swift */,
				C70F55D022500959006DBB0E /* GuideRecommendedBookView.swift */,
				C70F55D222501596006DBB0E /* GuideRecommendedBookCell.swift */,
			);
			path = Cards;
			sourceTree = "<group>";
		};
		C7BF8C58224545A80037FD68 /* Dict */ = {
			isa = PBXGroup;
			children = (
				C7FA5427223476BD006F94C7 /* DictViewController.swift */,
			);
			path = Dict;
			sourceTree = "<group>";
		};
		C7BF8C59224545BE0037FD68 /* Sens */ = {
			isa = PBXGroup;
			children = (
				C783AAB92242332500D0D7BB /* SwipeSubmitScreen.swift */,
				C783AAB52241E0CB00D0D7BB /* SensMainViewController.swift */,
				C7D915C12240DF8F0073E860 /* SensCollectionViewCell.swift */,
			);
			path = Sens;
			sourceTree = "<group>";
		};
		C7BF8C632246100D0037FD68 /* Memory */ = {
			isa = PBXGroup;
			children = (
				C7BF8C642246102A0037FD68 /* MemoryBulletPage.swift */,
				C7BF8C66224613740037FD68 /* MemoryBulletPageManager.swift */,
				C7BF8C682246301A0037FD68 /* MemoryCloudCell.swift */,
				C7BF8C6A224632BB0037FD68 /* MemoryCloudViewController.swift */,
			);
			path = Memory;
			sourceTree = "<group>";
		};
		C7C117832245455A0084C799 /* WordCard */ = {
			isa = PBXGroup;
			children = (
				C7C1177B22453CE10084C799 /* MemoryButton.swift */,
				C7742BB42243953D00925081 /* WordCardTableViewCell.swift */,
				C7742BB62243967A00925081 /* WordCardExampleTableViewCell.swift */,
				C7C1177F224544E70084C799 /* WordCardView.swift */,
				C7C117812245450E0084C799 /* WordCardBackView.swift */,
				C7742BB022437B4900925081 /* WordCardViewController.swift */,
			);
			path = WordCard;
			sourceTree = "<group>";
		};
		C7C1E2FF2098016D00C909D7 /* Book */ = {
			isa = PBXGroup;
			children = (
				C757D2C12247A1D80050E0A2 /* BookMainTableViewCell.swift */,
				C7C63E91209905900093CC02 /* BookMainViewController.swift */,
				C7D915C42240E2D50073E860 /* EpubViewControllerExtension.swift */,
				C7BF8C59224545BE0037FD68 /* Sens */,
				C7BF8C58224545A80037FD68 /* Dict */,
			);
			path = Book;
			sourceTree = "<group>";
		};
		C7C63EAA209946A50093CC02 /* Products */ = {
			isa = PBXGroup;
			children = (
				C7C63EAF209946A50093CC02 /* FolioReaderKit.framework */,
				C7C63EB1209946A50093CC02 /* FolioReaderKitTests.xctest */,
			);
			name = Products;
			sourceTree = "<group>";
		};
		C7E242E522472185000892D0 /* Detail */ = {
			isa = PBXGroup;
			children = (
				C7E242E8224721A5000892D0 /* StoreBookDetailViewController.swift */,
				C7CF0057224D191700524D80 /* StoreBookDetailReviewCell.swift */,
			);
			path = Detail;
			sourceTree = "<group>";
		};
		C7E242EA224721CB000892D0 /* Tabs */ = {
			isa = PBXGroup;
			children = (
				C742DD8A2209567A00CD737A /* SearchHomeViewController.swift */,
				C742DD8E2209568800CD737A /* SearchResultViewController.swift */,
			);
			path = Tabs;
			sourceTree = "<group>";
		};
		C7FC18912239E178007172ED /* Services */ = {
			isa = PBXGroup;
			children = (
				B143AF8B20A4704F003341A3 /* DictService.swift */,
				C7FC18942239E4E5007172ED /* API.swift */,
				C7FC18AE223A12DD007172ED /* APIService.swift */,
				C7FC18B4223A346D007172ED /* ReachabilityService.swift */,
				C7FC18B8223A364E007172ED /* RealmService.swift */,
				C77043B2223E214700B91831 /* ContentService.swift */,
				C7C117662244A4920084C799 /* AlertService.swift */,
				C7CF005B224D293800524D80 /* EventLogService.swift */,
			);
			path = Services;
			sourceTree = "<group>";
		};
		C7FC18BC223A457F007172ED /* Dict */ = {
			isa = PBXGroup;
			children = (
				B143AF9120A4704F003341A3 /* DictDefinition.swift */,
				B143AF8F20A4704F003341A3 /* DictEntry.swift */,
				B143AF8E20A4704F003341A3 /* POS.swift */,
			);
			path = Dict;
			sourceTree = "<group>";
		};
/* End PBXGroup section */

/* Begin PBXNativeTarget section */
		C74CEFD3208C899F002765D6 /* app */ = {
			isa = PBXNativeTarget;
			buildConfigurationList = C74CEFE9208C89A1002765D6 /* Build configuration list for PBXNativeTarget "app" */;
			buildPhases = (
				C74CEFD0208C899F002765D6 /* Sources */,
				C74CEFD1208C899F002765D6 /* Frameworks */,
				C74CEFD2208C899F002765D6 /* Resources */,
				C7C57B22208E96D300C992CF /* Embed App Extensions */,
				C7E2431722473C40000892D0 /* ShellScript */,
				C7F1DA5F22492DC100E1AF84 /* Embed Frameworks */,
			);
			buildRules = (
			);
			dependencies = (
				C7F1DA5E22492DC000E1AF84 /* PBXTargetDependency */,
			);
			name = app;
			productName = app;
			productReference = C74CEFD4208C899F002765D6 /* app.app */;
			productType = "com.apple.product-type.application";
		};
/* End PBXNativeTarget section */

/* Begin PBXProject section */
		C74CEFCC208C899F002765D6 /* Project object */ = {
			isa = PBXProject;
			attributes = {
				LastSwiftUpdateCheck = 0930;
				LastUpgradeCheck = 0930;
				ORGANIZATIONNAME = sunho;
				TargetAttributes = {
					C74CEFD3208C899F002765D6 = {
						CreatedOnToolsVersion = 9.3;
						LastSwiftMigration = 1010;
						SystemCapabilities = {
							com.apple.ApplicationGroups.iOS = {
								enabled = 1;
							};
						};
					};
				};
			};
			buildConfigurationList = C74CEFCF208C899F002765D6 /* Build configuration list for PBXProject "app" */;
			compatibilityVersion = "Xcode 9.3";
			developmentRegion = en;
			hasScannedForEncodings = 0;
			knownRegions = (
				Base,
			);
			mainGroup = C74CEFCB208C899F002765D6;
			productRefGroup = C74CEFD5208C899F002765D6 /* Products */;
			projectDirPath = "";
			projectReferences = (
				{
					ProductGroup = C7C63EAA209946A50093CC02 /* Products */;
					ProjectRef = C7C63EA9209946A50093CC02 /* FolioReaderKit.xcodeproj */;
				},
			);
			projectRoot = "";
			targets = (
				C74CEFD3208C899F002765D6 /* app */,
			);
		};
/* End PBXProject section */

/* Begin PBXReferenceProxy section */
		C7C63EAF209946A50093CC02 /* FolioReaderKit.framework */ = {
			isa = PBXReferenceProxy;
			fileType = wrapper.framework;
			path = FolioReaderKit.framework;
			remoteRef = C7C63EAE209946A50093CC02 /* PBXContainerItemProxy */;
			sourceTree = BUILT_PRODUCTS_DIR;
		};
		C7C63EB1209946A50093CC02 /* FolioReaderKitTests.xctest */ = {
			isa = PBXReferenceProxy;
			fileType = wrapper.cfbundle;
			path = FolioReaderKitTests.xctest;
			remoteRef = C7C63EB0209946A50093CC02 /* PBXContainerItemProxy */;
			sourceTree = BUILT_PRODUCTS_DIR;
		};
/* End PBXReferenceProxy section */

/* Begin PBXResourcesBuildPhase section */
		C74CEFD2208C899F002765D6 /* Resources */ = {
			isa = PBXResourcesBuildPhase;
			buildActionMask = 2147483647;
			files = (
				B124047520A8CD90005EAE4F /* Cartfile in Resources */,
				C74CEFE5208C89A1002765D6 /* LaunchScreen.storyboard in Resources */,
				C74CEFE2208C89A1002765D6 /* Assets.xcassets in Resources */,
				C77A4302225565F700B4661D /* dict.db in Resources */,
				B13393B320A8F78D00F34525 /* .gitignore in Resources */,
				C71C5371226A0A6D009197F6 /* GoogleSignIn.bundle in Resources */,
				C74CEFDD208C899F002765D6 /* Main.storyboard in Resources */,
			);
			runOnlyForDeploymentPostprocessing = 0;
		};
/* End PBXResourcesBuildPhase section */

/* Begin PBXShellScriptBuildPhase section */
		C7E2431722473C40000892D0 /* ShellScript */ = {
			isa = PBXShellScriptBuildPhase;
			buildActionMask = 2147483647;
			files = (
			);
			inputFileListPaths = (
			);
			inputPaths = (
				"$(SRCROOT)/Carthage/Build/iOS/QuickLayout.framework",
				"$(SRCROOT)/Carthage/Build/iOS/Reachability.framework",
				"$(SRCROOT)/Carthage/Build/iOS/SwiftEntryKit.framework",
				"$(SRCROOT)/Carthage/Build/iOS/SQLite.framework",
				"$(SRCROOT)/FolioReaderKit/Carthage/Build/iOS/FontBlaster.framework",
				"$(SRCROOT)/Carthage/Build/iOS/Realm.framework",
				"$(SRCROOT)/Carthage/Build/iOS/Cosmos.framework",
				"$(SRCROOT)/Carthage/Build/iOS/IQKeyboardManagerSwift.framework",
				"$(SRCROOT)/Carthage/Build/iOS/Kingfisher.framework",
				"$(SRCROOT)/Carthage/Build/iOS/Moya.framework",
				"$(SRCROOT)/Carthage/Build/iOS/ReactiveMoya.framework",
				"$(SRCROOT)/Carthage/Build/iOS/ReactiveSwift.framework",
				"$(SRCROOT)/Carthage/Build/iOS/Regex.framework",
				"$(SRCROOT)/Carthage/Build/iOS/Result.framework",
				"$(SRCROOT)/Carthage/Build/iOS/SnapKit.framework",
				"$(SRCROOT)/Carthage/Build/iOS/Alamofire.framework",
				"$(SRCROOT)/Carthage/Build/iOS/BLTNBoard.framework",
				"$(SRCROOT)/Carthage/Build/iOS/CHIPageControl.framework",
				"$(SRCROOT)/FolioReaderKit/Carthage/Build/iOS/AEXML.framework",
				"$(SRCROOT)/FolioReaderKit/Carthage/Build/iOS/MenuItemKit.framework",
				"$(SRCROOT)/FolioReaderKit/Carthage/Build/iOS/ZFDragableModalTransition.framework",
				"$(SRCROOT)/FolioReaderKit/Carthage/Build/iOS/ZipArchive.framework",
				"$(SRCROOT)/Carthage/Build/iOS/RealmSwift.framework",
				"$(SRCROOT)/Carthage/Build/iOS/OAuthSwift.framework",
			);
			outputFileListPaths = (
			);
			outputPaths = (
				"$(BUILT_PRODUCTS_DIR)/$(FRAMEWORKS_FOLDER_PATH)/QuickLayout.framework",
				"$(BUILT_PRODUCTS_DIR)/$(FRAMEWORKS_FOLDER_PATH)/Reachability.framework",
				"$(BUILT_PRODUCTS_DIR)/$(FRAMEWORKS_FOLDER_PATH)/SwiftEntryKit.framework",
				"$(BUILT_PRODUCTS_DIR)/$(FRAMEWORKS_FOLDER_PATH)/SQLite.framework",
				"$(BUILT_PRODUCTS_DIR)/$(FRAMEWORKS_FOLDER_PATH)/FontBlaster.framework",
				"$(BUILT_PRODUCTS_DIR)/$(FRAMEWORKS_FOLDER_PATH)/Realm.framework",
				"$(BUILT_PRODUCTS_DIR)/$(FRAMEWORKS_FOLDER_PATH)/Cosmos.framework",
				"$(BUILT_PRODUCTS_DIR)/$(FRAMEWORKS_FOLDER_PATH)/IQKeyboardManagerSwift.framework",
				"$(BUILT_PRODUCTS_DIR)/$(FRAMEWORKS_FOLDER_PATH)/Kingfisher.framework",
				"$(BUILT_PRODUCTS_DIR)/$(FRAMEWORKS_FOLDER_PATH)/Moya.framework",
				"$(BUILT_PRODUCTS_DIR)/$(FRAMEWORKS_FOLDER_PATH)/ReactiveMoya.framework",
				"$(BUILT_PRODUCTS_DIR)/$(FRAMEWORKS_FOLDER_PATH)/ReactiveSwift.framework",
				"$(BUILT_PRODUCTS_DIR)/$(FRAMEWORKS_FOLDER_PATH)/Regex.framework",
				"$(BUILT_PRODUCTS_DIR)/$(FRAMEWORKS_FOLDER_PATH)/Result.framework",
				"$(BUILT_PRODUCTS_DIR)/$(FRAMEWORKS_FOLDER_PATH)/SnapKit.framework",
				"$(BUILT_PRODUCTS_DIR)/$(FRAMEWORKS_FOLDER_PATH)/Alamofire.framework",
				"$(BUILT_PRODUCTS_DIR)/$(FRAMEWORKS_FOLDER_PATH)/BLTNBoard.framework",
				"$(BUILT_PRODUCTS_DIR)/$(FRAMEWORKS_FOLDER_PATH)/CHIPageControl.framework",
				"$(BUILT_PRODUCTS_DIR)/$(FRAMEWORKS_FOLDER_PATH)/AEXML.framework",
				"$(BUILT_PRODUCTS_DIR)/$(FRAMEWORKS_FOLDER_PATH)/MenuItemKit.framework",
				"$(BUILT_PRODUCTS_DIR)/$(FRAMEWORKS_FOLDER_PATH)/ZFDragableModalTransition.framework",
				"$(BUILT_PRODUCTS_DIR)/$(FRAMEWORKS_FOLDER_PATH)/ZipArchive.framework",
				"$(BUILT_PRODUCTS_DIR)/$(FRAMEWORKS_FOLDER_PATH)/RealmSwift.framework",
				"$(BUILT_PRODUCTS_DIR)/$(FRAMEWORKS_FOLDER_PATH)/OAuthSwift.framework",
			);
			runOnlyForDeploymentPostprocessing = 0;
			shellPath = /bin/sh;
			shellScript = "/usr/local/bin/carthage copy-frameworks \n";
		};
/* End PBXShellScriptBuildPhase section */

/* Begin PBXSourcesBuildPhase section */
		C74CEFD0208C899F002765D6 /* Sources */ = {
			isa = PBXSourcesBuildPhase;
			buildActionMask = 2147483647;
			files = (
				C7C1177822450C310084C799 /* SentenceUtil.swift in Sources */,
				C7C11765224494CB0084C799 /* RoundButton.swift in Sources */,
				C77043B5223E219E00B91831 /* Content.swift in Sources */,
				C77043AF223E0E4A00B91831 /* CircleBarView.swift in Sources */,
				C7E242E9224721A5000892D0 /* StoreBookDetailViewController.swift in Sources */,
				C7D5F509224CC98F00E7A40A /* RoundOptionCell.swift in Sources */,
				C742DD8B2209567A00CD737A /* SearchHomeViewController.swift in Sources */,
				C70F55DD22502A05006DBB0E /* SocialMainShareCell.swift in Sources */,
				B143B05B20A47617003341A3 /* UIUtil.swift in Sources */,
				C7C117722244D05D0084C799 /* FeedbackBulletPage.swift in Sources */,
				C70F55DF22502A18006DBB0E /* SocialShareCommentCell.swift in Sources */,
				C7FC18952239E4E5007172ED /* API.swift in Sources */,
				C7FC18A52239F0F9007172ED /* RecommendInfo.swift in Sources */,
				C70F55D6225029AE006DBB0E /* SocialMainViewController.swift in Sources */,
				C70F55DB225029EC006DBB0E /* SocialMainBestMemoryCell.swift in Sources */,
				C7742BAD22433BEE00925081 /* CardSlider.swift in Sources */,
				C70F55D322501596006DBB0E /* GuideRecommendedBookCell.swift in Sources */,
				C7FC18AD223A014A007172ED /* Result.swift in Sources */,
				C70F55C6224FE508006DBB0E /* CBTabBarButton.swift in Sources */,
				C7BF8C67224613740037FD68 /* MemoryBulletPageManager.swift in Sources */,
				C7742BAB22433B4500925081 /* CardView.swift in Sources */,
				C7C63E92209905900093CC02 /* BookMainViewController.swift in Sources */,
				C7BF8C6B224632BB0037FD68 /* MemoryCloudViewController.swift in Sources */,
				C7C1177C22453CE10084C799 /* MemoryButton.swift in Sources */,
				C7FC18A12239EEE9007172ED /* Category.swift in Sources */,
				C70F55C5224FE508006DBB0E /* BubbleTabBar.swift in Sources */,
				C757D2C22247A1D80050E0A2 /* BookMainTableViewCell.swift in Sources */,
				C7C117762244DC8E0084C799 /* LineInputField.swift in Sources */,
				C757D2DE2247F9750050E0A2 /* ShadowView.swift in Sources */,
				C77043C4223E530300B91831 /* LoginViewController.swift in Sources */,
				C7B2624C224BF6FC00ED5333 /* GuideCard.swift in Sources */,
				B143B05820A47617003341A3 /* IPA.swift in Sources */,
				C7C117672244A4920084C799 /* AlertService.swift in Sources */,
				C7FC18B7223A360D007172ED /* Config.swift in Sources */,
				C7FC18AB223A0139007172ED /* Progress.swift in Sources */,
				C77043AB223DFFD400B91831 /* BookListTableViewCell.swift in Sources */,
				C7742BB322438D8500925081 /* UnknownWord.swift in Sources */,
				C7742BAF22436A6D00925081 /* CardOptionIndicator.swift in Sources */,
				C7FC18B5223A346D007172ED /* ReachabilityService.swift in Sources */,
				C70F55D8225029C4006DBB0E /* SocialShareDetailViewController.swift in Sources */,
				C7D915C52240E2D50073E860 /* EpubViewControllerExtension.swift in Sources */,
				C7CF0058224D191700524D80 /* StoreBookDetailReviewCell.swift in Sources */,
				B143B04F20A47613003341A3 /* DictService.swift in Sources */,
				B143B05520A47613003341A3 /* DictDefinition.swift in Sources */,
				C7D915C92240FAA60073E860 /* HorizontalPageLayout.swift in Sources */,
				C7FC18BB223A3C45007172ED /* GoraniError.swift in Sources */,
				C7742BB122437B4900925081 /* WordCardViewController.swift in Sources */,
				C70F55BD224FCD4D006DBB0E /* TabBarViewController.swift in Sources */,
				C70F55E122502A3B006DBB0E /* Share.swift in Sources */,
				C7742BB52243953D00925081 /* WordCardTableViewCell.swift in Sources */,
				C7C117742244D8930084C799 /* InputFormView.swift in Sources */,
				C7403AEB209176D800099119 /* WordMainViewController.swift in Sources */,
				B143B05720A47617003341A3 /* Helper.swift in Sources */,
				C7FC18B9223A364E007172ED /* RealmService.swift in Sources */,
				C74CEFD8208C899F002765D6 /* AppDelegate.swift in Sources */,
				C7BF8C692246301A0037FD68 /* MemoryCloudCell.swift in Sources */,
				C7BF8C652246102A0037FD68 /* MemoryBulletPage.swift in Sources */,
				C7CF005C224D293800524D80 /* EventLogService.swift in Sources */,
				C7FC188F2239D748007172ED /* Book.swift in Sources */,
				C78ECA9B2206E57F001909C3 /* StoreMainViewController.swift in Sources */,
				C7D915C22240DF8F0073E860 /* SensCollectionViewCell.swift in Sources */,
				B143B05220A47613003341A3 /* POS.swift in Sources */,
				C70F55C7224FE508006DBB0E /* BubbleTabBarController.swift in Sources */,
				C70F55D122500959006DBB0E /* GuideRecommendedBookView.swift in Sources */,
				C7FC18AF223A12DD007172ED /* APIService.swift in Sources */,
				B143B05320A47613003341A3 /* DictEntry.swift in Sources */,
				C757D2D32247D7690050E0A2 /* Notification.swift in Sources */,
				C783AABA2242332500D0D7BB /* SwipeSubmitScreen.swift in Sources */,
				B143B04C20A47613003341A3 /* Sens.swift in Sources */,
				C7C11763224489F90084C799 /* LineTextField.swift in Sources */,
				C70F55CD225008D0006DBB0E /* GuideProgressView.swift in Sources */,
				C70F55CF2250094A006DBB0E /* GuideWordCardView.swift in Sources */,
				C7BF8C5E2245D8BC0037FD68 /* MultilineLabel.swift in Sources */,
				C757D2D12247D5A10050E0A2 /* ContentTypeIconView.swift in Sources */,
				B143B05A20A47617003341A3 /* Verb.swift in Sources */,
				C70F55E322502B2B006DBB0E /* Post.swift in Sources */,
				B143B05620A47617003341A3 /* FileUtil.swift in Sources */,
				C742DD8F2209568800CD737A /* SearchResultViewController.swift in Sources */,
				C7FC18A32239F07F007172ED /* Review.swift in Sources */,
				C7742BB72243967A00925081 /* WordCardExampleTableViewCell.swift in Sources */,
				C70CD181226621BA00D38AB9 /* RecommendedBook.swift in Sources */,
				C757D2C72247A7450050E0A2 /* BookShopTableViewCell.swift in Sources */,
				C77043B3223E214700B91831 /* ContentService.swift in Sources */,
				C70F55CB22500779006DBB0E /* GuideTargetBookView.swift in Sources */,
				C7FC18A72239F1F7007172ED /* Memory.swift in Sources */,
				C7BF8C5B224546D60037FD68 /* UIConsts.swift in Sources */,
				C759AD7F221EEA9400166B2A /* GuideMainViewController.swift in Sources */,
				C783AAB62241E0CB00D0D7BB /* SensMainViewController.swift in Sources */,
				C757D2CF2247C1140050E0A2 /* NavigationController.swift in Sources */,
				C7C11780224544E70084C799 /* WordCardView.swift in Sources */,
				C74CEFE0208C899F002765D6 /* app.xcdatamodeld in Sources */,
				C7CF0053224CF56300524D80 /* EventLog.swift in Sources */,
				C7FA5428223476BD006F94C7 /* DictViewController.swift in Sources */,
				C7C1177A224526AA0084C799 /* PaddingMarginView.swift in Sources */,
				C7C117822245450E0084C799 /* WordCardBackView.swift in Sources */,
				C783AAB822420C0200D0D7BB /* SelfSizedTableView.swift in Sources */,
			);
			runOnlyForDeploymentPostprocessing = 0;
		};
/* End PBXSourcesBuildPhase section */

/* Begin PBXTargetDependency section */
		C7F1DA5E22492DC000E1AF84 /* PBXTargetDependency */ = {
			isa = PBXTargetDependency;
			name = FolioReaderKit;
			targetProxy = C7F1DA5D22492DC000E1AF84 /* PBXContainerItemProxy */;
		};
/* End PBXTargetDependency section */

/* Begin PBXVariantGroup section */
		C74CEFDB208C899F002765D6 /* Main.storyboard */ = {
			isa = PBXVariantGroup;
			children = (
				C78217C7209BD32700C19E2F /* Base */,
			);
			name = Main.storyboard;
			sourceTree = "<group>";
		};
		C74CEFE3208C89A1002765D6 /* LaunchScreen.storyboard */ = {
			isa = PBXVariantGroup;
			children = (
				C78217C8209BD32700C19E2F /* Base */,
			);
			name = LaunchScreen.storyboard;
			sourceTree = "<group>";
		};
/* End PBXVariantGroup section */

/* Begin XCBuildConfiguration section */
		C74CEFE7208C89A1002765D6 /* Debug */ = {
			isa = XCBuildConfiguration;
			buildSettings = {
				ALWAYS_SEARCH_USER_PATHS = NO;
				CLANG_ANALYZER_LOCALIZABILITY_NONLOCALIZED = YES;
				CLANG_ANALYZER_NONNULL = YES;
				CLANG_ANALYZER_NUMBER_OBJECT_CONVERSION = YES_AGGRESSIVE;
				CLANG_CXX_LANGUAGE_STANDARD = "gnu++14";
				CLANG_CXX_LIBRARY = "libc++";
				CLANG_ENABLE_MODULES = YES;
				CLANG_ENABLE_OBJC_ARC = YES;
				CLANG_ENABLE_OBJC_WEAK = YES;
				CLANG_WARN_BLOCK_CAPTURE_AUTORELEASING = YES;
				CLANG_WARN_BOOL_CONVERSION = YES;
				CLANG_WARN_COMMA = YES;
				CLANG_WARN_CONSTANT_CONVERSION = YES;
				CLANG_WARN_DEPRECATED_OBJC_IMPLEMENTATIONS = YES;
				CLANG_WARN_DIRECT_OBJC_ISA_USAGE = YES_ERROR;
				CLANG_WARN_DOCUMENTATION_COMMENTS = YES;
				CLANG_WARN_EMPTY_BODY = YES;
				CLANG_WARN_ENUM_CONVERSION = YES;
				CLANG_WARN_INFINITE_RECURSION = YES;
				CLANG_WARN_INT_CONVERSION = YES;
				CLANG_WARN_NON_LITERAL_NULL_CONVERSION = YES;
				CLANG_WARN_OBJC_IMPLICIT_RETAIN_SELF = YES;
				CLANG_WARN_OBJC_LITERAL_CONVERSION = YES;
				CLANG_WARN_OBJC_ROOT_CLASS = YES_ERROR;
				CLANG_WARN_RANGE_LOOP_ANALYSIS = YES;
				CLANG_WARN_STRICT_PROTOTYPES = YES;
				CLANG_WARN_SUSPICIOUS_MOVE = YES;
				CLANG_WARN_UNGUARDED_AVAILABILITY = YES_AGGRESSIVE;
				CLANG_WARN_UNREACHABLE_CODE = YES;
				CLANG_WARN__DUPLICATE_METHOD_MATCH = YES;
				CODE_SIGN_IDENTITY = "iPhone Developer";
				COPY_PHASE_STRIP = NO;
				DEBUG_INFORMATION_FORMAT = dwarf;
				ENABLE_STRICT_OBJC_MSGSEND = YES;
				ENABLE_TESTABILITY = YES;
				GCC_C_LANGUAGE_STANDARD = gnu11;
				GCC_DYNAMIC_NO_PIC = NO;
				GCC_NO_COMMON_BLOCKS = YES;
				GCC_OPTIMIZATION_LEVEL = 0;
				GCC_PREPROCESSOR_DEFINITIONS = (
					"DEBUG=1",
					"$(inherited)",
				);
				GCC_WARN_64_TO_32_BIT_CONVERSION = YES;
				GCC_WARN_ABOUT_RETURN_TYPE = YES_ERROR;
				GCC_WARN_UNDECLARED_SELECTOR = YES;
				GCC_WARN_UNINITIALIZED_AUTOS = YES_AGGRESSIVE;
				GCC_WARN_UNUSED_FUNCTION = YES;
				GCC_WARN_UNUSED_VARIABLE = YES;
				IPHONEOS_DEPLOYMENT_TARGET = 11.3;
				MACH_O_TYPE = mh_execute;
				MTL_ENABLE_DEBUG_INFO = YES;
				ONLY_ACTIVE_ARCH = YES;
				SDKROOT = iphoneos;
				SWIFT_ACTIVE_COMPILATION_CONDITIONS = DEBUG;
				SWIFT_OPTIMIZATION_LEVEL = "-Onone";
			};
			name = Debug;
		};
		C74CEFE8208C89A1002765D6 /* Release */ = {
			isa = XCBuildConfiguration;
			buildSettings = {
				ALWAYS_SEARCH_USER_PATHS = NO;
				CLANG_ANALYZER_LOCALIZABILITY_NONLOCALIZED = YES;
				CLANG_ANALYZER_NONNULL = YES;
				CLANG_ANALYZER_NUMBER_OBJECT_CONVERSION = YES_AGGRESSIVE;
				CLANG_CXX_LANGUAGE_STANDARD = "gnu++14";
				CLANG_CXX_LIBRARY = "libc++";
				CLANG_ENABLE_MODULES = YES;
				CLANG_ENABLE_OBJC_ARC = YES;
				CLANG_ENABLE_OBJC_WEAK = YES;
				CLANG_WARN_BLOCK_CAPTURE_AUTORELEASING = YES;
				CLANG_WARN_BOOL_CONVERSION = YES;
				CLANG_WARN_COMMA = YES;
				CLANG_WARN_CONSTANT_CONVERSION = YES;
				CLANG_WARN_DEPRECATED_OBJC_IMPLEMENTATIONS = YES;
				CLANG_WARN_DIRECT_OBJC_ISA_USAGE = YES_ERROR;
				CLANG_WARN_DOCUMENTATION_COMMENTS = YES;
				CLANG_WARN_EMPTY_BODY = YES;
				CLANG_WARN_ENUM_CONVERSION = YES;
				CLANG_WARN_INFINITE_RECURSION = YES;
				CLANG_WARN_INT_CONVERSION = YES;
				CLANG_WARN_NON_LITERAL_NULL_CONVERSION = YES;
				CLANG_WARN_OBJC_IMPLICIT_RETAIN_SELF = YES;
				CLANG_WARN_OBJC_LITERAL_CONVERSION = YES;
				CLANG_WARN_OBJC_ROOT_CLASS = YES_ERROR;
				CLANG_WARN_RANGE_LOOP_ANALYSIS = YES;
				CLANG_WARN_STRICT_PROTOTYPES = YES;
				CLANG_WARN_SUSPICIOUS_MOVE = YES;
				CLANG_WARN_UNGUARDED_AVAILABILITY = YES_AGGRESSIVE;
				CLANG_WARN_UNREACHABLE_CODE = YES;
				CLANG_WARN__DUPLICATE_METHOD_MATCH = YES;
				CODE_SIGN_IDENTITY = "iPhone Developer";
				COPY_PHASE_STRIP = NO;
				DEBUG_INFORMATION_FORMAT = "dwarf-with-dsym";
				ENABLE_NS_ASSERTIONS = NO;
				ENABLE_STRICT_OBJC_MSGSEND = YES;
				GCC_C_LANGUAGE_STANDARD = gnu11;
				GCC_NO_COMMON_BLOCKS = YES;
				GCC_WARN_64_TO_32_BIT_CONVERSION = YES;
				GCC_WARN_ABOUT_RETURN_TYPE = YES_ERROR;
				GCC_WARN_UNDECLARED_SELECTOR = YES;
				GCC_WARN_UNINITIALIZED_AUTOS = YES_AGGRESSIVE;
				GCC_WARN_UNUSED_FUNCTION = YES;
				GCC_WARN_UNUSED_VARIABLE = YES;
				IPHONEOS_DEPLOYMENT_TARGET = 11.3;
				MACH_O_TYPE = mh_execute;
				MTL_ENABLE_DEBUG_INFO = NO;
				SDKROOT = iphoneos;
				SWIFT_COMPILATION_MODE = wholemodule;
				SWIFT_OPTIMIZATION_LEVEL = "-O";
				VALIDATE_PRODUCT = YES;
			};
			name = Release;
		};
		C74CEFEA208C89A1002765D6 /* Debug */ = {
			isa = XCBuildConfiguration;
			buildSettings = {
				ALWAYS_EMBED_SWIFT_STANDARD_LIBRARIES = YES;
				CLANG_ENABLE_CODE_COVERAGE = YES;
				CLANG_ENABLE_MODULES = YES;
				CODE_SIGN_ENTITLEMENTS = App/app.entitlements;
				CODE_SIGN_STYLE = Automatic;
				DEVELOPMENT_TEAM = GND7ZFZ8Y8;
				ENABLE_TESTABILITY = YES;
				FRAMEWORK_SEARCH_PATHS = (
					"$(inherited)",
					"$(PROJECT_DIR)/FolioReaderKit/Carthage/Build/iOS",
					"$(PROJECT_DIR)/Carthage/Build/iOS",
					"$(PROJECT_DIR)",
					"$(PROJECT_DIR)/Carthage/Build/iOS/Static",
					"$(PROJECT_DIR)/Frameworks",
				);
				INFOPLIST_FILE = app/Info.plist;
				IPHONEOS_DEPLOYMENT_TARGET = 11.0;
				LD_RUNPATH_SEARCH_PATHS = (
					"$(inherited)",
					"@executable_path/Frameworks",
				);
				OTHER_LDFLAGS = (
					"-fprofile-instr-generate",
					"-ObjC",
				);
				PRODUCT_BUNDLE_IDENTIFIER = kim.sunho.gorani;
				PRODUCT_NAME = "$(TARGET_NAME)";
				SWIFT_OPTIMIZATION_LEVEL = "-Onone";
				SWIFT_VERSION = 4.2;
				TARGETED_DEVICE_FAMILY = 1;
			};
			name = Debug;
		};
		C74CEFEB208C89A1002765D6 /* Release */ = {
			isa = XCBuildConfiguration;
			buildSettings = {
				ALWAYS_EMBED_SWIFT_STANDARD_LIBRARIES = YES;
				CLANG_ENABLE_CODE_COVERAGE = YES;
				CLANG_ENABLE_MODULES = YES;
				CODE_SIGN_ENTITLEMENTS = App/app.entitlements;
				CODE_SIGN_STYLE = Automatic;
				DEVELOPMENT_TEAM = GND7ZFZ8Y8;
				ENABLE_TESTABILITY = NO;
				FRAMEWORK_SEARCH_PATHS = (
					"$(inherited)",
					"$(PROJECT_DIR)/FolioReaderKit/Carthage/Build/iOS",
					"$(PROJECT_DIR)/Carthage/Build/iOS",
					"$(PROJECT_DIR)",
					"$(PROJECT_DIR)/Carthage/Build/iOS/Static",
					"$(PROJECT_DIR)/Frameworks",
				);
				INFOPLIST_FILE = app/Info.plist;
				IPHONEOS_DEPLOYMENT_TARGET = 11.0;
				LD_RUNPATH_SEARCH_PATHS = (
					"$(inherited)",
					"@executable_path/Frameworks",
				);
				OTHER_LDFLAGS = (
					"-fprofile-instr-generate",
					"-ObjC",
				);
				PRODUCT_BUNDLE_IDENTIFIER = kim.sunho.gorani;
				PRODUCT_NAME = "$(TARGET_NAME)";
				SWIFT_VERSION = 4.2;
				TARGETED_DEVICE_FAMILY = 1;
			};
			name = Release;
		};
/* End XCBuildConfiguration section */

/* Begin XCConfigurationList section */
		C74CEFCF208C899F002765D6 /* Build configuration list for PBXProject "app" */ = {
			isa = XCConfigurationList;
			buildConfigurations = (
				C74CEFE7208C89A1002765D6 /* Debug */,
				C74CEFE8208C89A1002765D6 /* Release */,
			);
			defaultConfigurationIsVisible = 0;
			defaultConfigurationName = Release;
		};
		C74CEFE9208C89A1002765D6 /* Build configuration list for PBXNativeTarget "app" */ = {
			isa = XCConfigurationList;
			buildConfigurations = (
				C74CEFEA208C89A1002765D6 /* Debug */,
				C74CEFEB208C89A1002765D6 /* Release */,
			);
			defaultConfigurationIsVisible = 0;
			defaultConfigurationName = Release;
		};
/* End XCConfigurationList section */

/* Begin XCVersionGroup section */
		C74CEFDE208C899F002765D6 /* app.xcdatamodeld */ = {
			isa = XCVersionGroup;
			children = (
				C74CEFDF208C899F002765D6 /* app.xcdatamodel */,
			);
			currentVersion = C74CEFDF208C899F002765D6 /* app.xcdatamodel */;
			path = app.xcdatamodeld;
			sourceTree = "<group>";
			versionGroupType = wrapper.xcdatamodel;
		};
/* End XCVersionGroup section */
	};
	rootObject = C74CEFCC208C899F002765D6 /* Project object */;
}
